PODS:
  - OCHamcrest (1.9)
  - OCMockito (0.23):
    - OCHamcrest
  - Typhoon (1.6.8)

DEPENDENCIES:
  - OCHamcrest (~> 1.9)
  - OCMockito (~> 0.2)
  - Typhoon (from `../`)

EXTERNAL SOURCES:
  Typhoon:
    :path: ../

SPEC CHECKSUMS:
  OCHamcrest: f8393efd5a49d91879be573635d6183effacc0ab
  OCMockito: 01560fd24319b85c223e10f52e2e41fbe2c6d434
  Typhoon: 2f8b610f00eab8a447134f60ec2dc3b35eb8c1b2

COCOAPODS: 0.29.0
