PODS:
  - OCHamcrest (1.9)
  - OCMockito (0.23):
    - OCHamcrest
  - Typhoon (1.3.8)

DEPENDENCIES:
  - OCHamcrest (~> 1.9)
  - OCMockito (~> 0.2)
  - Typhoon (from `../`)

EXTERNAL SOURCES:
  Typhoon:
    :path: ../

SPEC CHECKSUMS:
  OCHamcrest: f8393efd5a49d91879be573635d6183effacc0ab
  OCMockito: 01560fd24319b85c223e10f52e2e41fbe2c6d434
  Typhoon: 8563849162f8a1a0a996ef4a7c86351ba75051b8

COCOAPODS: 0.27.1
