PODS:
  - OCHamcrest (1.9)
  - OCMockito (0.23):
    - OCHamcrest (= 1.9)
  - Typhoon (1.2.4)

DEPENDENCIES:
  - OCHamcrest (~> 1.9)
  - OCMockito (~> 0.2)
  - Typhoon (from `../`)

EXTERNAL SOURCES:
  Typhoon:
    :path: ../

SPEC CHECKSUMS:
  OCHamcrest: f8393efd5a49d91879be573635d6183effacc0ab
  OCMockito: 2223021dd82697fc536c403d6850d2ed8ffae578
  Typhoon: 2075e808b28b3760018a11c4767f6b4c0220a218

COCOAPODS: 0.22.3
