<?xml version="1.0" encoding="UTF-8"?>
<Scheme
   version = "1.3">
   <BuildAction>
      <BuildActionEntries>
         <BuildActionEntry
            buildForRunning = "YES"
            buildForTesting = "YES">
            <BuildableReference
               BuildableIdentifier = "primary"
               BlueprintIdentifier = "6B076E7D1936F5850083714E"
               BuildableName = "Typhoon-iOSTests.xctest"
               BlueprintName = "Typhoon-iOSTests"
               ReferencedContainer = "container:Typhoon.xcodeproj">
            </BuildableReference>
         </BuildActionEntry>
      </BuildActionEntries>
   </BuildAction>
   <TestAction
      buildConfiguration = "Debug">
      <Testables>
         <TestableReference>
            <BuildableReference
               BuildableIdentifier = "primary"
               BlueprintIdentifier = "6B076E7D1936F5850083714E"
               BuildableName = "Typhoon-iOSTests.xctest"
               BlueprintName = "Typhoon-iOSTests"
               ReferencedContainer = "container:Typhoon.xcodeproj">
            </BuildableReference>
         </TestableReference>
      </Testables>
   </TestAction>
   <LaunchAction
      useCustomWorkingDirectory = "NO">
   </LaunchAction>
</Scheme>
