// !$*UTF8*$!
{
	archiveVersion = 1;
	classes = {
	};
	objectVersion = 46;
	objects = {

/* Begin PBXBuildFile section */
		6B46752416894EB70049404E /* OCHamcrest.framework in Frameworks */ = {isa = PBXBuildFile; fileRef = 6B46752116894D910049404E /* OCHamcrest.framework */; };
		6B467526168950510049404E /* OCHamcrest.framework in CopyFiles */ = {isa = PBXBuildFile; fileRef = 6B46752116894D910049404E /* OCHamcrest.framework */; };
		6BA403ED168DF30600A89433 /* libxml2.dylib in Frameworks */ = {isa = PBXBuildFile; fileRef = 6BA403E9168DF13F00A89433 /* libxml2.dylib */; };
		6BA6CA5D169434C60062DA5D /* OCHamcrest.framework in Frameworks */ = {isa = PBXBuildFile; fileRef = 6BA6CA20169434C60062DA5D /* OCHamcrest.framework */; };
		6BA6CA5E169434C60062DA5D /* OCHamcrest.framework in Frameworks */ = {isa = PBXBuildFile; fileRef = 6BA6CA20169434C60062DA5D /* OCHamcrest.framework */; };
		6BA6CA5F169434C60062DA5D /* OCHamcrest.framework in Frameworks */ = {isa = PBXBuildFile; fileRef = 6BA6CA20169434C60062DA5D /* OCHamcrest.framework */; };
		6BA6CA61169434C60062DA5D /* OCLogTemplate.h in Headers */ = {isa = PBXBuildFile; fileRef = 6BA6CA22169434C60062DA5D /* OCLogTemplate.h */; };
		6BA6CA63169434C60062DA5D /* README in Resources */ = {isa = PBXBuildFile; fileRef = 6BA6CA23169434C60062DA5D /* README */; };
		6BA6CA66169434C60062DA5D /* RXMLElement.h in Headers */ = {isa = PBXBuildFile; fileRef = 6BA6CA25169434C60062DA5D /* RXMLElement.h */; };
		6BA6CA68169434C60062DA5D /* RXMLElement.m in Sources */ = {isa = PBXBuildFile; fileRef = 6BA6CA26169434C60062DA5D /* RXMLElement.m */; };
		6BA6CA69169434C60062DA5D /* RXMLElement.m in Sources */ = {isa = PBXBuildFile; fileRef = 6BA6CA26169434C60062DA5D /* RXMLElement.m */; };
		6BA6CA6A169434C60062DA5D /* RXMLElement.m in Sources */ = {isa = PBXBuildFile; fileRef = 6BA6CA26169434C60062DA5D /* RXMLElement.m */; };
		6BA6CA6C169434C60062DA5D /* SpringComponentInitializer.h in Headers */ = {isa = PBXBuildFile; fileRef = 6BA6CA2A169434C60062DA5D /* SpringComponentInitializer.h */; };
		6BA6CA6E169434C60062DA5D /* SpringComponentInitializer.m in Sources */ = {isa = PBXBuildFile; fileRef = 6BA6CA2B169434C60062DA5D /* SpringComponentInitializer.m */; };
		6BA6CA6F169434C60062DA5D /* SpringComponentInitializer.m in Sources */ = {isa = PBXBuildFile; fileRef = 6BA6CA2B169434C60062DA5D /* SpringComponentInitializer.m */; };
		6BA6CA70169434C60062DA5D /* SpringComponentInitializer.m in Sources */ = {isa = PBXBuildFile; fileRef = 6BA6CA2B169434C60062DA5D /* SpringComponentInitializer.m */; };
		6BA6CA72169434C60062DA5D /* SpringInjectedParameter.h in Headers */ = {isa = PBXBuildFile; fileRef = 6BA6CA2C169434C60062DA5D /* SpringInjectedParameter.h */; };
		6BA6CA74169434C60062DA5D /* SpringParameterInjectedByReference.h in Headers */ = {isa = PBXBuildFile; fileRef = 6BA6CA2D169434C60062DA5D /* SpringParameterInjectedByReference.h */; };
		6BA6CA76169434C60062DA5D /* SpringParameterInjectedByReference.m in Sources */ = {isa = PBXBuildFile; fileRef = 6BA6CA2E169434C60062DA5D /* SpringParameterInjectedByReference.m */; };
		6BA6CA77169434C60062DA5D /* SpringParameterInjectedByReference.m in Sources */ = {isa = PBXBuildFile; fileRef = 6BA6CA2E169434C60062DA5D /* SpringParameterInjectedByReference.m */; };
		6BA6CA78169434C60062DA5D /* SpringParameterInjectedByReference.m in Sources */ = {isa = PBXBuildFile; fileRef = 6BA6CA2E169434C60062DA5D /* SpringParameterInjectedByReference.m */; };
		6BA6CA7A169434C60062DA5D /* SpringParameterInjectedByValue.h in Headers */ = {isa = PBXBuildFile; fileRef = 6BA6CA2F169434C60062DA5D /* SpringParameterInjectedByValue.h */; };
		6BA6CA7C169434C60062DA5D /* SpringParameterInjectedByValue.m in Sources */ = {isa = PBXBuildFile; fileRef = 6BA6CA30169434C60062DA5D /* SpringParameterInjectedByValue.m */; };
		6BA6CA7D169434C60062DA5D /* SpringParameterInjectedByValue.m in Sources */ = {isa = PBXBuildFile; fileRef = 6BA6CA30169434C60062DA5D /* SpringParameterInjectedByValue.m */; };
		6BA6CA7E169434C60062DA5D /* SpringParameterInjectedByValue.m in Sources */ = {isa = PBXBuildFile; fileRef = 6BA6CA30169434C60062DA5D /* SpringParameterInjectedByValue.m */; };
		6BA6CA80169434C60062DA5D /* SpringInjectedProperty.h in Headers */ = {isa = PBXBuildFile; fileRef = 6BA6CA32169434C60062DA5D /* SpringInjectedProperty.h */; };
		6BA6CA82169434C60062DA5D /* SpringPropertyInjectedByReference.h in Headers */ = {isa = PBXBuildFile; fileRef = 6BA6CA33169434C60062DA5D /* SpringPropertyInjectedByReference.h */; };
		6BA6CA84169434C60062DA5D /* SpringPropertyInjectedByReference.m in Sources */ = {isa = PBXBuildFile; fileRef = 6BA6CA34169434C60062DA5D /* SpringPropertyInjectedByReference.m */; };
		6BA6CA85169434C60062DA5D /* SpringPropertyInjectedByReference.m in Sources */ = {isa = PBXBuildFile; fileRef = 6BA6CA34169434C60062DA5D /* SpringPropertyInjectedByReference.m */; };
		6BA6CA86169434C60062DA5D /* SpringPropertyInjectedByReference.m in Sources */ = {isa = PBXBuildFile; fileRef = 6BA6CA34169434C60062DA5D /* SpringPropertyInjectedByReference.m */; };
		6BA6CA88169434C60062DA5D /* SpringPropertyInjectedByType.h in Headers */ = {isa = PBXBuildFile; fileRef = 6BA6CA35169434C60062DA5D /* SpringPropertyInjectedByType.h */; };
		6BA6CA8A169434C60062DA5D /* SpringPropertyInjectedByType.m in Sources */ = {isa = PBXBuildFile; fileRef = 6BA6CA36169434C60062DA5D /* SpringPropertyInjectedByType.m */; };
		6BA6CA8B169434C60062DA5D /* SpringPropertyInjectedByType.m in Sources */ = {isa = PBXBuildFile; fileRef = 6BA6CA36169434C60062DA5D /* SpringPropertyInjectedByType.m */; };
		6BA6CA8C169434C60062DA5D /* SpringPropertyInjectedByType.m in Sources */ = {isa = PBXBuildFile; fileRef = 6BA6CA36169434C60062DA5D /* SpringPropertyInjectedByType.m */; };
		6BA6CA8E169434C60062DA5D /* SpringPropertyInjectedByValue.h in Headers */ = {isa = PBXBuildFile; fileRef = 6BA6CA37169434C60062DA5D /* SpringPropertyInjectedByValue.h */; };
		6BA6CA90169434C60062DA5D /* SpringPropertyInjectedByValue.m in Sources */ = {isa = PBXBuildFile; fileRef = 6BA6CA38169434C60062DA5D /* SpringPropertyInjectedByValue.m */; };
		6BA6CA91169434C60062DA5D /* SpringPropertyInjectedByValue.m in Sources */ = {isa = PBXBuildFile; fileRef = 6BA6CA38169434C60062DA5D /* SpringPropertyInjectedByValue.m */; };
		6BA6CA92169434C60062DA5D /* SpringPropertyInjectedByValue.m in Sources */ = {isa = PBXBuildFile; fileRef = 6BA6CA38169434C60062DA5D /* SpringPropertyInjectedByValue.m */; };
		6BA6CA94169434C60062DA5D /* SpringPropertyInjectionDelegate.h in Headers */ = {isa = PBXBuildFile; fileRef = 6BA6CA39169434C60062DA5D /* SpringPropertyInjectionDelegate.h */; };
		6BA6CA96169434C60062DA5D /* SpringComponentDefinition.h in Headers */ = {isa = PBXBuildFile; fileRef = 6BA6CA3A169434C60062DA5D /* SpringComponentDefinition.h */; };
		6BA6CA98169434C60062DA5D /* SpringComponentDefinition.m in Sources */ = {isa = PBXBuildFile; fileRef = 6BA6CA3B169434C60062DA5D /* SpringComponentDefinition.m */; };
		6BA6CA99169434C60062DA5D /* SpringComponentDefinition.m in Sources */ = {isa = PBXBuildFile; fileRef = 6BA6CA3B169434C60062DA5D /* SpringComponentDefinition.m */; };
		6BA6CA9A169434C60062DA5D /* SpringComponentDefinition.m in Sources */ = {isa = PBXBuildFile; fileRef = 6BA6CA3B169434C60062DA5D /* SpringComponentDefinition.m */; };
		6BA6CA9C169434C60062DA5D /* SpringComponentFactory+InstanceBuilder.h in Headers */ = {isa = PBXBuildFile; fileRef = 6BA6CA3D169434C60062DA5D /* SpringComponentFactory+InstanceBuilder.h */; };
		6BA6CA9E169434C60062DA5D /* SpringComponentFactory+InstanceBuilder.m in Sources */ = {isa = PBXBuildFile; fileRef = 6BA6CA3E169434C60062DA5D /* SpringComponentFactory+InstanceBuilder.m */; };
		6BA6CA9F169434C60062DA5D /* SpringComponentFactory+InstanceBuilder.m in Sources */ = {isa = PBXBuildFile; fileRef = 6BA6CA3E169434C60062DA5D /* SpringComponentFactory+InstanceBuilder.m */; };
		6BA6CAA0169434C60062DA5D /* SpringComponentFactory+InstanceBuilder.m in Sources */ = {isa = PBXBuildFile; fileRef = 6BA6CA3E169434C60062DA5D /* SpringComponentFactory+InstanceBuilder.m */; };
		6BA6CAA2169434C60062DA5D /* SpringComponentFactory.h in Headers */ = {isa = PBXBuildFile; fileRef = 6BA6CA3F169434C60062DA5D /* SpringComponentFactory.h */; };
		6BA6CAA4169434C60062DA5D /* SpringComponentFactory.m in Sources */ = {isa = PBXBuildFile; fileRef = 6BA6CA40169434C60062DA5D /* SpringComponentFactory.m */; };
		6BA6CAA5169434C60062DA5D /* SpringComponentFactory.m in Sources */ = {isa = PBXBuildFile; fileRef = 6BA6CA40169434C60062DA5D /* SpringComponentFactory.m */; };
		6BA6CAA6169434C60062DA5D /* SpringComponentFactory.m in Sources */ = {isa = PBXBuildFile; fileRef = 6BA6CA40169434C60062DA5D /* SpringComponentFactory.m */; };
		6BA6CAA8169434C60062DA5D /* RXMLElement+SpringXmlComponentFactory.h in Headers */ = {isa = PBXBuildFile; fileRef = 6BA6CA42169434C60062DA5D /* RXMLElement+SpringXmlComponentFactory.h */; };
		6BA6CAAA169434C60062DA5D /* RXMLElement+SpringXmlComponentFactory.m in Sources */ = {isa = PBXBuildFile; fileRef = 6BA6CA43169434C60062DA5D /* RXMLElement+SpringXmlComponentFactory.m */; };
		6BA6CAAB169434C60062DA5D /* RXMLElement+SpringXmlComponentFactory.m in Sources */ = {isa = PBXBuildFile; fileRef = 6BA6CA43169434C60062DA5D /* RXMLElement+SpringXmlComponentFactory.m */; };
		6BA6CAAC169434C60062DA5D /* RXMLElement+SpringXmlComponentFactory.m in Sources */ = {isa = PBXBuildFile; fileRef = 6BA6CA43169434C60062DA5D /* RXMLElement+SpringXmlComponentFactory.m */; };
		6BA6CAAE169434C60062DA5D /* SpringXmlComponentFactory.h in Headers */ = {isa = PBXBuildFile; fileRef = 6BA6CA44169434C60062DA5D /* SpringXmlComponentFactory.h */; };
		6BA6CAB0169434C60062DA5D /* SpringXmlComponentFactory.m in Sources */ = {isa = PBXBuildFile; fileRef = 6BA6CA45169434C60062DA5D /* SpringXmlComponentFactory.m */; };
		6BA6CAB1169434C60062DA5D /* SpringXmlComponentFactory.m in Sources */ = {isa = PBXBuildFile; fileRef = 6BA6CA45169434C60062DA5D /* SpringXmlComponentFactory.m */; };
		6BA6CAB2169434C60062DA5D /* SpringXmlComponentFactory.m in Sources */ = {isa = PBXBuildFile; fileRef = 6BA6CA45169434C60062DA5D /* SpringXmlComponentFactory.m */; };
		6BA6CABB169434C60062DA5D /* Spring-Objective-C-Prefix.pch in Headers */ = {isa = PBXBuildFile; fileRef = 6BA6CA48169434C60062DA5D /* Spring-Objective-C-Prefix.pch */; };
		6BA6CABD169434C60062DA5D /* SpringNSURLTypeConverter.h in Headers */ = {isa = PBXBuildFile; fileRef = 6BA6CA4A169434C60062DA5D /* SpringNSURLTypeConverter.h */; };
		6BA6CABF169434C60062DA5D /* SpringNSURLTypeConverter.m in Sources */ = {isa = PBXBuildFile; fileRef = 6BA6CA4B169434C60062DA5D /* SpringNSURLTypeConverter.m */; };
		6BA6CAC0169434C60062DA5D /* SpringNSURLTypeConverter.m in Sources */ = {isa = PBXBuildFile; fileRef = 6BA6CA4B169434C60062DA5D /* SpringNSURLTypeConverter.m */; };
		6BA6CAC1169434C60062DA5D /* SpringNSURLTypeConverter.m in Sources */ = {isa = PBXBuildFile; fileRef = 6BA6CA4B169434C60062DA5D /* SpringNSURLTypeConverter.m */; };
		6BA6CAC3169434C60062DA5D /* SpringPassThroughTypeConverter.h in Headers */ = {isa = PBXBuildFile; fileRef = 6BA6CA4C169434C60062DA5D /* SpringPassThroughTypeConverter.h */; };
		6BA6CAC5169434C60062DA5D /* SpringPassThroughTypeConverter.m in Sources */ = {isa = PBXBuildFile; fileRef = 6BA6CA4D169434C60062DA5D /* SpringPassThroughTypeConverter.m */; };
		6BA6CAC6169434C60062DA5D /* SpringPassThroughTypeConverter.m in Sources */ = {isa = PBXBuildFile; fileRef = 6BA6CA4D169434C60062DA5D /* SpringPassThroughTypeConverter.m */; };
		6BA6CAC7169434C60062DA5D /* SpringPassThroughTypeConverter.m in Sources */ = {isa = PBXBuildFile; fileRef = 6BA6CA4D169434C60062DA5D /* SpringPassThroughTypeConverter.m */; };
		6BA6CAC9169434C60062DA5D /* SpringPrimitiveTypeConverter.h in Headers */ = {isa = PBXBuildFile; fileRef = 6BA6CA4E169434C60062DA5D /* SpringPrimitiveTypeConverter.h */; };
		6BA6CACB169434C60062DA5D /* SpringPrimitiveTypeConverter.m in Sources */ = {isa = PBXBuildFile; fileRef = 6BA6CA4F169434C60062DA5D /* SpringPrimitiveTypeConverter.m */; };
		6BA6CACC169434C60062DA5D /* SpringPrimitiveTypeConverter.m in Sources */ = {isa = PBXBuildFile; fileRef = 6BA6CA4F169434C60062DA5D /* SpringPrimitiveTypeConverter.m */; };
		6BA6CACD169434C60062DA5D /* SpringPrimitiveTypeConverter.m in Sources */ = {isa = PBXBuildFile; fileRef = 6BA6CA4F169434C60062DA5D /* SpringPrimitiveTypeConverter.m */; };
		6BA6CACF169434C60062DA5D /* SpringTypeConverter.h in Headers */ = {isa = PBXBuildFile; fileRef = 6BA6CA50169434C60062DA5D /* SpringTypeConverter.h */; };
		6BA6CAD1169434C60062DA5D /* SpringTypeConverterRegistry.h in Headers */ = {isa = PBXBuildFile; fileRef = 6BA6CA51169434C60062DA5D /* SpringTypeConverterRegistry.h */; };
		6BA6CAD3169434C60062DA5D /* SpringTypeConverterRegistry.m in Sources */ = {isa = PBXBuildFile; fileRef = 6BA6CA52169434C60062DA5D /* SpringTypeConverterRegistry.m */; };
		6BA6CAD4169434C60062DA5D /* SpringTypeConverterRegistry.m in Sources */ = {isa = PBXBuildFile; fileRef = 6BA6CA52169434C60062DA5D /* SpringTypeConverterRegistry.m */; };
		6BA6CAD5169434C60062DA5D /* SpringTypeConverterRegistry.m in Sources */ = {isa = PBXBuildFile; fileRef = 6BA6CA52169434C60062DA5D /* SpringTypeConverterRegistry.m */; };
		6BA6CAD7169434C60062DA5D /* SpringTypeDescriptor.h in Headers */ = {isa = PBXBuildFile; fileRef = 6BA6CA53169434C60062DA5D /* SpringTypeDescriptor.h */; };
		6BA6CAD9169434C60062DA5D /* SpringTypeDescriptor.m in Sources */ = {isa = PBXBuildFile; fileRef = 6BA6CA54169434C60062DA5D /* SpringTypeDescriptor.m */; };
		6BA6CADA169434C60062DA5D /* SpringTypeDescriptor.m in Sources */ = {isa = PBXBuildFile; fileRef = 6BA6CA54169434C60062DA5D /* SpringTypeDescriptor.m */; };
		6BA6CADB169434C60062DA5D /* SpringTypeDescriptor.m in Sources */ = {isa = PBXBuildFile; fileRef = 6BA6CA54169434C60062DA5D /* SpringTypeDescriptor.m */; };
		6BA6CADD169434C60062DA5D /* NSObject+SpringReflectionUtils.h in Headers */ = {isa = PBXBuildFile; fileRef = 6BA6CA56169434C60062DA5D /* NSObject+SpringReflectionUtils.h */; };
		6BA6CADF169434C60062DA5D /* NSObject+SpringReflectionUtils.m in Sources */ = {isa = PBXBuildFile; fileRef = 6BA6CA57169434C60062DA5D /* NSObject+SpringReflectionUtils.m */; };
		6BA6CAE0169434C60062DA5D /* NSObject+SpringReflectionUtils.m in Sources */ = {isa = PBXBuildFile; fileRef = 6BA6CA57169434C60062DA5D /* NSObject+SpringReflectionUtils.m */; };
		6BA6CAE1169434C60062DA5D /* NSObject+SpringReflectionUtils.m in Sources */ = {isa = PBXBuildFile; fileRef = 6BA6CA57169434C60062DA5D /* NSObject+SpringReflectionUtils.m */; };
		6BA6CAE3169434C60062DA5D /* SpringBundleResource.h in Headers */ = {isa = PBXBuildFile; fileRef = 6BA6CA58169434C60062DA5D /* SpringBundleResource.h */; };
		6BA6CAE5169434C60062DA5D /* SpringBundleResource.m in Sources */ = {isa = PBXBuildFile; fileRef = 6BA6CA59169434C60062DA5D /* SpringBundleResource.m */; };
		6BA6CAE6169434C60062DA5D /* SpringBundleResource.m in Sources */ = {isa = PBXBuildFile; fileRef = 6BA6CA59169434C60062DA5D /* SpringBundleResource.m */; };
		6BA6CAE7169434C60062DA5D /* SpringBundleResource.m in Sources */ = {isa = PBXBuildFile; fileRef = 6BA6CA59169434C60062DA5D /* SpringBundleResource.m */; };
		6BA6CAE9169434C60062DA5D /* SpringReflectionUtils.h in Headers */ = {isa = PBXBuildFile; fileRef = 6BA6CA5A169434C60062DA5D /* SpringReflectionUtils.h */; };
		6BA6CAEB169434C60062DA5D /* SpringReflectionUtils.m in Sources */ = {isa = PBXBuildFile; fileRef = 6BA6CA5B169434C60062DA5D /* SpringReflectionUtils.m */; };
		6BA6CAEC169434C60062DA5D /* SpringReflectionUtils.m in Sources */ = {isa = PBXBuildFile; fileRef = 6BA6CA5B169434C60062DA5D /* SpringReflectionUtils.m */; };
		6BA6CAED169434C60062DA5D /* SpringReflectionUtils.m in Sources */ = {isa = PBXBuildFile; fileRef = 6BA6CA5B169434C60062DA5D /* SpringReflectionUtils.m */; };
		6BA6CAEF169434C60062DA5D /* SpringReflectiveNSObject.h in Headers */ = {isa = PBXBuildFile; fileRef = 6BA6CA5C169434C60062DA5D /* SpringReflectiveNSObject.h */; };
		6BA9C853168E92B900E6AD6C /* SpringComponentDefinitionTests.m in Sources */ = {isa = PBXBuildFile; fileRef = 6BA9C83B168E92B900E6AD6C /* SpringComponentDefinitionTests.m */; };
		6BA9C854168E92B900E6AD6C /* InfoPlist.strings in Resources */ = {isa = PBXBuildFile; fileRef = 6BA9C83C168E92B900E6AD6C /* InfoPlist.strings */; };
		6BA9C855168E92B900E6AD6C /* SpringComponentDefinition+InstanceBuilderTests.m in Sources */ = {isa = PBXBuildFile; fileRef = 6BA9C83F168E92B900E6AD6C /* SpringComponentDefinition+InstanceBuilderTests.m */; };
		6BA9C856168E92B900E6AD6C /* SpringComponentFactoryTests.m in Sources */ = {isa = PBXBuildFile; fileRef = 6BA9C840168E92B900E6AD6C /* SpringComponentFactoryTests.m */; };
		6BA9C859168E92B900E6AD6C /* CavalryMan.m in Sources */ = {isa = PBXBuildFile; fileRef = 6BA9C847168E92B900E6AD6C /* CavalryMan.m */; };
		6BA9C85A168E92B900E6AD6C /* Champion.m in Sources */ = {isa = PBXBuildFile; fileRef = 6BA9C849168E92B900E6AD6C /* Champion.m */; };
		6BA9C85B168E92B900E6AD6C /* Knight.m in Sources */ = {isa = PBXBuildFile; fileRef = 6BA9C84B168E92B900E6AD6C /* Knight.m */; };
		6BA9C85C168E92B900E6AD6C /* CampaignQuest.m in Sources */ = {isa = PBXBuildFile; fileRef = 6BA9C84D168E92B900E6AD6C /* CampaignQuest.m */; };
		6BA9C85D168E92B900E6AD6C /* SpringPrimitiveTypeConverterTests.m in Sources */ = {isa = PBXBuildFile; fileRef = 6BA9C84F168E92B900E6AD6C /* SpringPrimitiveTypeConverterTests.m */; };
		6BA9C85F168E92B900E6AD6C /* NSObject+SpringReflectionUtilsTests.m in Sources */ = {isa = PBXBuildFile; fileRef = 6BA9C852168E92B900E6AD6C /* NSObject+SpringReflectionUtilsTests.m */; };
		6BCBE9EB1694027C0096F861 /* Cocoa.framework in Frameworks */ = {isa = PBXBuildFile; fileRef = 6BD6F986168935FB00FE2774 /* Cocoa.framework */; };
		6BCBEB9D169408990096F861 /* Foundation.framework in Frameworks */ = {isa = PBXBuildFile; fileRef = 6B263724168556790026E894 /* Foundation.framework */; };
		6BCBEC48169409B60096F861 /* libxml2.dylib in Frameworks */ = {isa = PBXBuildFile; fileRef = 6BCBEC47169409B60096F861 /* libxml2.dylib */; };
		6BCBEC4A169409BC0096F861 /* libz.dylib in Frameworks */ = {isa = PBXBuildFile; fileRef = 6BCBEC49169409BC0096F861 /* libz.dylib */; };
		6BD6F9A1168936D500FE2774 /* SenTestingKit.framework in Frameworks */ = {isa = PBXBuildFile; fileRef = 6BD6F984168935FB00FE2774 /* SenTestingKit.framework */; };
		6BD6F9A2168936D500FE2774 /* Cocoa.framework in Frameworks */ = {isa = PBXBuildFile; fileRef = 6BD6F986168935FB00FE2774 /* Cocoa.framework */; };
		BA7984831FBA879932CC8360 /* ClassADependsOnB.h in CopyFiles */ = {isa = PBXBuildFile; fileRef = BA7988E7A0B25288092F2A6D /* ClassADependsOnB.h */; };
		BA79859119F90487480416FC /* ClassADependsOnB.m in Sources */ = {isa = PBXBuildFile; fileRef = BA7983D2CEC00D7FAF64C182 /* ClassADependsOnB.m */; };
		BA79862624FE5AEE47CC28A4 /* SwordFactory.h in CopyFiles */ = {isa = PBXBuildFile; fileRef = BA798FC85927B67C2C25C725 /* SwordFactory.h */; };
		BA79893ADF8224DC6381B1F6 /* ClassBDependsOnA.h in CopyFiles */ = {isa = PBXBuildFile; fileRef = BA7982CAB715A6777CA9E5F9 /* ClassBDependsOnA.h */; };
		BA7989CF067CB29C461CC402 /* SpringXmlComponentFactoryTests.m in Sources */ = {isa = PBXBuildFile; fileRef = BA798754085BEEED840E5182 /* SpringXmlComponentFactoryTests.m */; };
		BA7989DF446D51BAB908086B /* CircularDependenciesAssembly.xml in Resources */ = {isa = PBXBuildFile; fileRef = BA798B67C3EBDEA3B67B0CA9 /* CircularDependenciesAssembly.xml */; };
		BA798A741A5809BFBCDEFC10 /* SpringTypeConverterRegistryTests.m in Sources */ = {isa = PBXBuildFile; fileRef = BA798ACBBE11925AFC181DA2 /* SpringTypeConverterRegistryTests.m */; };
		BA798B7F6AA60453902B2418 /* Sword.m in Sources */ = {isa = PBXBuildFile; fileRef = BA7989FB1913BE74D1F93913 /* Sword.m */; };
		BA798BB70C1A71EDF5DABE5F /* ClassBDependsOnA.m in Sources */ = {isa = PBXBuildFile; fileRef = BA798A2E10EABDBD7912DBE5 /* ClassBDependsOnA.m */; };
		BA798DF233819828A039274D /* Quest.h in CopyFiles */ = {isa = PBXBuildFile; fileRef = BA798E7749DFCE6A88093CCE /* Quest.h */; };
		BA798E0B7B2B1A387D394030 /* ExceptionTestAssembly.xml in Resources */ = {isa = PBXBuildFile; fileRef = BA798AE0738703EA3204887F /* ExceptionTestAssembly.xml */; };
		BA798E1AB198474D577CB312 /* MiddleAgesAssembly.xml in Resources */ = {isa = PBXBuildFile; fileRef = BA798386B768F0D4DEECA5D5 /* MiddleAgesAssembly.xml */; };
		BA798E81CDB3C2DC9307EF0E /* SwordFactory.m in Sources */ = {isa = PBXBuildFile; fileRef = BA798580D7B774719BB23661 /* SwordFactory.m */; };
		BA798F582042629F5486FB72 /* RXMLElement+SpringXmlComponentFactoryTests.m in Sources */ = {isa = PBXBuildFile; fileRef = BA79847BA473D646F208D8AB /* RXMLElement+SpringXmlComponentFactoryTests.m */; };
		BA798FF82E290811436984A2 /* Sword.h in CopyFiles */ = {isa = PBXBuildFile; fileRef = BA7984166797DDC512D79B49 /* Sword.h */; };
/* End PBXBuildFile section */

/* Begin PBXCopyFilesBuildPhase section */
		6B467525168950310049404E /* CopyFiles */ = {
			isa = PBXCopyFilesBuildPhase;
			buildActionMask = 2147483647;
			dstPath = "";
			dstSubfolderSpec = 16;
			files = (
				6B467526168950510049404E /* OCHamcrest.framework in CopyFiles */,
				BA798DF233819828A039274D /* Quest.h in CopyFiles */,
				BA7984831FBA879932CC8360 /* ClassADependsOnB.h in CopyFiles */,
				BA79893ADF8224DC6381B1F6 /* ClassBDependsOnA.h in CopyFiles */,
				BA79862624FE5AEE47CC28A4 /* SwordFactory.h in CopyFiles */,
				BA798FF82E290811436984A2 /* Sword.h in CopyFiles */,
			);
			runOnlyForDeploymentPostprocessing = 0;
		};
		6BCBEB9A169408990096F861 /* CopyFiles */ = {
			isa = PBXCopyFilesBuildPhase;
			buildActionMask = 2147483647;
			dstPath = "include/${PRODUCT_NAME}";
			dstSubfolderSpec = 16;
			files = (
			);
			runOnlyForDeploymentPostprocessing = 0;
		};
/* End PBXCopyFilesBuildPhase section */

/* Begin PBXFileReference section */
		6B263724168556790026E894 /* Foundation.framework */ = {isa = PBXFileReference; lastKnownFileType = wrapper.framework; name = Foundation.framework; path = System/Library/Frameworks/Foundation.framework; sourceTree = SDKROOT; };
		6B46752116894D910049404E /* OCHamcrest.framework */ = {isa = PBXFileReference; lastKnownFileType = wrapper.framework; name = OCHamcrest.framework; path = External/OCHamcrest.framework; sourceTree = "<group>"; };
		6BA403E9168DF13F00A89433 /* libxml2.dylib */ = {isa = PBXFileReference; lastKnownFileType = "compiled.mach-o.dylib"; name = libxml2.dylib; path = usr/lib/libxml2.dylib; sourceTree = SDKROOT; };
		6BA6CA20169434C60062DA5D /* OCHamcrest.framework */ = {isa = PBXFileReference; lastKnownFileType = wrapper.framework; path = OCHamcrest.framework; sourceTree = "<group>"; };
		6BA6CA22169434C60062DA5D /* OCLogTemplate.h */ = {isa = PBXFileReference; fileEncoding = 4; lastKnownFileType = sourcecode.c.h; path = OCLogTemplate.h; sourceTree = "<group>"; };
		6BA6CA23169434C60062DA5D /* README */ = {isa = PBXFileReference; fileEncoding = 4; lastKnownFileType = text; path = README; sourceTree = "<group>"; };
		6BA6CA25169434C60062DA5D /* RXMLElement.h */ = {isa = PBXFileReference; fileEncoding = 4; lastKnownFileType = sourcecode.c.h; path = RXMLElement.h; sourceTree = "<group>"; };
		6BA6CA26169434C60062DA5D /* RXMLElement.m */ = {isa = PBXFileReference; fileEncoding = 4; lastKnownFileType = sourcecode.c.objc; path = RXMLElement.m; sourceTree = "<group>"; };
		6BA6CA2A169434C60062DA5D /* SpringComponentInitializer.h */ = {isa = PBXFileReference; fileEncoding = 4; lastKnownFileType = sourcecode.c.h; path = SpringComponentInitializer.h; sourceTree = "<group>"; };
		6BA6CA2B169434C60062DA5D /* SpringComponentInitializer.m */ = {isa = PBXFileReference; fileEncoding = 4; lastKnownFileType = sourcecode.c.objc; path = SpringComponentInitializer.m; sourceTree = "<group>"; };
		6BA6CA2C169434C60062DA5D /* SpringInjectedParameter.h */ = {isa = PBXFileReference; fileEncoding = 4; lastKnownFileType = sourcecode.c.h; path = SpringInjectedParameter.h; sourceTree = "<group>"; };
		6BA6CA2D169434C60062DA5D /* SpringParameterInjectedByReference.h */ = {isa = PBXFileReference; fileEncoding = 4; lastKnownFileType = sourcecode.c.h; path = SpringParameterInjectedByReference.h; sourceTree = "<group>"; };
		6BA6CA2E169434C60062DA5D /* SpringParameterInjectedByReference.m */ = {isa = PBXFileReference; fileEncoding = 4; lastKnownFileType = sourcecode.c.objc; path = SpringParameterInjectedByReference.m; sourceTree = "<group>"; };
		6BA6CA2F169434C60062DA5D /* SpringParameterInjectedByValue.h */ = {isa = PBXFileReference; fileEncoding = 4; lastKnownFileType = sourcecode.c.h; path = SpringParameterInjectedByValue.h; sourceTree = "<group>"; };
		6BA6CA30169434C60062DA5D /* SpringParameterInjectedByValue.m */ = {isa = PBXFileReference; fileEncoding = 4; lastKnownFileType = sourcecode.c.objc; path = SpringParameterInjectedByValue.m; sourceTree = "<group>"; };
		6BA6CA32169434C60062DA5D /* SpringInjectedProperty.h */ = {isa = PBXFileReference; fileEncoding = 4; lastKnownFileType = sourcecode.c.h; path = SpringInjectedProperty.h; sourceTree = "<group>"; };
		6BA6CA33169434C60062DA5D /* SpringPropertyInjectedByReference.h */ = {isa = PBXFileReference; fileEncoding = 4; lastKnownFileType = sourcecode.c.h; path = SpringPropertyInjectedByReference.h; sourceTree = "<group>"; };
		6BA6CA34169434C60062DA5D /* SpringPropertyInjectedByReference.m */ = {isa = PBXFileReference; fileEncoding = 4; lastKnownFileType = sourcecode.c.objc; path = SpringPropertyInjectedByReference.m; sourceTree = "<group>"; };
		6BA6CA35169434C60062DA5D /* SpringPropertyInjectedByType.h */ = {isa = PBXFileReference; fileEncoding = 4; lastKnownFileType = sourcecode.c.h; path = SpringPropertyInjectedByType.h; sourceTree = "<group>"; };
		6BA6CA36169434C60062DA5D /* SpringPropertyInjectedByType.m */ = {isa = PBXFileReference; fileEncoding = 4; lastKnownFileType = sourcecode.c.objc; path = SpringPropertyInjectedByType.m; sourceTree = "<group>"; };
		6BA6CA37169434C60062DA5D /* SpringPropertyInjectedByValue.h */ = {isa = PBXFileReference; fileEncoding = 4; lastKnownFileType = sourcecode.c.h; path = SpringPropertyInjectedByValue.h; sourceTree = "<group>"; };
		6BA6CA38169434C60062DA5D /* SpringPropertyInjectedByValue.m */ = {isa = PBXFileReference; fileEncoding = 4; lastKnownFileType = sourcecode.c.objc; path = SpringPropertyInjectedByValue.m; sourceTree = "<group>"; };
		6BA6CA39169434C60062DA5D /* SpringPropertyInjectionDelegate.h */ = {isa = PBXFileReference; fileEncoding = 4; lastKnownFileType = sourcecode.c.h; path = SpringPropertyInjectionDelegate.h; sourceTree = "<group>"; };
		6BA6CA3A169434C60062DA5D /* SpringComponentDefinition.h */ = {isa = PBXFileReference; fileEncoding = 4; lastKnownFileType = sourcecode.c.h; path = SpringComponentDefinition.h; sourceTree = "<group>"; };
		6BA6CA3B169434C60062DA5D /* SpringComponentDefinition.m */ = {isa = PBXFileReference; fileEncoding = 4; lastKnownFileType = sourcecode.c.objc; path = SpringComponentDefinition.m; sourceTree = "<group>"; };
		6BA6CA3D169434C60062DA5D /* SpringComponentFactory+InstanceBuilder.h */ = {isa = PBXFileReference; fileEncoding = 4; lastKnownFileType = sourcecode.c.h; path = "SpringComponentFactory+InstanceBuilder.h"; sourceTree = "<group>"; };
		6BA6CA3E169434C60062DA5D /* SpringComponentFactory+InstanceBuilder.m */ = {isa = PBXFileReference; fileEncoding = 4; lastKnownFileType = sourcecode.c.objc; path = "SpringComponentFactory+InstanceBuilder.m"; sourceTree = "<group>"; };
		6BA6CA3F169434C60062DA5D /* SpringComponentFactory.h */ = {isa = PBXFileReference; fileEncoding = 4; lastKnownFileType = sourcecode.c.h; path = SpringComponentFactory.h; sourceTree = "<group>"; };
		6BA6CA40169434C60062DA5D /* SpringComponentFactory.m */ = {isa = PBXFileReference; fileEncoding = 4; lastKnownFileType = sourcecode.c.objc; path = SpringComponentFactory.m; sourceTree = "<group>"; };
		6BA6CA42169434C60062DA5D /* RXMLElement+SpringXmlComponentFactory.h */ = {isa = PBXFileReference; fileEncoding = 4; lastKnownFileType = sourcecode.c.h; path = "RXMLElement+SpringXmlComponentFactory.h"; sourceTree = "<group>"; };
		6BA6CA43169434C60062DA5D /* RXMLElement+SpringXmlComponentFactory.m */ = {isa = PBXFileReference; fileEncoding = 4; lastKnownFileType = sourcecode.c.objc; path = "RXMLElement+SpringXmlComponentFactory.m"; sourceTree = "<group>"; };
		6BA6CA44169434C60062DA5D /* SpringXmlComponentFactory.h */ = {isa = PBXFileReference; fileEncoding = 4; lastKnownFileType = sourcecode.c.h; path = SpringXmlComponentFactory.h; sourceTree = "<group>"; };
		6BA6CA45169434C60062DA5D /* SpringXmlComponentFactory.m */ = {isa = PBXFileReference; fileEncoding = 4; lastKnownFileType = sourcecode.c.objc; path = SpringXmlComponentFactory.m; sourceTree = "<group>"; };
		6BA6CA46169434C60062DA5D /* FruitJuice.1 */ = {isa = PBXFileReference; fileEncoding = 4; lastKnownFileType = text.man; path = FruitJuice.1; sourceTree = "<group>"; };
		6BA6CA47169434C60062DA5D /* main.m */ = {isa = PBXFileReference; fileEncoding = 4; lastKnownFileType = sourcecode.c.objc; path = main.m; sourceTree = "<group>"; };
		6BA6CA48169434C60062DA5D /* Spring-Objective-C-Prefix.pch */ = {isa = PBXFileReference; fileEncoding = 4; lastKnownFileType = sourcecode.c.h; path = "Spring-Objective-C-Prefix.pch"; sourceTree = "<group>"; };
		6BA6CA4A169434C60062DA5D /* SpringNSURLTypeConverter.h */ = {isa = PBXFileReference; fileEncoding = 4; lastKnownFileType = sourcecode.c.h; path = SpringNSURLTypeConverter.h; sourceTree = "<group>"; };
		6BA6CA4B169434C60062DA5D /* SpringNSURLTypeConverter.m */ = {isa = PBXFileReference; fileEncoding = 4; lastKnownFileType = sourcecode.c.objc; path = SpringNSURLTypeConverter.m; sourceTree = "<group>"; };
		6BA6CA4C169434C60062DA5D /* SpringPassThroughTypeConverter.h */ = {isa = PBXFileReference; fileEncoding = 4; lastKnownFileType = sourcecode.c.h; path = SpringPassThroughTypeConverter.h; sourceTree = "<group>"; };
		6BA6CA4D169434C60062DA5D /* SpringPassThroughTypeConverter.m */ = {isa = PBXFileReference; fileEncoding = 4; lastKnownFileType = sourcecode.c.objc; path = SpringPassThroughTypeConverter.m; sourceTree = "<group>"; };
		6BA6CA4E169434C60062DA5D /* SpringPrimitiveTypeConverter.h */ = {isa = PBXFileReference; fileEncoding = 4; lastKnownFileType = sourcecode.c.h; path = SpringPrimitiveTypeConverter.h; sourceTree = "<group>"; };
		6BA6CA4F169434C60062DA5D /* SpringPrimitiveTypeConverter.m */ = {isa = PBXFileReference; fileEncoding = 4; lastKnownFileType = sourcecode.c.objc; path = SpringPrimitiveTypeConverter.m; sourceTree = "<group>"; };
		6BA6CA50169434C60062DA5D /* SpringTypeConverter.h */ = {isa = PBXFileReference; fileEncoding = 4; lastKnownFileType = sourcecode.c.h; path = SpringTypeConverter.h; sourceTree = "<group>"; };
		6BA6CA51169434C60062DA5D /* SpringTypeConverterRegistry.h */ = {isa = PBXFileReference; fileEncoding = 4; lastKnownFileType = sourcecode.c.h; path = SpringTypeConverterRegistry.h; sourceTree = "<group>"; };
		6BA6CA52169434C60062DA5D /* SpringTypeConverterRegistry.m */ = {isa = PBXFileReference; fileEncoding = 4; lastKnownFileType = sourcecode.c.objc; path = SpringTypeConverterRegistry.m; sourceTree = "<group>"; };
		6BA6CA53169434C60062DA5D /* SpringTypeDescriptor.h */ = {isa = PBXFileReference; fileEncoding = 4; lastKnownFileType = sourcecode.c.h; path = SpringTypeDescriptor.h; sourceTree = "<group>"; };
		6BA6CA54169434C60062DA5D /* SpringTypeDescriptor.m */ = {isa = PBXFileReference; fileEncoding = 4; lastKnownFileType = sourcecode.c.objc; path = SpringTypeDescriptor.m; sourceTree = "<group>"; };
		6BA6CA56169434C60062DA5D /* NSObject+SpringReflectionUtils.h */ = {isa = PBXFileReference; fileEncoding = 4; lastKnownFileType = sourcecode.c.h; path = "NSObject+SpringReflectionUtils.h"; sourceTree = "<group>"; };
		6BA6CA57169434C60062DA5D /* NSObject+SpringReflectionUtils.m */ = {isa = PBXFileReference; fileEncoding = 4; lastKnownFileType = sourcecode.c.objc; path = "NSObject+SpringReflectionUtils.m"; sourceTree = "<group>"; };
		6BA6CA58169434C60062DA5D /* SpringBundleResource.h */ = {isa = PBXFileReference; fileEncoding = 4; lastKnownFileType = sourcecode.c.h; path = SpringBundleResource.h; sourceTree = "<group>"; };
		6BA6CA59169434C60062DA5D /* SpringBundleResource.m */ = {isa = PBXFileReference; fileEncoding = 4; lastKnownFileType = sourcecode.c.objc; path = SpringBundleResource.m; sourceTree = "<group>"; };
		6BA6CA5A169434C60062DA5D /* SpringReflectionUtils.h */ = {isa = PBXFileReference; fileEncoding = 4; lastKnownFileType = sourcecode.c.h; path = SpringReflectionUtils.h; sourceTree = "<group>"; };
		6BA6CA5B169434C60062DA5D /* SpringReflectionUtils.m */ = {isa = PBXFileReference; fileEncoding = 4; lastKnownFileType = sourcecode.c.objc; path = SpringReflectionUtils.m; sourceTree = "<group>"; };
		6BA6CA5C169434C60062DA5D /* SpringReflectiveNSObject.h */ = {isa = PBXFileReference; fileEncoding = 4; lastKnownFileType = sourcecode.c.h; path = SpringReflectiveNSObject.h; sourceTree = "<group>"; };
		6BA9C83B168E92B900E6AD6C /* SpringComponentDefinitionTests.m */ = {isa = PBXFileReference; fileEncoding = 4; lastKnownFileType = sourcecode.c.objc; path = SpringComponentDefinitionTests.m; sourceTree = "<group>"; };
		6BA9C83D168E92B900E6AD6C /* en */ = {isa = PBXFileReference; lastKnownFileType = text.plist.strings; name = en; path = en.lproj/InfoPlist.strings; sourceTree = "<group>"; };
		6BA9C83F168E92B900E6AD6C /* SpringComponentDefinition+InstanceBuilderTests.m */ = {isa = PBXFileReference; fileEncoding = 4; lastKnownFileType = sourcecode.c.objc; path = "SpringComponentDefinition+InstanceBuilderTests.m"; sourceTree = "<group>"; };
		6BA9C840168E92B900E6AD6C /* SpringComponentFactoryTests.m */ = {isa = PBXFileReference; fileEncoding = 4; lastKnownFileType = sourcecode.c.objc; path = SpringComponentFactoryTests.m; sourceTree = "<group>"; };
		6BA9C842168E92B900E6AD6C /* JuicyTests-Info.plist */ = {isa = PBXFileReference; fileEncoding = 4; lastKnownFileType = text.plist.xml; path = "JuicyTests-Info.plist"; sourceTree = "<group>"; };
		6BA9C843168E92B900E6AD6C /* JuicyTests-Prefix.pch */ = {isa = PBXFileReference; fileEncoding = 4; lastKnownFileType = sourcecode.c.h; path = "JuicyTests-Prefix.pch"; sourceTree = "<group>"; };
		6BA9C846168E92B900E6AD6C /* CavalryMan.h */ = {isa = PBXFileReference; fileEncoding = 4; lastKnownFileType = sourcecode.c.h; path = CavalryMan.h; sourceTree = "<group>"; };
		6BA9C847168E92B900E6AD6C /* CavalryMan.m */ = {isa = PBXFileReference; fileEncoding = 4; lastKnownFileType = sourcecode.c.objc; path = CavalryMan.m; sourceTree = "<group>"; };
		6BA9C848168E92B900E6AD6C /* Champion.h */ = {isa = PBXFileReference; fileEncoding = 4; lastKnownFileType = sourcecode.c.h; path = Champion.h; sourceTree = "<group>"; };
		6BA9C849168E92B900E6AD6C /* Champion.m */ = {isa = PBXFileReference; fileEncoding = 4; lastKnownFileType = sourcecode.c.objc; path = Champion.m; sourceTree = "<group>"; };
		6BA9C84A168E92B900E6AD6C /* Knight.h */ = {isa = PBXFileReference; fileEncoding = 4; lastKnownFileType = sourcecode.c.h; path = Knight.h; sourceTree = "<group>"; };
		6BA9C84B168E92B900E6AD6C /* Knight.m */ = {isa = PBXFileReference; fileEncoding = 4; lastKnownFileType = sourcecode.c.objc; path = Knight.m; sourceTree = "<group>"; };
		6BA9C84C168E92B900E6AD6C /* CampaignQuest.h */ = {isa = PBXFileReference; fileEncoding = 4; lastKnownFileType = sourcecode.c.h; path = CampaignQuest.h; sourceTree = "<group>"; };
		6BA9C84D168E92B900E6AD6C /* CampaignQuest.m */ = {isa = PBXFileReference; fileEncoding = 4; lastKnownFileType = sourcecode.c.objc; path = CampaignQuest.m; sourceTree = "<group>"; };
		6BA9C84F168E92B900E6AD6C /* SpringPrimitiveTypeConverterTests.m */ = {isa = PBXFileReference; fileEncoding = 4; lastKnownFileType = sourcecode.c.objc; path = SpringPrimitiveTypeConverterTests.m; sourceTree = "<group>"; };
		6BA9C852168E92B900E6AD6C /* NSObject+SpringReflectionUtilsTests.m */ = {isa = PBXFileReference; fileEncoding = 4; lastKnownFileType = sourcecode.c.objc; path = "NSObject+SpringReflectionUtilsTests.m"; sourceTree = "<group>"; };
		6BCBE9EA1694027C0096F861 /* Spring-OSX.framework */ = {isa = PBXFileReference; explicitFileType = wrapper.framework; includeInIndex = 0; path = "Spring-OSX.framework"; sourceTree = BUILT_PRODUCTS_DIR; };
		6BCBEB9C169408990096F861 /* libSpring-iOS-StaticLib.a */ = {isa = PBXFileReference; explicitFileType = archive.ar; includeInIndex = 0; path = "libSpring-iOS-StaticLib.a"; sourceTree = BUILT_PRODUCTS_DIR; };
		6BCBEC47169409B60096F861 /* libxml2.dylib */ = {isa = PBXFileReference; lastKnownFileType = "compiled.mach-o.dylib"; name = libxml2.dylib; path = Platforms/iPhoneOS.platform/Developer/SDKs/iPhoneOS6.0.sdk/usr/lib/libxml2.dylib; sourceTree = DEVELOPER_DIR; };
		6BCBEC49169409BC0096F861 /* libz.dylib */ = {isa = PBXFileReference; lastKnownFileType = "compiled.mach-o.dylib"; name = libz.dylib; path = Platforms/iPhoneOS.platform/Developer/SDKs/iPhoneOS6.0.sdk/usr/lib/libz.dylib; sourceTree = DEVELOPER_DIR; };
		6BD6F984168935FB00FE2774 /* SenTestingKit.framework */ = {isa = PBXFileReference; lastKnownFileType = wrapper.framework; name = SenTestingKit.framework; path = Library/Frameworks/SenTestingKit.framework; sourceTree = DEVELOPER_DIR; };
		6BD6F986168935FB00FE2774 /* Cocoa.framework */ = {isa = PBXFileReference; lastKnownFileType = wrapper.framework; name = Cocoa.framework; path = Library/Frameworks/Cocoa.framework; sourceTree = DEVELOPER_DIR; };
		6BD6F989168935FB00FE2774 /* AppKit.framework */ = {isa = PBXFileReference; lastKnownFileType = wrapper.framework; name = AppKit.framework; path = Library/Frameworks/AppKit.framework; sourceTree = SDKROOT; };
		6BD6F98A168935FB00FE2774 /* CoreData.framework */ = {isa = PBXFileReference; lastKnownFileType = wrapper.framework; name = CoreData.framework; path = Library/Frameworks/CoreData.framework; sourceTree = SDKROOT; };
		6BD6F98B168935FB00FE2774 /* Foundation.framework */ = {isa = PBXFileReference; lastKnownFileType = wrapper.framework; name = Foundation.framework; path = Library/Frameworks/Foundation.framework; sourceTree = SDKROOT; };
		6BD6F9A0168936D500FE2774 /* Tests.octest */ = {isa = PBXFileReference; explicitFileType = wrapper.cfbundle; includeInIndex = 0; path = Tests.octest; sourceTree = BUILT_PRODUCTS_DIR; };
		BA7982CAB715A6777CA9E5F9 /* ClassBDependsOnA.h */ = {isa = PBXFileReference; fileEncoding = 4; lastKnownFileType = sourcecode.c.h; path = ClassBDependsOnA.h; sourceTree = "<group>"; };
		BA798386B768F0D4DEECA5D5 /* MiddleAgesAssembly.xml */ = {isa = PBXFileReference; fileEncoding = 4; lastKnownFileType = text.xml; path = MiddleAgesAssembly.xml; sourceTree = "<group>"; };
		BA7983D2CEC00D7FAF64C182 /* ClassADependsOnB.m */ = {isa = PBXFileReference; fileEncoding = 4; lastKnownFileType = sourcecode.c.objc; path = ClassADependsOnB.m; sourceTree = "<group>"; };
		BA7984166797DDC512D79B49 /* Sword.h */ = {isa = PBXFileReference; fileEncoding = 4; lastKnownFileType = sourcecode.c.h; path = Sword.h; sourceTree = "<group>"; };
		BA79847BA473D646F208D8AB /* RXMLElement+SpringXmlComponentFactoryTests.m */ = {isa = PBXFileReference; fileEncoding = 4; lastKnownFileType = sourcecode.c.objc; path = "RXMLElement+SpringXmlComponentFactoryTests.m"; sourceTree = "<group>"; };
		BA798580D7B774719BB23661 /* SwordFactory.m */ = {isa = PBXFileReference; fileEncoding = 4; lastKnownFileType = sourcecode.c.objc; path = SwordFactory.m; sourceTree = "<group>"; };
		BA798754085BEEED840E5182 /* SpringXmlComponentFactoryTests.m */ = {isa = PBXFileReference; fileEncoding = 4; lastKnownFileType = sourcecode.c.objc; path = SpringXmlComponentFactoryTests.m; sourceTree = "<group>"; };
		BA79887AE533B0ED8FD40BFA /* README.md */ = {isa = PBXFileReference; lastKnownFileType = file.md; path = README.md; sourceTree = "<group>"; };
		BA7988E7A0B25288092F2A6D /* ClassADependsOnB.h */ = {isa = PBXFileReference; fileEncoding = 4; lastKnownFileType = sourcecode.c.h; path = ClassADependsOnB.h; sourceTree = "<group>"; };
		BA7989BC98F3A59831CD05C6 /* assembly.xsd */ = {isa = PBXFileReference; lastKnownFileType = file.xsd; path = assembly.xsd; sourceTree = "<group>"; };
		BA7989FB1913BE74D1F93913 /* Sword.m */ = {isa = PBXFileReference; fileEncoding = 4; lastKnownFileType = sourcecode.c.objc; path = Sword.m; sourceTree = "<group>"; };
		BA798A2E10EABDBD7912DBE5 /* ClassBDependsOnA.m */ = {isa = PBXFileReference; fileEncoding = 4; lastKnownFileType = sourcecode.c.objc; path = ClassBDependsOnA.m; sourceTree = "<group>"; };
		BA798ACBBE11925AFC181DA2 /* SpringTypeConverterRegistryTests.m */ = {isa = PBXFileReference; fileEncoding = 4; lastKnownFileType = sourcecode.c.objc; path = SpringTypeConverterRegistryTests.m; sourceTree = "<group>"; };
		BA798AE0738703EA3204887F /* ExceptionTestAssembly.xml */ = {isa = PBXFileReference; fileEncoding = 4; lastKnownFileType = text.xml; path = ExceptionTestAssembly.xml; sourceTree = "<group>"; };
		BA798B67C3EBDEA3B67B0CA9 /* CircularDependenciesAssembly.xml */ = {isa = PBXFileReference; fileEncoding = 4; lastKnownFileType = text.xml; path = CircularDependenciesAssembly.xml; sourceTree = "<group>"; };
		BA798E7749DFCE6A88093CCE /* Quest.h */ = {isa = PBXFileReference; fileEncoding = 4; lastKnownFileType = sourcecode.c.h; path = Quest.h; sourceTree = "<group>"; };
		BA798FC85927B67C2C25C725 /* SwordFactory.h */ = {isa = PBXFileReference; fileEncoding = 4; lastKnownFileType = sourcecode.c.h; path = SwordFactory.h; sourceTree = "<group>"; };
/* End PBXFileReference section */

/* Begin PBXFrameworksBuildPhase section */
		6BCBE9E61694027C0096F861 /* Frameworks */ = {
			isa = PBXFrameworksBuildPhase;
			buildActionMask = 2147483647;
			files = (
				6BCBE9EB1694027C0096F861 /* Cocoa.framework in Frameworks */,
				6BA6CA5E169434C60062DA5D /* OCHamcrest.framework in Frameworks */,
			);
			runOnlyForDeploymentPostprocessing = 0;
		};
		6BCBEB99169408990096F861 /* Frameworks */ = {
			isa = PBXFrameworksBuildPhase;
			buildActionMask = 2147483647;
			files = (
				6BCBEC4A169409BC0096F861 /* libz.dylib in Frameworks */,
				6BCBEC48169409B60096F861 /* libxml2.dylib in Frameworks */,
				6BCBEB9D169408990096F861 /* Foundation.framework in Frameworks */,
				6BA6CA5F169434C60062DA5D /* OCHamcrest.framework in Frameworks */,
			);
			runOnlyForDeploymentPostprocessing = 0;
		};
		6BD6F99C168936D500FE2774 /* Frameworks */ = {
			isa = PBXFrameworksBuildPhase;
			buildActionMask = 2147483647;
			files = (
				6BA403ED168DF30600A89433 /* libxml2.dylib in Frameworks */,
				6BD6F9A1168936D500FE2774 /* SenTestingKit.framework in Frameworks */,
				6BD6F9A2168936D500FE2774 /* Cocoa.framework in Frameworks */,
				6B46752416894EB70049404E /* OCHamcrest.framework in Frameworks */,
				6BA6CA5D169434C60062DA5D /* OCHamcrest.framework in Frameworks */,
			);
			runOnlyForDeploymentPostprocessing = 0;
		};
/* End PBXFrameworksBuildPhase section */

/* Begin PBXGroup section */
		6B263715168556790026E894 = {
			isa = PBXGroup;
			children = (
				6BA6CA1F169434C60062DA5D /* External */,
				6BA6CA27169434C60062DA5D /* Source */,
				6BA9C839168E92B900E6AD6C /* Tests */,
				6B263723168556790026E894 /* Frameworks */,
				6B263721168556790026E894 /* Products */,
				BA79887AE533B0ED8FD40BFA /* README.md */,
				BA798FBD584D543429E89A75 /* schema */,
			);
			sourceTree = "<group>";
		};
		6B263721168556790026E894 /* Products */ = {
			isa = PBXGroup;
			children = (
				6BD6F9A0168936D500FE2774 /* Tests.octest */,
				6BCBE9EA1694027C0096F861 /* Spring-OSX.framework */,
				6BCBEB9C169408990096F861 /* libSpring-iOS-StaticLib.a */,
			);
			name = Products;
			sourceTree = "<group>";
		};
		6B263723168556790026E894 /* Frameworks */ = {
			isa = PBXGroup;
			children = (
				6BCBEC49169409BC0096F861 /* libz.dylib */,
				6BCBEC47169409B60096F861 /* libxml2.dylib */,
				6BA403E9168DF13F00A89433 /* libxml2.dylib */,
				6B46752116894D910049404E /* OCHamcrest.framework */,
				6B263724168556790026E894 /* Foundation.framework */,
				6BD6F984168935FB00FE2774 /* SenTestingKit.framework */,
				6BD6F986168935FB00FE2774 /* Cocoa.framework */,
				6BD6F988168935FB00FE2774 /* Other Frameworks */,
			);
			name = Frameworks;
			sourceTree = "<group>";
		};
		6BA6CA1F169434C60062DA5D /* External */ = {
			isa = PBXGroup;
			children = (
				6BA6CA20169434C60062DA5D /* OCHamcrest.framework */,
				6BA6CA21169434C60062DA5D /* OCLogTemplate */,
				6BA6CA24169434C60062DA5D /* RaptureXML */,
			);
			path = External;
			sourceTree = "<group>";
		};
		6BA6CA21169434C60062DA5D /* OCLogTemplate */ = {
			isa = PBXGroup;
			children = (
				6BA6CA22169434C60062DA5D /* OCLogTemplate.h */,
				6BA6CA23169434C60062DA5D /* README */,
			);
			path = OCLogTemplate;
			sourceTree = "<group>";
		};
		6BA6CA24169434C60062DA5D /* RaptureXML */ = {
			isa = PBXGroup;
			children = (
				6BA6CA25169434C60062DA5D /* RXMLElement.h */,
				6BA6CA26169434C60062DA5D /* RXMLElement.m */,
			);
			path = RaptureXML;
			sourceTree = "<group>";
		};
		6BA6CA27169434C60062DA5D /* Source */ = {
			isa = PBXGroup;
			children = (
				6BA6CA28169434C60062DA5D /* Component */,
				6BA6CA3C169434C60062DA5D /* Factory */,
				6BA6CA46169434C60062DA5D /* FruitJuice.1 */,
				6BA6CA47169434C60062DA5D /* main.m */,
				6BA6CA48169434C60062DA5D /* Spring-Objective-C-Prefix.pch */,
				6BA6CA49169434C60062DA5D /* TypeConversion */,
				6BA6CA55169434C60062DA5D /* Utils */,
			);
			path = Source;
			sourceTree = "<group>";
		};
		6BA6CA28169434C60062DA5D /* Component */ = {
			isa = PBXGroup;
			children = (
				6BA6CA29169434C60062DA5D /* Initializer */,
				6BA6CA31169434C60062DA5D /* Properties */,
				6BA6CA3A169434C60062DA5D /* SpringComponentDefinition.h */,
				6BA6CA3B169434C60062DA5D /* SpringComponentDefinition.m */,
			);
			path = Component;
			sourceTree = "<group>";
		};
		6BA6CA29169434C60062DA5D /* Initializer */ = {
			isa = PBXGroup;
			children = (
				6BA6CA2A169434C60062DA5D /* SpringComponentInitializer.h */,
				6BA6CA2B169434C60062DA5D /* SpringComponentInitializer.m */,
				6BA6CA2C169434C60062DA5D /* SpringInjectedParameter.h */,
				6BA6CA2D169434C60062DA5D /* SpringParameterInjectedByReference.h */,
				6BA6CA2E169434C60062DA5D /* SpringParameterInjectedByReference.m */,
				6BA6CA2F169434C60062DA5D /* SpringParameterInjectedByValue.h */,
				6BA6CA30169434C60062DA5D /* SpringParameterInjectedByValue.m */,
			);
			path = Initializer;
			sourceTree = "<group>";
		};
		6BA6CA31169434C60062DA5D /* Properties */ = {
			isa = PBXGroup;
			children = (
				6BA6CA32169434C60062DA5D /* SpringInjectedProperty.h */,
				6BA6CA33169434C60062DA5D /* SpringPropertyInjectedByReference.h */,
				6BA6CA34169434C60062DA5D /* SpringPropertyInjectedByReference.m */,
				6BA6CA35169434C60062DA5D /* SpringPropertyInjectedByType.h */,
				6BA6CA36169434C60062DA5D /* SpringPropertyInjectedByType.m */,
				6BA6CA37169434C60062DA5D /* SpringPropertyInjectedByValue.h */,
				6BA6CA38169434C60062DA5D /* SpringPropertyInjectedByValue.m */,
				6BA6CA39169434C60062DA5D /* SpringPropertyInjectionDelegate.h */,
			);
			path = Properties;
			sourceTree = "<group>";
		};
		6BA6CA3C169434C60062DA5D /* Factory */ = {
			isa = PBXGroup;
			children = (
				6BA6CA3D169434C60062DA5D /* SpringComponentFactory+InstanceBuilder.h */,
				6BA6CA3E169434C60062DA5D /* SpringComponentFactory+InstanceBuilder.m */,
				6BA6CA3F169434C60062DA5D /* SpringComponentFactory.h */,
				6BA6CA40169434C60062DA5D /* SpringComponentFactory.m */,
				6BA6CA41169434C60062DA5D /* Xml */,
			);
			path = Factory;
			sourceTree = "<group>";
		};
		6BA6CA41169434C60062DA5D /* Xml */ = {
			isa = PBXGroup;
			children = (
				6BA6CA42169434C60062DA5D /* RXMLElement+SpringXmlComponentFactory.h */,
				6BA6CA43169434C60062DA5D /* RXMLElement+SpringXmlComponentFactory.m */,
				6BA6CA44169434C60062DA5D /* SpringXmlComponentFactory.h */,
				6BA6CA45169434C60062DA5D /* SpringXmlComponentFactory.m */,
			);
			path = Xml;
			sourceTree = "<group>";
		};
		6BA6CA49169434C60062DA5D /* TypeConversion */ = {
			isa = PBXGroup;
			children = (
				6BA6CA4A169434C60062DA5D /* SpringNSURLTypeConverter.h */,
				6BA6CA4B169434C60062DA5D /* SpringNSURLTypeConverter.m */,
				6BA6CA4C169434C60062DA5D /* SpringPassThroughTypeConverter.h */,
				6BA6CA4D169434C60062DA5D /* SpringPassThroughTypeConverter.m */,
				6BA6CA4E169434C60062DA5D /* SpringPrimitiveTypeConverter.h */,
				6BA6CA4F169434C60062DA5D /* SpringPrimitiveTypeConverter.m */,
				6BA6CA50169434C60062DA5D /* SpringTypeConverter.h */,
				6BA6CA51169434C60062DA5D /* SpringTypeConverterRegistry.h */,
				6BA6CA52169434C60062DA5D /* SpringTypeConverterRegistry.m */,
				6BA6CA53169434C60062DA5D /* SpringTypeDescriptor.h */,
				6BA6CA54169434C60062DA5D /* SpringTypeDescriptor.m */,
			);
			path = TypeConversion;
			sourceTree = "<group>";
		};
		6BA6CA55169434C60062DA5D /* Utils */ = {
			isa = PBXGroup;
			children = (
				6BA6CA56169434C60062DA5D /* NSObject+SpringReflectionUtils.h */,
				6BA6CA57169434C60062DA5D /* NSObject+SpringReflectionUtils.m */,
				6BA6CA58169434C60062DA5D /* SpringBundleResource.h */,
				6BA6CA59169434C60062DA5D /* SpringBundleResource.m */,
				6BA6CA5A169434C60062DA5D /* SpringReflectionUtils.h */,
				6BA6CA5B169434C60062DA5D /* SpringReflectionUtils.m */,
				6BA6CA5C169434C60062DA5D /* SpringReflectiveNSObject.h */,
			);
			path = Utils;
			sourceTree = "<group>";
		};
		6BA9C839168E92B900E6AD6C /* Tests */ = {
			isa = PBXGroup;
			children = (
				6BA9C83A168E92B900E6AD6C /* Component */,
				6BA9C83C168E92B900E6AD6C /* InfoPlist.strings */,
				6BA9C83E168E92B900E6AD6C /* Factory */,
				6BA9C842168E92B900E6AD6C /* JuicyTests-Info.plist */,
				6BA9C843168E92B900E6AD6C /* JuicyTests-Prefix.pch */,
				6BA9C845168E92B900E6AD6C /* Model */,
				6BA9C84E168E92B900E6AD6C /* TypeConversion */,
				6BA9C850168E92B900E6AD6C /* Utils */,
				BA7988FF676E9EDD6840234D /* Resources */,
			);
			path = Tests;
			sourceTree = "<group>";
		};
		6BA9C83A168E92B900E6AD6C /* Component */ = {
			isa = PBXGroup;
			children = (
				6BA9C83B168E92B900E6AD6C /* SpringComponentDefinitionTests.m */,
			);
			path = Component;
			sourceTree = "<group>";
		};
		6BA9C83E168E92B900E6AD6C /* Factory */ = {
			isa = PBXGroup;
			children = (
				6BA9C83F168E92B900E6AD6C /* SpringComponentDefinition+InstanceBuilderTests.m */,
				6BA9C840168E92B900E6AD6C /* SpringComponentFactoryTests.m */,
				BA798C7304717F68677420A2 /* Xml */,
			);
			path = Factory;
			sourceTree = "<group>";
		};
		6BA9C845168E92B900E6AD6C /* Model */ = {
			isa = PBXGroup;
			children = (
				6BA9C846168E92B900E6AD6C /* CavalryMan.h */,
				6BA9C847168E92B900E6AD6C /* CavalryMan.m */,
				6BA9C848168E92B900E6AD6C /* Champion.h */,
				6BA9C849168E92B900E6AD6C /* Champion.m */,
				6BA9C84A168E92B900E6AD6C /* Knight.h */,
				6BA9C84B168E92B900E6AD6C /* Knight.m */,
				6BA9C84C168E92B900E6AD6C /* CampaignQuest.h */,
				6BA9C84D168E92B900E6AD6C /* CampaignQuest.m */,
				BA798E7749DFCE6A88093CCE /* Quest.h */,
				BA798EFB60A82CA7C4BAB648 /* CircularDependencies */,
				BA7983874FECEBEFD3BFB980 /* Factory */,
			);
			path = Model;
			sourceTree = "<group>";
		};
		6BA9C84E168E92B900E6AD6C /* TypeConversion */ = {
			isa = PBXGroup;
			children = (
				6BA9C84F168E92B900E6AD6C /* SpringPrimitiveTypeConverterTests.m */,
				BA798ACBBE11925AFC181DA2 /* SpringTypeConverterRegistryTests.m */,
			);
			path = TypeConversion;
			sourceTree = "<group>";
		};
		6BA9C850168E92B900E6AD6C /* Utils */ = {
			isa = PBXGroup;
			children = (
				6BA9C852168E92B900E6AD6C /* NSObject+SpringReflectionUtilsTests.m */,
			);
			path = Utils;
			sourceTree = "<group>";
		};
		6BD6F988168935FB00FE2774 /* Other Frameworks */ = {
			isa = PBXGroup;
			children = (
				6BD6F989168935FB00FE2774 /* AppKit.framework */,
				6BD6F98A168935FB00FE2774 /* CoreData.framework */,
				6BD6F98B168935FB00FE2774 /* Foundation.framework */,
			);
			name = "Other Frameworks";
			sourceTree = "<group>";
		};
		BA7983874FECEBEFD3BFB980 /* Factory */ = {
			isa = PBXGroup;
			children = (
				BA798580D7B774719BB23661 /* SwordFactory.m */,
				BA798FC85927B67C2C25C725 /* SwordFactory.h */,
				BA7989FB1913BE74D1F93913 /* Sword.m */,
				BA7984166797DDC512D79B49 /* Sword.h */,
			);
			path = Factory;
			sourceTree = "<group>";
		};
		BA7988FF676E9EDD6840234D /* Resources */ = {
			isa = PBXGroup;
			children = (
				BA798386B768F0D4DEECA5D5 /* MiddleAgesAssembly.xml */,
				BA798B67C3EBDEA3B67B0CA9 /* CircularDependenciesAssembly.xml */,
				BA798AE0738703EA3204887F /* ExceptionTestAssembly.xml */,
			);
			path = Resources;
			sourceTree = "<group>";
		};
		BA798C7304717F68677420A2 /* Xml */ = {
			isa = PBXGroup;
			children = (
				BA798754085BEEED840E5182 /* SpringXmlComponentFactoryTests.m */,
				BA79847BA473D646F208D8AB /* RXMLElement+SpringXmlComponentFactoryTests.m */,
			);
			path = Xml;
			sourceTree = "<group>";
		};
		BA798EFB60A82CA7C4BAB648 /* CircularDependencies */ = {
			isa = PBXGroup;
			children = (
				BA7983D2CEC00D7FAF64C182 /* ClassADependsOnB.m */,
				BA7988E7A0B25288092F2A6D /* ClassADependsOnB.h */,
				BA798A2E10EABDBD7912DBE5 /* ClassBDependsOnA.m */,
				BA7982CAB715A6777CA9E5F9 /* ClassBDependsOnA.h */,
			);
			path = CircularDependencies;
			sourceTree = "<group>";
		};
		BA798FBD584D543429E89A75 /* schema */ = {
			isa = PBXGroup;
			children = (
				BA7989BC98F3A59831CD05C6 /* assembly.xsd */,
			);
			path = schema;
			sourceTree = "<group>";
		};
/* End PBXGroup section */

/* Begin PBXHeadersBuildPhase section */
		6BCBE9E71694027C0096F861 /* Headers */ = {
			isa = PBXHeadersBuildPhase;
			buildActionMask = 2147483647;
			files = (
				6BA6CA61169434C60062DA5D /* OCLogTemplate.h in Headers */,
				6BA6CA66169434C60062DA5D /* RXMLElement.h in Headers */,
				6BA6CA6C169434C60062DA5D /* SpringComponentInitializer.h in Headers */,
				6BA6CA72169434C60062DA5D /* SpringInjectedParameter.h in Headers */,
				6BA6CA74169434C60062DA5D /* SpringParameterInjectedByReference.h in Headers */,
				6BA6CA7A169434C60062DA5D /* SpringParameterInjectedByValue.h in Headers */,
				6BA6CA80169434C60062DA5D /* SpringInjectedProperty.h in Headers */,
				6BA6CA82169434C60062DA5D /* SpringPropertyInjectedByReference.h in Headers */,
				6BA6CA88169434C60062DA5D /* SpringPropertyInjectedByType.h in Headers */,
				6BA6CA8E169434C60062DA5D /* SpringPropertyInjectedByValue.h in Headers */,
				6BA6CA94169434C60062DA5D /* SpringPropertyInjectionDelegate.h in Headers */,
				6BA6CA96169434C60062DA5D /* SpringComponentDefinition.h in Headers */,
				6BA6CA9C169434C60062DA5D /* SpringComponentFactory+InstanceBuilder.h in Headers */,
				6BA6CAA2169434C60062DA5D /* SpringComponentFactory.h in Headers */,
				6BA6CAA8169434C60062DA5D /* RXMLElement+SpringXmlComponentFactory.h in Headers */,
				6BA6CAAE169434C60062DA5D /* SpringXmlComponentFactory.h in Headers */,
				6BA6CABB169434C60062DA5D /* Spring-Objective-C-Prefix.pch in Headers */,
				6BA6CABD169434C60062DA5D /* SpringNSURLTypeConverter.h in Headers */,
				6BA6CAC3169434C60062DA5D /* SpringPassThroughTypeConverter.h in Headers */,
				6BA6CAC9169434C60062DA5D /* SpringPrimitiveTypeConverter.h in Headers */,
				6BA6CACF169434C60062DA5D /* SpringTypeConverter.h in Headers */,
				6BA6CAD1169434C60062DA5D /* SpringTypeConverterRegistry.h in Headers */,
				6BA6CAD7169434C60062DA5D /* SpringTypeDescriptor.h in Headers */,
				6BA6CADD169434C60062DA5D /* NSObject+SpringReflectionUtils.h in Headers */,
				6BA6CAE3169434C60062DA5D /* SpringBundleResource.h in Headers */,
				6BA6CAE9169434C60062DA5D /* SpringReflectionUtils.h in Headers */,
				6BA6CAEF169434C60062DA5D /* SpringReflectiveNSObject.h in Headers */,
			);
			runOnlyForDeploymentPostprocessing = 0;
		};
/* End PBXHeadersBuildPhase section */

/* Begin PBXNativeTarget section */
		6BCBE9E91694027C0096F861 /* Spring-OSX */ = {
			isa = PBXNativeTarget;
			buildConfigurationList = 6BCBE9F81694027C0096F861 /* Build configuration list for PBXNativeTarget "Spring-OSX" */;
			buildPhases = (
				6BCBE9E51694027C0096F861 /* Sources */,
				6BCBE9E61694027C0096F861 /* Frameworks */,
				6BCBE9E71694027C0096F861 /* Headers */,
				6BCBE9E81694027C0096F861 /* Resources */,
			);
			buildRules = (
			);
			dependencies = (
			);
			name = "Spring-OSX";
			productName = "Spring-OSX";
			productReference = 6BCBE9EA1694027C0096F861 /* Spring-OSX.framework */;
			productType = "com.apple.product-type.framework";
		};
		6BCBEB9B169408990096F861 /* Spring-iOS-StaticLib */ = {
			isa = PBXNativeTarget;
			buildConfigurationList = 6BCBEBA5169408990096F861 /* Build configuration list for PBXNativeTarget "Spring-iOS-StaticLib" */;
			buildPhases = (
				6BCBEB98169408990096F861 /* Sources */,
				6BCBEB99169408990096F861 /* Frameworks */,
				6BCBEB9A169408990096F861 /* CopyFiles */,
			);
			buildRules = (
			);
			dependencies = (
			);
			name = "Spring-iOS-StaticLib";
			productName = "Spring-iOS-StaticLib";
			productReference = 6BCBEB9C169408990096F861 /* libSpring-iOS-StaticLib.a */;
			productType = "com.apple.product-type.library.static";
		};
		6BD6F99F168936D500FE2774 /* Tests */ = {
			isa = PBXNativeTarget;
			buildConfigurationList = 6BD6F9AD168936D500FE2774 /* Build configuration list for PBXNativeTarget "Tests" */;
			buildPhases = (
				6BD6F99B168936D500FE2774 /* Sources */,
				6BD6F99C168936D500FE2774 /* Frameworks */,
				6BD6F99D168936D500FE2774 /* Resources */,
				6B467525168950310049404E /* CopyFiles */,
				6BD6F99E168936D500FE2774 /* ShellScript */,
			);
			buildRules = (
			);
			dependencies = (
			);
			name = Tests;
			productName = JuicyTests;
			productReference = 6BD6F9A0168936D500FE2774 /* Tests.octest */;
			productType = "com.apple.product-type.bundle";
		};
/* End PBXNativeTarget section */

/* Begin PBXProject section */
		6B263717168556790026E894 /* Project object */ = {
			isa = PBXProject;
			attributes = {
				LastUpgradeCheck = 0450;
				ORGANIZATIONNAME = AppsQuick.ly;
			};
			buildConfigurationList = 6B26371A168556790026E894 /* Build configuration list for PBXProject "Spring-Objective-C" */;
			compatibilityVersion = "Xcode 3.2";
			developmentRegion = English;
			hasScannedForEncodings = 0;
			knownRegions = (
				en,
			);
			mainGroup = 6B263715168556790026E894;
			productRefGroup = 6B263721168556790026E894 /* Products */;
			projectDirPath = "";
			projectRoot = "";
			targets = (
				6BD6F99F168936D500FE2774 /* Tests */,
				6BCBE9E91694027C0096F861 /* Spring-OSX */,
				6BCBEB9B169408990096F861 /* Spring-iOS-StaticLib */,
			);
		};
/* End PBXProject section */

/* Begin PBXResourcesBuildPhase section */
		6BCBE9E81694027C0096F861 /* Resources */ = {
			isa = PBXResourcesBuildPhase;
			buildActionMask = 2147483647;
			files = (
			);
			runOnlyForDeploymentPostprocessing = 0;
		};
		6BD6F99D168936D500FE2774 /* Resources */ = {
			isa = PBXResourcesBuildPhase;
			buildActionMask = 2147483647;
			files = (
				6BA9C854168E92B900E6AD6C /* InfoPlist.strings in Resources */,
				BA798E1AB198474D577CB312 /* MiddleAgesAssembly.xml in Resources */,
				BA7989DF446D51BAB908086B /* CircularDependenciesAssembly.xml in Resources */,
				BA798E0B7B2B1A387D394030 /* ExceptionTestAssembly.xml in Resources */,
				6BA6CA63169434C60062DA5D /* README in Resources */,
			);
			runOnlyForDeploymentPostprocessing = 0;
		};
/* End PBXResourcesBuildPhase section */

/* Begin PBXShellScriptBuildPhase section */
		6BD6F99E168936D500FE2774 /* ShellScript */ = {
			isa = PBXShellScriptBuildPhase;
			buildActionMask = 2147483647;
			files = (
			);
			inputPaths = (
			);
			outputPaths = (
			);
			runOnlyForDeploymentPostprocessing = 0;
			shellPath = /bin/sh;
			shellScript = "# Run the unit tests in this test bundle.\n\"${SYSTEM_DEVELOPER_DIR}/Tools/RunUnitTests\"\n";
		};
/* End PBXShellScriptBuildPhase section */

/* Begin PBXSourcesBuildPhase section */
		6BCBE9E51694027C0096F861 /* Sources */ = {
			isa = PBXSourcesBuildPhase;
			buildActionMask = 2147483647;
			files = (
				6BA6CA69169434C60062DA5D /* RXMLElement.m in Sources */,
				6BA6CA6F169434C60062DA5D /* SpringComponentInitializer.m in Sources */,
				6BA6CA77169434C60062DA5D /* SpringParameterInjectedByReference.m in Sources */,
				6BA6CA7D169434C60062DA5D /* SpringParameterInjectedByValue.m in Sources */,
				6BA6CA85169434C60062DA5D /* SpringPropertyInjectedByReference.m in Sources */,
				6BA6CA8B169434C60062DA5D /* SpringPropertyInjectedByType.m in Sources */,
				6BA6CA91169434C60062DA5D /* SpringPropertyInjectedByValue.m in Sources */,
				6BA6CA99169434C60062DA5D /* SpringComponentDefinition.m in Sources */,
				6BA6CA9F169434C60062DA5D /* SpringComponentFactory+InstanceBuilder.m in Sources */,
				6BA6CAA5169434C60062DA5D /* SpringComponentFactory.m in Sources */,
				6BA6CAAB169434C60062DA5D /* RXMLElement+SpringXmlComponentFactory.m in Sources */,
				6BA6CAB1169434C60062DA5D /* SpringXmlComponentFactory.m in Sources */,
				6BA6CAC0169434C60062DA5D /* SpringNSURLTypeConverter.m in Sources */,
				6BA6CAC6169434C60062DA5D /* SpringPassThroughTypeConverter.m in Sources */,
				6BA6CACC169434C60062DA5D /* SpringPrimitiveTypeConverter.m in Sources */,
				6BA6CAD4169434C60062DA5D /* SpringTypeConverterRegistry.m in Sources */,
				6BA6CADA169434C60062DA5D /* SpringTypeDescriptor.m in Sources */,
				6BA6CAE0169434C60062DA5D /* NSObject+SpringReflectionUtils.m in Sources */,
				6BA6CAE6169434C60062DA5D /* SpringBundleResource.m in Sources */,
				6BA6CAEC169434C60062DA5D /* SpringReflectionUtils.m in Sources */,
			);
			runOnlyForDeploymentPostprocessing = 0;
		};
		6BCBEB98169408990096F861 /* Sources */ = {
			isa = PBXSourcesBuildPhase;
			buildActionMask = 2147483647;
			files = (
				6BA6CA6A169434C60062DA5D /* RXMLElement.m in Sources */,
				6BA6CA70169434C60062DA5D /* SpringComponentInitializer.m in Sources */,
				6BA6CA78169434C60062DA5D /* SpringParameterInjectedByReference.m in Sources */,
				6BA6CA7E169434C60062DA5D /* SpringParameterInjectedByValue.m in Sources */,
				6BA6CA86169434C60062DA5D /* SpringPropertyInjectedByReference.m in Sources */,
				6BA6CA8C169434C60062DA5D /* SpringPropertyInjectedByType.m in Sources */,
				6BA6CA92169434C60062DA5D /* SpringPropertyInjectedByValue.m in Sources */,
				6BA6CA9A169434C60062DA5D /* SpringComponentDefinition.m in Sources */,
				6BA6CAA0169434C60062DA5D /* SpringComponentFactory+InstanceBuilder.m in Sources */,
				6BA6CAA6169434C60062DA5D /* SpringComponentFactory.m in Sources */,
				6BA6CAAC169434C60062DA5D /* RXMLElement+SpringXmlComponentFactory.m in Sources */,
				6BA6CAB2169434C60062DA5D /* SpringXmlComponentFactory.m in Sources */,
				6BA6CAC1169434C60062DA5D /* SpringNSURLTypeConverter.m in Sources */,
				6BA6CAC7169434C60062DA5D /* SpringPassThroughTypeConverter.m in Sources */,
				6BA6CACD169434C60062DA5D /* SpringPrimitiveTypeConverter.m in Sources */,
				6BA6CAD5169434C60062DA5D /* SpringTypeConverterRegistry.m in Sources */,
				6BA6CADB169434C60062DA5D /* SpringTypeDescriptor.m in Sources */,
				6BA6CAE1169434C60062DA5D /* NSObject+SpringReflectionUtils.m in Sources */,
				6BA6CAE7169434C60062DA5D /* SpringBundleResource.m in Sources */,
				6BA6CAED169434C60062DA5D /* SpringReflectionUtils.m in Sources */,
			);
			runOnlyForDeploymentPostprocessing = 0;
		};
		6BD6F99B168936D500FE2774 /* Sources */ = {
			isa = PBXSourcesBuildPhase;
			buildActionMask = 2147483647;
			files = (
				6BA9C853168E92B900E6AD6C /* SpringComponentDefinitionTests.m in Sources */,
				6BA9C855168E92B900E6AD6C /* SpringComponentDefinition+InstanceBuilderTests.m in Sources */,
				6BA9C856168E92B900E6AD6C /* SpringComponentFactoryTests.m in Sources */,
				6BA9C859168E92B900E6AD6C /* CavalryMan.m in Sources */,
				6BA9C85A168E92B900E6AD6C /* Champion.m in Sources */,
				6BA9C85B168E92B900E6AD6C /* Knight.m in Sources */,
				6BA9C85C168E92B900E6AD6C /* CampaignQuest.m in Sources */,
				6BA9C85D168E92B900E6AD6C /* SpringPrimitiveTypeConverterTests.m in Sources */,
				6BA9C85F168E92B900E6AD6C /* NSObject+SpringReflectionUtilsTests.m in Sources */,
				BA7989CF067CB29C461CC402 /* SpringXmlComponentFactoryTests.m in Sources */,
				BA798F582042629F5486FB72 /* RXMLElement+SpringXmlComponentFactoryTests.m in Sources */,
				BA798A741A5809BFBCDEFC10 /* SpringTypeConverterRegistryTests.m in Sources */,
				BA79859119F90487480416FC /* ClassADependsOnB.m in Sources */,
				BA798BB70C1A71EDF5DABE5F /* ClassBDependsOnA.m in Sources */,
				BA798E81CDB3C2DC9307EF0E /* SwordFactory.m in Sources */,
				BA798B7F6AA60453902B2418 /* Sword.m in Sources */,
				6BA6CA68169434C60062DA5D /* RXMLElement.m in Sources */,
				6BA6CA6E169434C60062DA5D /* SpringComponentInitializer.m in Sources */,
				6BA6CA76169434C60062DA5D /* SpringParameterInjectedByReference.m in Sources */,
				6BA6CA7C169434C60062DA5D /* SpringParameterInjectedByValue.m in Sources */,
				6BA6CA84169434C60062DA5D /* SpringPropertyInjectedByReference.m in Sources */,
				6BA6CA8A169434C60062DA5D /* SpringPropertyInjectedByType.m in Sources */,
				6BA6CA90169434C60062DA5D /* SpringPropertyInjectedByValue.m in Sources */,
				6BA6CA98169434C60062DA5D /* SpringComponentDefinition.m in Sources */,
				6BA6CA9E169434C60062DA5D /* SpringComponentFactory+InstanceBuilder.m in Sources */,
				6BA6CAA4169434C60062DA5D /* SpringComponentFactory.m in Sources */,
				6BA6CAAA169434C60062DA5D /* RXMLElement+SpringXmlComponentFactory.m in Sources */,
				6BA6CAB0169434C60062DA5D /* SpringXmlComponentFactory.m in Sources */,
				6BA6CABF169434C60062DA5D /* SpringNSURLTypeConverter.m in Sources */,
				6BA6CAC5169434C60062DA5D /* SpringPassThroughTypeConverter.m in Sources */,
				6BA6CACB169434C60062DA5D /* SpringPrimitiveTypeConverter.m in Sources */,
				6BA6CAD3169434C60062DA5D /* SpringTypeConverterRegistry.m in Sources */,
				6BA6CAD9169434C60062DA5D /* SpringTypeDescriptor.m in Sources */,
				6BA6CADF169434C60062DA5D /* NSObject+SpringReflectionUtils.m in Sources */,
				6BA6CAE5169434C60062DA5D /* SpringBundleResource.m in Sources */,
				6BA6CAEB169434C60062DA5D /* SpringReflectionUtils.m in Sources */,
			);
			runOnlyForDeploymentPostprocessing = 0;
		};
/* End PBXSourcesBuildPhase section */

/* Begin PBXVariantGroup section */
		6BA9C83C168E92B900E6AD6C /* InfoPlist.strings */ = {
			isa = PBXVariantGroup;
			children = (
				6BA9C83D168E92B900E6AD6C /* en */,
			);
			name = InfoPlist.strings;
			sourceTree = "<group>";
		};
/* End PBXVariantGroup section */

/* Begin XCBuildConfiguration section */
		6B26372D168556790026E894 /* Debug */ = {
			isa = XCBuildConfiguration;
			buildSettings = {
				ALWAYS_SEARCH_USER_PATHS = NO;
				ARCHS = "$(ARCHS_STANDARD_64_BIT)";
				CLANG_CXX_LANGUAGE_STANDARD = "gnu++0x";
				CLANG_CXX_LIBRARY = "libc++";
				CLANG_ENABLE_OBJC_ARC = YES;
				CLANG_WARN_EMPTY_BODY = YES;
				CLANG_WARN__DUPLICATE_METHOD_MATCH = YES;
				COPY_PHASE_STRIP = NO;
				GCC_C_LANGUAGE_STANDARD = gnu99;
				GCC_DYNAMIC_NO_PIC = NO;
				GCC_ENABLE_OBJC_EXCEPTIONS = YES;
				GCC_OPTIMIZATION_LEVEL = 0;
				GCC_PREPROCESSOR_DEFINITIONS = (
					"DEBUG=1",
					"$(inherited)",
				);
				GCC_SYMBOLS_PRIVATE_EXTERN = NO;
				GCC_WARN_64_TO_32_BIT_CONVERSION = YES;
				GCC_WARN_ABOUT_RETURN_TYPE = YES;
				GCC_WARN_UNINITIALIZED_AUTOS = YES;
				GCC_WARN_UNUSED_VARIABLE = YES;
				MACOSX_DEPLOYMENT_TARGET = 10.8;
				ONLY_ACTIVE_ARCH = YES;
				SDKROOT = macosx;
			};
			name = Debug;
		};
		6B26372E168556790026E894 /* Release */ = {
			isa = XCBuildConfiguration;
			buildSettings = {
				ALWAYS_SEARCH_USER_PATHS = NO;
				ARCHS = "$(ARCHS_STANDARD_64_BIT)";
				CLANG_CXX_LANGUAGE_STANDARD = "gnu++0x";
				CLANG_CXX_LIBRARY = "libc++";
				CLANG_ENABLE_OBJC_ARC = YES;
				CLANG_WARN_EMPTY_BODY = YES;
				CLANG_WARN__DUPLICATE_METHOD_MATCH = YES;
				COPY_PHASE_STRIP = YES;
				DEBUG_INFORMATION_FORMAT = "dwarf-with-dsym";
				GCC_C_LANGUAGE_STANDARD = gnu99;
				GCC_ENABLE_OBJC_EXCEPTIONS = YES;
				GCC_WARN_64_TO_32_BIT_CONVERSION = YES;
				GCC_WARN_ABOUT_RETURN_TYPE = YES;
				GCC_WARN_UNINITIALIZED_AUTOS = YES;
				GCC_WARN_UNUSED_VARIABLE = YES;
				MACOSX_DEPLOYMENT_TARGET = 10.8;
				SDKROOT = macosx;
			};
			name = Release;
		};
		6BCBE9F61694027C0096F861 /* Debug */ = {
			isa = XCBuildConfiguration;
			buildSettings = {
				COMBINE_HIDPI_IMAGES = YES;
				DYLIB_COMPATIBILITY_VERSION = 1;
				DYLIB_CURRENT_VERSION = 1;
				FRAMEWORK_SEARCH_PATHS = (
					"$(inherited)",
					"\"$(SYSTEM_APPS_DIR)/Xcode.app/Contents/Developer/Library/Frameworks\"",
					"\"$(SRCROOT)/External\"",
				);
				FRAMEWORK_VERSION = A;
				GCC_PRECOMPILE_PREFIX_HEADER = YES;
				GCC_PREFIX_HEADER = "Source/Spring-Objective-C-Prefix.pch";
				HEADER_SEARCH_PATHS = "${SDKROOT}/usr/include/libxml2";
				INFOPLIST_FILE = "Info-OSX.plist";
				OTHER_LDFLAGS = (
					"-lxml2",
					"-lz",
				);
				PRODUCT_NAME = "$(TARGET_NAME)";
				WRAPPER_EXTENSION = framework;
			};
			name = Debug;
		};
		6BCBE9F71694027C0096F861 /* Release */ = {
			isa = XCBuildConfiguration;
			buildSettings = {
				COMBINE_HIDPI_IMAGES = YES;
				DYLIB_COMPATIBILITY_VERSION = 1;
				DYLIB_CURRENT_VERSION = 1;
				FRAMEWORK_SEARCH_PATHS = (
					"$(inherited)",
					"\"$(SYSTEM_APPS_DIR)/Xcode.app/Contents/Developer/Library/Frameworks\"",
					"\"$(SRCROOT)/External\"",
				);
				FRAMEWORK_VERSION = A;
				GCC_PRECOMPILE_PREFIX_HEADER = YES;
				GCC_PREFIX_HEADER = "Source/Spring-Objective-C-Prefix.pch";
				HEADER_SEARCH_PATHS = "${SDKROOT}/usr/include/libxml2";
				INFOPLIST_FILE = "Info-OSX.plist";
				OTHER_LDFLAGS = (
					"-lxml2",
					"-lz",
				);
				PRODUCT_NAME = "$(TARGET_NAME)";
				WRAPPER_EXTENSION = framework;
			};
			name = Release;
		};
		6BCBEBA6169408990096F861 /* Debug */ = {
			isa = XCBuildConfiguration;
			buildSettings = {
				DSTROOT = /tmp/Spring_iOS_StaticLib.dst;
				FRAMEWORK_SEARCH_PATHS = (
					"$(inherited)",
					"\"$(SRCROOT)/External\"",
				);
				GCC_PRECOMPILE_PREFIX_HEADER = YES;
				GCC_PREFIX_HEADER = "Source/Spring-Objective-C-Prefix.pch";
				HEADER_SEARCH_PATHS = "${SDKROOT}/usr/include/libxml2";
				IPHONEOS_DEPLOYMENT_TARGET = 6.0;
				ONLY_ACTIVE_ARCH = YES;
				OTHER_LDFLAGS = "-ObjC";
				PRODUCT_NAME = "$(TARGET_NAME)";
				SDKROOT = iphoneos;
				SKIP_INSTALL = YES;
				VALID_ARCHS = "armv7 armv7s i386 x86_64";
			};
			name = Debug;
		};
		6BCBEBA7169408990096F861 /* Release */ = {
			isa = XCBuildConfiguration;
			buildSettings = {
				DSTROOT = /tmp/Spring_iOS_StaticLib.dst;
				FRAMEWORK_SEARCH_PATHS = (
					"$(inherited)",
					"\"$(SRCROOT)/External\"",
				);
				GCC_PRECOMPILE_PREFIX_HEADER = YES;
				GCC_PREFIX_HEADER = "Source/Spring-Objective-C-Prefix.pch";
				HEADER_SEARCH_PATHS = "${SDKROOT}/usr/include/libxml2";
				IPHONEOS_DEPLOYMENT_TARGET = 6.0;
				ONLY_ACTIVE_ARCH = YES;
				OTHER_LDFLAGS = "-ObjC";
				PRODUCT_NAME = "$(TARGET_NAME)";
				SDKROOT = iphoneos;
				SKIP_INSTALL = YES;
				VALIDATE_PRODUCT = YES;
				VALID_ARCHS = "armv7 armv7s i386 x86_64";
			};
			name = Release;
		};
		6BD6F9AE168936D500FE2774 /* Debug */ = {
			isa = XCBuildConfiguration;
			buildSettings = {
				COMBINE_HIDPI_IMAGES = YES;
				FRAMEWORK_SEARCH_PATHS = (
					"\"$(DEVELOPER_LIBRARY_DIR)/Frameworks\"",
					"\"$(SRCROOT)/External\"",
				);
				GCC_GENERATE_TEST_COVERAGE_FILES = YES;
				GCC_INSTRUMENT_PROGRAM_FLOW_ARCS = YES;
				GCC_PRECOMPILE_PREFIX_HEADER = YES;
				GCC_PREFIX_HEADER = "Tests/JuicyTests-Prefix.pch";
				HEADER_SEARCH_PATHS = "${SDKROOT}/usr/include/libxml2";
				INFOPLIST_FILE = "Tests/JuicyTests-Info.plist";
				PRODUCT_NAME = "$(TARGET_NAME)";
				TEST_AFTER_BUILD = YES;
				WRAPPER_EXTENSION = octest;
			};
			name = Debug;
		};
		6BD6F9AF168936D500FE2774 /* Release */ = {
			isa = XCBuildConfiguration;
			buildSettings = {
				COMBINE_HIDPI_IMAGES = YES;
				FRAMEWORK_SEARCH_PATHS = (
					"\"$(DEVELOPER_LIBRARY_DIR)/Frameworks\"",
					"\"$(SRCROOT)/External\"",
				);
				GCC_GENERATE_TEST_COVERAGE_FILES = YES;
				GCC_INSTRUMENT_PROGRAM_FLOW_ARCS = YES;
				GCC_PRECOMPILE_PREFIX_HEADER = YES;
				GCC_PREFIX_HEADER = "Tests/JuicyTests-Prefix.pch";
				HEADER_SEARCH_PATHS = "${SDKROOT}/usr/include/libxml2";
				INFOPLIST_FILE = "Tests/JuicyTests-Info.plist";
				PRODUCT_NAME = "$(TARGET_NAME)";
				TEST_AFTER_BUILD = YES;
				WRAPPER_EXTENSION = octest;
			};
			name = Release;
		};
/* End XCBuildConfiguration section */

/* Begin XCConfigurationList section */
		6B26371A168556790026E894 /* Build configuration list for PBXProject "Spring-Objective-C" */ = {
			isa = XCConfigurationList;
			buildConfigurations = (
				6B26372D168556790026E894 /* Debug */,
				6B26372E168556790026E894 /* Release */,
			);
			defaultConfigurationIsVisible = 0;
			defaultConfigurationName = Release;
		};
		6BCBE9F81694027C0096F861 /* Build configuration list for PBXNativeTarget "Spring-OSX" */ = {
			isa = XCConfigurationList;
			buildConfigurations = (
				6BCBE9F61694027C0096F861 /* Debug */,
				6BCBE9F71694027C0096F861 /* Release */,
			);
			defaultConfigurationIsVisible = 0;
			defaultConfigurationName = Release;
		};
		6BCBEBA5169408990096F861 /* Build configuration list for PBXNativeTarget "Spring-iOS-StaticLib" */ = {
			isa = XCConfigurationList;
			buildConfigurations = (
				6BCBEBA6169408990096F861 /* Debug */,
				6BCBEBA7169408990096F861 /* Release */,
			);
			defaultConfigurationIsVisible = 0;
			defaultConfigurationName = Release;
		};
		6BD6F9AD168936D500FE2774 /* Build configuration list for PBXNativeTarget "Tests" */ = {
			isa = XCConfigurationList;
			buildConfigurations = (
				6BD6F9AE168936D500FE2774 /* Debug */,
				6BD6F9AF168936D500FE2774 /* Release */,
			);
			defaultConfigurationIsVisible = 0;
			defaultConfigurationName = Release;
		};
/* End XCConfigurationList section */
	};
	rootObject = 6B263717168556790026E894 /* Project object */;
}
