// !$*UTF8*$!
{
	archiveVersion = 1;
	classes = {
	};
	objectVersion = 46;
	objects = {

/* Begin PBXAggregateTarget section */
		4B9685A117D26E8200E69723 /* pod update */ = {
			isa = PBXAggregateTarget;
			buildConfigurationList = 4B9685A417D26E8300E69723 /* Build configuration list for PBXAggregateTarget "pod update" */;
			buildPhases = (
				4B9685A717D26E8D00E69723 /* pod update */,
			);
			dependencies = (
			);
			name = "pod update";
			productName = "pod update";
		};
/* End PBXAggregateTarget section */

/* Begin PBXBuildFile section */
		46877CFA17D70B5900910D6A /* TyphoonParameterInjectedAsCollectionTests.m in Sources */ = {isa = PBXBuildFile; fileRef = 46877CF917D70B5900910D6A /* TyphoonParameterInjectedAsCollectionTests.m */; };
		46877CFB17D70B5900910D6A /* TyphoonParameterInjectedAsCollectionTests.m in Sources */ = {isa = PBXBuildFile; fileRef = 46877CF917D70B5900910D6A /* TyphoonParameterInjectedAsCollectionTests.m */; };
		46877CFC17D70B5900910D6A /* TyphoonParameterInjectedAsCollectionTests.m in Sources */ = {isa = PBXBuildFile; fileRef = 46877CF917D70B5900910D6A /* TyphoonParameterInjectedAsCollectionTests.m */; };
		4B06338B17D29240009CDBD6 /* TyphoonAssemblySelectorAdviserTests.m in Sources */ = {isa = PBXBuildFile; fileRef = 4B06338A17D29240009CDBD6 /* TyphoonAssemblySelectorAdviserTests.m */; };
		4B06338C17D29240009CDBD6 /* TyphoonAssemblySelectorAdviserTests.m in Sources */ = {isa = PBXBuildFile; fileRef = 4B06338A17D29240009CDBD6 /* TyphoonAssemblySelectorAdviserTests.m */; };
		4B06338D17D29240009CDBD6 /* TyphoonAssemblySelectorAdviserTests.m in Sources */ = {isa = PBXBuildFile; fileRef = 4B06338A17D29240009CDBD6 /* TyphoonAssemblySelectorAdviserTests.m */; };
		4B0633A417D29402009CDBD6 /* InjectionAwareAssembly.m in Sources */ = {isa = PBXBuildFile; fileRef = 4B0633A017D29402009CDBD6 /* InjectionAwareAssembly.m */; };
		4B0633A517D29402009CDBD6 /* InjectionAwareAssembly.m in Sources */ = {isa = PBXBuildFile; fileRef = 4B0633A017D29402009CDBD6 /* InjectionAwareAssembly.m */; };
		4B0633A617D29402009CDBD6 /* InjectionAwareAssembly.m in Sources */ = {isa = PBXBuildFile; fileRef = 4B0633A017D29402009CDBD6 /* InjectionAwareAssembly.m */; };
		4B0633A717D29402009CDBD6 /* InjectionAwareObject.m in Sources */ = {isa = PBXBuildFile; fileRef = 4B0633A217D29402009CDBD6 /* InjectionAwareObject.m */; };
		4B0633A817D29402009CDBD6 /* InjectionAwareObject.m in Sources */ = {isa = PBXBuildFile; fileRef = 4B0633A217D29402009CDBD6 /* InjectionAwareObject.m */; };
		4B0633A917D29402009CDBD6 /* InjectionAwareObject.m in Sources */ = {isa = PBXBuildFile; fileRef = 4B0633A217D29402009CDBD6 /* InjectionAwareObject.m */; };
		4B0633AA17D29402009CDBD6 /* TyphoonInjectionAwareTests.m in Sources */ = {isa = PBXBuildFile; fileRef = 4B0633A317D29402009CDBD6 /* TyphoonInjectionAwareTests.m */; };
		4B0633AB17D29402009CDBD6 /* TyphoonInjectionAwareTests.m in Sources */ = {isa = PBXBuildFile; fileRef = 4B0633A317D29402009CDBD6 /* TyphoonInjectionAwareTests.m */; };
		4B0633AC17D29402009CDBD6 /* TyphoonInjectionAwareTests.m in Sources */ = {isa = PBXBuildFile; fileRef = 4B0633A317D29402009CDBD6 /* TyphoonInjectionAwareTests.m */; };
		4B841470179B0E3900916BF5 /* SenTestingKit.framework in Frameworks */ = {isa = PBXBuildFile; fileRef = 4B84146F179B0E3900916BF5 /* SenTestingKit.framework */; };
		4B841472179B0E3900916BF5 /* UIKit.framework in Frameworks */ = {isa = PBXBuildFile; fileRef = 4B841471179B0E3900916BF5 /* UIKit.framework */; };
		4B841474179B0E3900916BF5 /* Foundation.framework in Frameworks */ = {isa = PBXBuildFile; fileRef = 4B841473179B0E3900916BF5 /* Foundation.framework */; };
		4B841488179B0E5200916BF5 /* SenTestingKit.framework in Frameworks */ = {isa = PBXBuildFile; fileRef = 4B84146F179B0E3900916BF5 /* SenTestingKit.framework */; };
		4B84148A179B0E5200916BF5 /* Cocoa.framework in Frameworks */ = {isa = PBXBuildFile; fileRef = 4B841489179B0E5200916BF5 /* Cocoa.framework */; };
		4B8414E9179B0EA600916BF5 /* ClassWithCollectionProperties.m in Sources */ = {isa = PBXBuildFile; fileRef = 4B84149F179B0EA600916BF5 /* ClassWithCollectionProperties.m */; };
		4B8414EA179B0EA600916BF5 /* ClassWithCollectionProperties.m in Sources */ = {isa = PBXBuildFile; fileRef = 4B84149F179B0EA600916BF5 /* ClassWithCollectionProperties.m */; };
		4B8414EB179B0EA600916BF5 /* TyphoonPropertyInjectedAsCollectionTests.m in Sources */ = {isa = PBXBuildFile; fileRef = 4B8414A1179B0EA600916BF5 /* TyphoonPropertyInjectedAsCollectionTests.m */; };
		4B8414EC179B0EA600916BF5 /* TyphoonPropertyInjectedAsCollectionTests.m in Sources */ = {isa = PBXBuildFile; fileRef = 4B8414A1179B0EA600916BF5 /* TyphoonPropertyInjectedAsCollectionTests.m */; };
		4B8414ED179B0EA600916BF5 /* TyphoonDefinitionTests.m in Sources */ = {isa = PBXBuildFile; fileRef = 4B8414A2179B0EA600916BF5 /* TyphoonDefinitionTests.m */; };
		4B8414EE179B0EA600916BF5 /* TyphoonDefinitionTests.m in Sources */ = {isa = PBXBuildFile; fileRef = 4B8414A2179B0EA600916BF5 /* TyphoonDefinitionTests.m */; };
		4B8414EF179B0EA600916BF5 /* CircularDependenciesAssembly.m in Sources */ = {isa = PBXBuildFile; fileRef = 4B8414A6179B0EA600916BF5 /* CircularDependenciesAssembly.m */; };
		4B8414F0179B0EA600916BF5 /* CircularDependenciesAssembly.m in Sources */ = {isa = PBXBuildFile; fileRef = 4B8414A6179B0EA600916BF5 /* CircularDependenciesAssembly.m */; };
		4B8414F1179B0EA600916BF5 /* ExceptionTestAssembly.m in Sources */ = {isa = PBXBuildFile; fileRef = 4B8414A8179B0EA600916BF5 /* ExceptionTestAssembly.m */; };
		4B8414F2179B0EA600916BF5 /* ExceptionTestAssembly.m in Sources */ = {isa = PBXBuildFile; fileRef = 4B8414A8179B0EA600916BF5 /* ExceptionTestAssembly.m */; };
		4B8414F3179B0EA600916BF5 /* MiddleAgesAssembly.m in Sources */ = {isa = PBXBuildFile; fileRef = 4B8414AA179B0EA600916BF5 /* MiddleAgesAssembly.m */; };
		4B8414F4179B0EA600916BF5 /* MiddleAgesAssembly.m in Sources */ = {isa = PBXBuildFile; fileRef = 4B8414AA179B0EA600916BF5 /* MiddleAgesAssembly.m */; };
		4B8414F5179B0EA600916BF5 /* TyphoonBlockComponentFactoryTests.m in Sources */ = {isa = PBXBuildFile; fileRef = 4B8414AB179B0EA600916BF5 /* TyphoonBlockComponentFactoryTests.m */; };
		4B8414F6179B0EA600916BF5 /* TyphoonBlockComponentFactoryTests.m in Sources */ = {isa = PBXBuildFile; fileRef = 4B8414AB179B0EA600916BF5 /* TyphoonBlockComponentFactoryTests.m */; };
		4B8414F7179B0EA600916BF5 /* TyphoonPropertyPlaceholderConfigurerTests.m in Sources */ = {isa = PBXBuildFile; fileRef = 4B8414AE179B0EA600916BF5 /* TyphoonPropertyPlaceholderConfigurerTests.m */; };
		4B8414F8179B0EA600916BF5 /* TyphoonPropertyPlaceholderConfigurerTests.m in Sources */ = {isa = PBXBuildFile; fileRef = 4B8414AE179B0EA600916BF5 /* TyphoonPropertyPlaceholderConfigurerTests.m */; };
		4B8414F9179B0EA600916BF5 /* TyphoonSharedComponentFactoryTests.m in Sources */ = {isa = PBXBuildFile; fileRef = 4B8414B1179B0EA600916BF5 /* TyphoonSharedComponentFactoryTests.m */; };
		4B8414FA179B0EA600916BF5 /* TyphoonSharedComponentFactoryTests.m in Sources */ = {isa = PBXBuildFile; fileRef = 4B8414B1179B0EA600916BF5 /* TyphoonSharedComponentFactoryTests.m */; };
		4B8414FB179B0EA600916BF5 /* TyphoonComponentFactory+InstanceBuilderTests.m in Sources */ = {isa = PBXBuildFile; fileRef = 4B8414B2179B0EA600916BF5 /* TyphoonComponentFactory+InstanceBuilderTests.m */; };
		4B8414FC179B0EA600916BF5 /* TyphoonComponentFactory+InstanceBuilderTests.m in Sources */ = {isa = PBXBuildFile; fileRef = 4B8414B2179B0EA600916BF5 /* TyphoonComponentFactory+InstanceBuilderTests.m */; };
		4B8414FD179B0EA600916BF5 /* TyphoonComponentFactoryTests.m in Sources */ = {isa = PBXBuildFile; fileRef = 4B8414B3179B0EA600916BF5 /* TyphoonComponentFactoryTests.m */; };
		4B8414FE179B0EA600916BF5 /* TyphoonComponentFactoryTests.m in Sources */ = {isa = PBXBuildFile; fileRef = 4B8414B3179B0EA600916BF5 /* TyphoonComponentFactoryTests.m */; };
		4B8414FF179B0EA600916BF5 /* RXMLElement+XmlComponentFactoryTests.m in Sources */ = {isa = PBXBuildFile; fileRef = 4B8414B5179B0EA600916BF5 /* RXMLElement+XmlComponentFactoryTests.m */; };
		4B841500179B0EA600916BF5 /* RXMLElement+XmlComponentFactoryTests.m in Sources */ = {isa = PBXBuildFile; fileRef = 4B8414B5179B0EA600916BF5 /* RXMLElement+XmlComponentFactoryTests.m */; };
		4B841501179B0EA600916BF5 /* TyphoonXmlComponentFactoryTests.m in Sources */ = {isa = PBXBuildFile; fileRef = 4B8414B6179B0EA600916BF5 /* TyphoonXmlComponentFactoryTests.m */; };
		4B841502179B0EA600916BF5 /* TyphoonXmlComponentFactoryTests.m in Sources */ = {isa = PBXBuildFile; fileRef = 4B8414B6179B0EA600916BF5 /* TyphoonXmlComponentFactoryTests.m */; };
		4B841503179B0EA600916BF5 /* AutoWiringKnight.m in Sources */ = {isa = PBXBuildFile; fileRef = 4B8414BB179B0EA600916BF5 /* AutoWiringKnight.m */; };
		4B841504179B0EA600916BF5 /* AutoWiringKnight.m in Sources */ = {isa = PBXBuildFile; fileRef = 4B8414BB179B0EA600916BF5 /* AutoWiringKnight.m */; };
		4B841505179B0EA600916BF5 /* AutoWiringSubClassedKnight.m in Sources */ = {isa = PBXBuildFile; fileRef = 4B8414BD179B0EA600916BF5 /* AutoWiringSubClassedKnight.m */; };
		4B841506179B0EA600916BF5 /* AutoWiringSubClassedKnight.m in Sources */ = {isa = PBXBuildFile; fileRef = 4B8414BD179B0EA600916BF5 /* AutoWiringSubClassedKnight.m */; };
		4B841507179B0EA600916BF5 /* CampaignQuest.m in Sources */ = {isa = PBXBuildFile; fileRef = 4B8414BF179B0EA600916BF5 /* CampaignQuest.m */; };
		4B841508179B0EA600916BF5 /* CampaignQuest.m in Sources */ = {isa = PBXBuildFile; fileRef = 4B8414BF179B0EA600916BF5 /* CampaignQuest.m */; };
		4B841509179B0EA600916BF5 /* CavalryMan.m in Sources */ = {isa = PBXBuildFile; fileRef = 4B8414C1179B0EA600916BF5 /* CavalryMan.m */; };
		4B84150A179B0EA600916BF5 /* CavalryMan.m in Sources */ = {isa = PBXBuildFile; fileRef = 4B8414C1179B0EA600916BF5 /* CavalryMan.m */; };
		4B84150B179B0EA600916BF5 /* Champion.m in Sources */ = {isa = PBXBuildFile; fileRef = 4B8414C3179B0EA600916BF5 /* Champion.m */; };
		4B84150C179B0EA600916BF5 /* Champion.m in Sources */ = {isa = PBXBuildFile; fileRef = 4B8414C3179B0EA600916BF5 /* Champion.m */; };
		4B84150D179B0EA600916BF5 /* ClassADependsOnB.m in Sources */ = {isa = PBXBuildFile; fileRef = 4B8414C6179B0EA600916BF5 /* ClassADependsOnB.m */; };
		4B84150E179B0EA600916BF5 /* ClassADependsOnB.m in Sources */ = {isa = PBXBuildFile; fileRef = 4B8414C6179B0EA600916BF5 /* ClassADependsOnB.m */; };
		4B84150F179B0EA600916BF5 /* ClassBDependsOnA.m in Sources */ = {isa = PBXBuildFile; fileRef = 4B8414C8179B0EA600916BF5 /* ClassBDependsOnA.m */; };
		4B841510179B0EA600916BF5 /* ClassBDependsOnA.m in Sources */ = {isa = PBXBuildFile; fileRef = 4B8414C8179B0EA600916BF5 /* ClassBDependsOnA.m */; };
		4B841511179B0EA600916BF5 /* ClassCDependsOnDAndE.m in Sources */ = {isa = PBXBuildFile; fileRef = 4B8414CA179B0EA600916BF5 /* ClassCDependsOnDAndE.m */; };
		4B841512179B0EA600916BF5 /* ClassCDependsOnDAndE.m in Sources */ = {isa = PBXBuildFile; fileRef = 4B8414CA179B0EA600916BF5 /* ClassCDependsOnDAndE.m */; };
		4B841513179B0EA600916BF5 /* ClassDDependsOnC.m in Sources */ = {isa = PBXBuildFile; fileRef = 4B8414CC179B0EA600916BF5 /* ClassDDependsOnC.m */; };
		4B841514179B0EA600916BF5 /* ClassDDependsOnC.m in Sources */ = {isa = PBXBuildFile; fileRef = 4B8414CC179B0EA600916BF5 /* ClassDDependsOnC.m */; };
		4B841515179B0EA600916BF5 /* ClassEDependsOnC.m in Sources */ = {isa = PBXBuildFile; fileRef = 4B8414CE179B0EA600916BF5 /* ClassEDependsOnC.m */; };
		4B841516179B0EA600916BF5 /* ClassEDependsOnC.m in Sources */ = {isa = PBXBuildFile; fileRef = 4B8414CE179B0EA600916BF5 /* ClassEDependsOnC.m */; };
		4B841517179B0EA600916BF5 /* Sword.m in Sources */ = {isa = PBXBuildFile; fileRef = 4B8414D1179B0EA600916BF5 /* Sword.m */; };
		4B841518179B0EA600916BF5 /* Sword.m in Sources */ = {isa = PBXBuildFile; fileRef = 4B8414D1179B0EA600916BF5 /* Sword.m */; };
		4B841519179B0EA600916BF5 /* SwordFactory.m in Sources */ = {isa = PBXBuildFile; fileRef = 4B8414D3179B0EA600916BF5 /* SwordFactory.m */; };
		4B84151A179B0EA600916BF5 /* SwordFactory.m in Sources */ = {isa = PBXBuildFile; fileRef = 4B8414D3179B0EA600916BF5 /* SwordFactory.m */; };
		4B84151B179B0EA600916BF5 /* Knight.m in Sources */ = {isa = PBXBuildFile; fileRef = 4B8414D5179B0EA600916BF5 /* Knight.m */; };
		4B84151C179B0EA600916BF5 /* Knight.m in Sources */ = {isa = PBXBuildFile; fileRef = 4B8414D5179B0EA600916BF5 /* Knight.m */; };
		4B84151D179B0EA600916BF5 /* AssemblyWithInvalidClassName.xml in Resources */ = {isa = PBXBuildFile; fileRef = 4B8414D8179B0EA600916BF5 /* AssemblyWithInvalidClassName.xml */; };
		4B84151E179B0EA600916BF5 /* AssemblyWithInvalidClassName.xml in Resources */ = {isa = PBXBuildFile; fileRef = 4B8414D8179B0EA600916BF5 /* AssemblyWithInvalidClassName.xml */; };
		4B84151F179B0EA600916BF5 /* CircularDependenciesAssembly.xml in Resources */ = {isa = PBXBuildFile; fileRef = 4B8414D9179B0EA600916BF5 /* CircularDependenciesAssembly.xml */; };
		4B841520179B0EA600916BF5 /* CircularDependenciesAssembly.xml in Resources */ = {isa = PBXBuildFile; fileRef = 4B8414D9179B0EA600916BF5 /* CircularDependenciesAssembly.xml */; };
		4B841521179B0EA600916BF5 /* ExceptionTestAssembly.xml in Resources */ = {isa = PBXBuildFile; fileRef = 4B8414DA179B0EA600916BF5 /* ExceptionTestAssembly.xml */; };
		4B841522179B0EA600916BF5 /* ExceptionTestAssembly.xml in Resources */ = {isa = PBXBuildFile; fileRef = 4B8414DA179B0EA600916BF5 /* ExceptionTestAssembly.xml */; };
		4B841523179B0EA600916BF5 /* LazyInitCasesAssembly.xml in Resources */ = {isa = PBXBuildFile; fileRef = 4B8414DB179B0EA600916BF5 /* LazyInitCasesAssembly.xml */; };
		4B841524179B0EA600916BF5 /* LazyInitCasesAssembly.xml in Resources */ = {isa = PBXBuildFile; fileRef = 4B8414DB179B0EA600916BF5 /* LazyInitCasesAssembly.xml */; };
		4B841525179B0EA600916BF5 /* MiddleAgesAssembly.xml in Resources */ = {isa = PBXBuildFile; fileRef = 4B8414DC179B0EA600916BF5 /* MiddleAgesAssembly.xml */; };
		4B841526179B0EA600916BF5 /* MiddleAgesAssembly.xml in Resources */ = {isa = PBXBuildFile; fileRef = 4B8414DC179B0EA600916BF5 /* MiddleAgesAssembly.xml */; };
		4B841527179B0EA600916BF5 /* PropertyPlaceholderAssembly.xml in Resources */ = {isa = PBXBuildFile; fileRef = 4B8414DD179B0EA600916BF5 /* PropertyPlaceholderAssembly.xml */; };
		4B841528179B0EA600916BF5 /* PropertyPlaceholderAssembly.xml in Resources */ = {isa = PBXBuildFile; fileRef = 4B8414DD179B0EA600916BF5 /* PropertyPlaceholderAssembly.xml */; };
		4B841529179B0EA600916BF5 /* SomeProperties.properties in Resources */ = {isa = PBXBuildFile; fileRef = 4B8414DE179B0EA600916BF5 /* SomeProperties.properties */; };
		4B84152A179B0EA600916BF5 /* SomeProperties.properties in Resources */ = {isa = PBXBuildFile; fileRef = 4B8414DE179B0EA600916BF5 /* SomeProperties.properties */; };
		4B84152D179B0EA600916BF5 /* TyphoonPassthroughTypeConverterTests.m in Sources */ = {isa = PBXBuildFile; fileRef = 4B8414E2179B0EA600916BF5 /* TyphoonPassthroughTypeConverterTests.m */; };
		4B84152E179B0EA600916BF5 /* TyphoonPassthroughTypeConverterTests.m in Sources */ = {isa = PBXBuildFile; fileRef = 4B8414E2179B0EA600916BF5 /* TyphoonPassthroughTypeConverterTests.m */; };
		4B84152F179B0EA600916BF5 /* TyphoonPrimitiveTypeConverterTests.m in Sources */ = {isa = PBXBuildFile; fileRef = 4B8414E3179B0EA600916BF5 /* TyphoonPrimitiveTypeConverterTests.m */; };
		4B841530179B0EA600916BF5 /* TyphoonPrimitiveTypeConverterTests.m in Sources */ = {isa = PBXBuildFile; fileRef = 4B8414E3179B0EA600916BF5 /* TyphoonPrimitiveTypeConverterTests.m */; };
		4B841531179B0EA600916BF5 /* TyphoonTypeConverterRegistryTests.m in Sources */ = {isa = PBXBuildFile; fileRef = 4B8414E4179B0EA600916BF5 /* TyphoonTypeConverterRegistryTests.m */; };
		4B841532179B0EA600916BF5 /* TyphoonTypeConverterRegistryTests.m in Sources */ = {isa = PBXBuildFile; fileRef = 4B8414E4179B0EA600916BF5 /* TyphoonTypeConverterRegistryTests.m */; };
		4B841533179B0EA600916BF5 /* TyphoonTypeDescriptorTests.m in Sources */ = {isa = PBXBuildFile; fileRef = 4B8414E5179B0EA600916BF5 /* TyphoonTypeDescriptorTests.m */; };
		4B841534179B0EA600916BF5 /* TyphoonTypeDescriptorTests.m in Sources */ = {isa = PBXBuildFile; fileRef = 4B8414E5179B0EA600916BF5 /* TyphoonTypeDescriptorTests.m */; };
		4B841535179B0EA600916BF5 /* TyphoonBundleResourceTests.m in Sources */ = {isa = PBXBuildFile; fileRef = 4B8414E8179B0EA600916BF5 /* TyphoonBundleResourceTests.m */; };
		4B841536179B0EA600916BF5 /* TyphoonBundleResourceTests.m in Sources */ = {isa = PBXBuildFile; fileRef = 4B8414E8179B0EA600916BF5 /* TyphoonBundleResourceTests.m */; };
		4BC648C217A20AD2007F0463 /* ClassWithCollectionProperties.m in Sources */ = {isa = PBXBuildFile; fileRef = 4B84149F179B0EA600916BF5 /* ClassWithCollectionProperties.m */; };
		4BC648C317A20AD2007F0463 /* TyphoonPropertyInjectedAsCollectionTests.m in Sources */ = {isa = PBXBuildFile; fileRef = 4B8414A1179B0EA600916BF5 /* TyphoonPropertyInjectedAsCollectionTests.m */; };
		4BC648C417A20AD2007F0463 /* TyphoonDefinitionTests.m in Sources */ = {isa = PBXBuildFile; fileRef = 4B8414A2179B0EA600916BF5 /* TyphoonDefinitionTests.m */; };
		4BC648C517A20AD2007F0463 /* CircularDependenciesAssembly.m in Sources */ = {isa = PBXBuildFile; fileRef = 4B8414A6179B0EA600916BF5 /* CircularDependenciesAssembly.m */; };
		4BC648C617A20AD2007F0463 /* ExceptionTestAssembly.m in Sources */ = {isa = PBXBuildFile; fileRef = 4B8414A8179B0EA600916BF5 /* ExceptionTestAssembly.m */; };
		4BC648C717A20AD2007F0463 /* MiddleAgesAssembly.m in Sources */ = {isa = PBXBuildFile; fileRef = 4B8414AA179B0EA600916BF5 /* MiddleAgesAssembly.m */; };
		4BC648C817A20AD2007F0463 /* TyphoonBlockComponentFactoryTests.m in Sources */ = {isa = PBXBuildFile; fileRef = 4B8414AB179B0EA600916BF5 /* TyphoonBlockComponentFactoryTests.m */; };
		4BC648C917A20AD2007F0463 /* TyphoonPropertyPlaceholderConfigurerTests.m in Sources */ = {isa = PBXBuildFile; fileRef = 4B8414AE179B0EA600916BF5 /* TyphoonPropertyPlaceholderConfigurerTests.m */; };
		4BC648CA17A20AD2007F0463 /* TyphoonSharedComponentFactoryTests.m in Sources */ = {isa = PBXBuildFile; fileRef = 4B8414B1179B0EA600916BF5 /* TyphoonSharedComponentFactoryTests.m */; };
		4BC648CB17A20AD2007F0463 /* TyphoonComponentFactory+InstanceBuilderTests.m in Sources */ = {isa = PBXBuildFile; fileRef = 4B8414B2179B0EA600916BF5 /* TyphoonComponentFactory+InstanceBuilderTests.m */; };
		4BC648CC17A20AD2007F0463 /* TyphoonComponentFactoryTests.m in Sources */ = {isa = PBXBuildFile; fileRef = 4B8414B3179B0EA600916BF5 /* TyphoonComponentFactoryTests.m */; };
		4BC648CD17A20AD2007F0463 /* RXMLElement+XmlComponentFactoryTests.m in Sources */ = {isa = PBXBuildFile; fileRef = 4B8414B5179B0EA600916BF5 /* RXMLElement+XmlComponentFactoryTests.m */; };
		4BC648CE17A20AD2007F0463 /* TyphoonXmlComponentFactoryTests.m in Sources */ = {isa = PBXBuildFile; fileRef = 4B8414B6179B0EA600916BF5 /* TyphoonXmlComponentFactoryTests.m */; };
		4BC648CF17A20AD2007F0463 /* AutoWiringKnight.m in Sources */ = {isa = PBXBuildFile; fileRef = 4B8414BB179B0EA600916BF5 /* AutoWiringKnight.m */; };
		4BC648D017A20AD2007F0463 /* AutoWiringSubClassedKnight.m in Sources */ = {isa = PBXBuildFile; fileRef = 4B8414BD179B0EA600916BF5 /* AutoWiringSubClassedKnight.m */; };
		4BC648D117A20AD2007F0463 /* CampaignQuest.m in Sources */ = {isa = PBXBuildFile; fileRef = 4B8414BF179B0EA600916BF5 /* CampaignQuest.m */; };
		4BC648D217A20AD2007F0463 /* CavalryMan.m in Sources */ = {isa = PBXBuildFile; fileRef = 4B8414C1179B0EA600916BF5 /* CavalryMan.m */; };
		4BC648D317A20AD2007F0463 /* Champion.m in Sources */ = {isa = PBXBuildFile; fileRef = 4B8414C3179B0EA600916BF5 /* Champion.m */; };
		4BC648D417A20AD2007F0463 /* ClassADependsOnB.m in Sources */ = {isa = PBXBuildFile; fileRef = 4B8414C6179B0EA600916BF5 /* ClassADependsOnB.m */; };
		4BC648D517A20AD2007F0463 /* ClassBDependsOnA.m in Sources */ = {isa = PBXBuildFile; fileRef = 4B8414C8179B0EA600916BF5 /* ClassBDependsOnA.m */; };
		4BC648D617A20AD2007F0463 /* ClassCDependsOnDAndE.m in Sources */ = {isa = PBXBuildFile; fileRef = 4B8414CA179B0EA600916BF5 /* ClassCDependsOnDAndE.m */; };
		4BC648D717A20AD2007F0463 /* ClassDDependsOnC.m in Sources */ = {isa = PBXBuildFile; fileRef = 4B8414CC179B0EA600916BF5 /* ClassDDependsOnC.m */; };
		4BC648D817A20AD2007F0463 /* ClassEDependsOnC.m in Sources */ = {isa = PBXBuildFile; fileRef = 4B8414CE179B0EA600916BF5 /* ClassEDependsOnC.m */; };
		4BC648D917A20AD2007F0463 /* Sword.m in Sources */ = {isa = PBXBuildFile; fileRef = 4B8414D1179B0EA600916BF5 /* Sword.m */; };
		4BC648DA17A20AD2007F0463 /* SwordFactory.m in Sources */ = {isa = PBXBuildFile; fileRef = 4B8414D3179B0EA600916BF5 /* SwordFactory.m */; };
		4BC648DB17A20AD2007F0463 /* Knight.m in Sources */ = {isa = PBXBuildFile; fileRef = 4B8414D5179B0EA600916BF5 /* Knight.m */; };
		4BC648DC17A20AD2007F0463 /* TyphoonPassthroughTypeConverterTests.m in Sources */ = {isa = PBXBuildFile; fileRef = 4B8414E2179B0EA600916BF5 /* TyphoonPassthroughTypeConverterTests.m */; };
		4BC648DD17A20AD2007F0463 /* TyphoonPrimitiveTypeConverterTests.m in Sources */ = {isa = PBXBuildFile; fileRef = 4B8414E3179B0EA600916BF5 /* TyphoonPrimitiveTypeConverterTests.m */; };
		4BC648DE17A20AD2007F0463 /* TyphoonTypeConverterRegistryTests.m in Sources */ = {isa = PBXBuildFile; fileRef = 4B8414E4179B0EA600916BF5 /* TyphoonTypeConverterRegistryTests.m */; };
		4BC648DF17A20AD2007F0463 /* TyphoonTypeDescriptorTests.m in Sources */ = {isa = PBXBuildFile; fileRef = 4B8414E5179B0EA600916BF5 /* TyphoonTypeDescriptorTests.m */; };
		4BC648E017A20AD2007F0463 /* TyphoonBundleResourceTests.m in Sources */ = {isa = PBXBuildFile; fileRef = 4B8414E8179B0EA600916BF5 /* TyphoonBundleResourceTests.m */; };
		4BC648E217A20AD2007F0463 /* SenTestingKit.framework in Frameworks */ = {isa = PBXBuildFile; fileRef = 4B84146F179B0E3900916BF5 /* SenTestingKit.framework */; };
		4BC648E317A20AD2007F0463 /* UIKit.framework in Frameworks */ = {isa = PBXBuildFile; fileRef = 4B841471179B0E3900916BF5 /* UIKit.framework */; };
		4BC648E417A20AD2007F0463 /* Foundation.framework in Frameworks */ = {isa = PBXBuildFile; fileRef = 4B841473179B0E3900916BF5 /* Foundation.framework */; };
		4BC648E717A20AD2007F0463 /* AssemblyWithInvalidClassName.xml in Resources */ = {isa = PBXBuildFile; fileRef = 4B8414D8179B0EA600916BF5 /* AssemblyWithInvalidClassName.xml */; };
		4BC648E817A20AD2007F0463 /* CircularDependenciesAssembly.xml in Resources */ = {isa = PBXBuildFile; fileRef = 4B8414D9179B0EA600916BF5 /* CircularDependenciesAssembly.xml */; };
		4BC648E917A20AD2007F0463 /* ExceptionTestAssembly.xml in Resources */ = {isa = PBXBuildFile; fileRef = 4B8414DA179B0EA600916BF5 /* ExceptionTestAssembly.xml */; };
		4BC648EA17A20AD2007F0463 /* LazyInitCasesAssembly.xml in Resources */ = {isa = PBXBuildFile; fileRef = 4B8414DB179B0EA600916BF5 /* LazyInitCasesAssembly.xml */; };
		4BC648EB17A20AD2007F0463 /* MiddleAgesAssembly.xml in Resources */ = {isa = PBXBuildFile; fileRef = 4B8414DC179B0EA600916BF5 /* MiddleAgesAssembly.xml */; };
		4BC648EC17A20AD2007F0463 /* PropertyPlaceholderAssembly.xml in Resources */ = {isa = PBXBuildFile; fileRef = 4B8414DD179B0EA600916BF5 /* PropertyPlaceholderAssembly.xml */; };
		4BC648ED17A20AD2007F0463 /* SomeProperties.properties in Resources */ = {isa = PBXBuildFile; fileRef = 4B8414DE179B0EA600916BF5 /* SomeProperties.properties */; };
		4BCA951917A2F04200EA69D1 /* libTyphoon-iOS.a in Frameworks */ = {isa = PBXBuildFile; fileRef = 4BCA951817A2F04200EA69D1 /* libTyphoon-iOS.a */; };
		4BE1AA4F17A5876E00FE2DA1 /* UnsatisfiableClassFDependsOnGInInitializer.m in Sources */ = {isa = PBXBuildFile; fileRef = 4BE1AA4E17A5876E00FE2DA1 /* UnsatisfiableClassFDependsOnGInInitializer.m */; };
		4BE1AA5017A5876E00FE2DA1 /* UnsatisfiableClassFDependsOnGInInitializer.m in Sources */ = {isa = PBXBuildFile; fileRef = 4BE1AA4E17A5876E00FE2DA1 /* UnsatisfiableClassFDependsOnGInInitializer.m */; };
		4BE1AA5117A5876E00FE2DA1 /* UnsatisfiableClassFDependsOnGInInitializer.m in Sources */ = {isa = PBXBuildFile; fileRef = 4BE1AA4E17A5876E00FE2DA1 /* UnsatisfiableClassFDependsOnGInInitializer.m */; };
		4BE1AA5417A5885300FE2DA1 /* UnsatisfiableClassGDependsOnFInInitializer.m in Sources */ = {isa = PBXBuildFile; fileRef = 4BE1AA5317A5885300FE2DA1 /* UnsatisfiableClassGDependsOnFInInitializer.m */; };
		4BE1AA5517A5885300FE2DA1 /* UnsatisfiableClassGDependsOnFInInitializer.m in Sources */ = {isa = PBXBuildFile; fileRef = 4BE1AA5317A5885300FE2DA1 /* UnsatisfiableClassGDependsOnFInInitializer.m */; };
		4BE1AA5617A5885300FE2DA1 /* UnsatisfiableClassGDependsOnFInInitializer.m in Sources */ = {isa = PBXBuildFile; fileRef = 4BE1AA5317A5885300FE2DA1 /* UnsatisfiableClassGDependsOnFInInitializer.m */; };
		4E08794717B6762E004B86C9 /* NotSingletonA.m in Sources */ = {isa = PBXBuildFile; fileRef = 4E08794617B6762E004B86C9 /* NotSingletonA.m */; };
		4E08794817B6762E004B86C9 /* NotSingletonA.m in Sources */ = {isa = PBXBuildFile; fileRef = 4E08794617B6762E004B86C9 /* NotSingletonA.m */; };
		4E08794917B6762E004B86C9 /* NotSingletonA.m in Sources */ = {isa = PBXBuildFile; fileRef = 4E08794617B6762E004B86C9 /* NotSingletonA.m */; };
		4E47A45817D8E1C700F967CA /* PrototypeInitInjected.m in Sources */ = {isa = PBXBuildFile; fileRef = 4E47A45717D8E1C700F967CA /* PrototypeInitInjected.m */; };
		4E47A45917D8E1C700F967CA /* PrototypeInitInjected.m in Sources */ = {isa = PBXBuildFile; fileRef = 4E47A45717D8E1C700F967CA /* PrototypeInitInjected.m */; };
		4E47A45A17D8E1C700F967CA /* PrototypeInitInjected.m in Sources */ = {isa = PBXBuildFile; fileRef = 4E47A45717D8E1C700F967CA /* PrototypeInitInjected.m */; };
		4E47A45D17D8E1DC00F967CA /* PrototypePropertyInjected.m in Sources */ = {isa = PBXBuildFile; fileRef = 4E47A45C17D8E1DC00F967CA /* PrototypePropertyInjected.m */; };
		4E47A45E17D8E1DC00F967CA /* PrototypePropertyInjected.m in Sources */ = {isa = PBXBuildFile; fileRef = 4E47A45C17D8E1DC00F967CA /* PrototypePropertyInjected.m */; };
		4E47A45F17D8E1DC00F967CA /* PrototypePropertyInjected.m in Sources */ = {isa = PBXBuildFile; fileRef = 4E47A45C17D8E1DC00F967CA /* PrototypePropertyInjected.m */; };
		4EB2190517B4F2C500B901C9 /* SingletonA.m in Sources */ = {isa = PBXBuildFile; fileRef = 4EB218FD17B4F2C500B901C9 /* SingletonA.m */; };
		4EB2190617B4F2C500B901C9 /* SingletonA.m in Sources */ = {isa = PBXBuildFile; fileRef = 4EB218FD17B4F2C500B901C9 /* SingletonA.m */; };
		4EB2190717B4F2C500B901C9 /* SingletonA.m in Sources */ = {isa = PBXBuildFile; fileRef = 4EB218FD17B4F2C500B901C9 /* SingletonA.m */; };
		4EB2190817B4F2C500B901C9 /* SingletonB.m in Sources */ = {isa = PBXBuildFile; fileRef = 4EB218FF17B4F2C500B901C9 /* SingletonB.m */; };
		4EB2190917B4F2C500B901C9 /* SingletonB.m in Sources */ = {isa = PBXBuildFile; fileRef = 4EB218FF17B4F2C500B901C9 /* SingletonB.m */; };
		4EB2190A17B4F2C500B901C9 /* SingletonB.m in Sources */ = {isa = PBXBuildFile; fileRef = 4EB218FF17B4F2C500B901C9 /* SingletonB.m */; };
		4EB2191017B4F30D00B901C9 /* SingletonsChainAssembly.m in Sources */ = {isa = PBXBuildFile; fileRef = 4EB2190F17B4F30C00B901C9 /* SingletonsChainAssembly.m */; };
		4EB2191117B4F30D00B901C9 /* SingletonsChainAssembly.m in Sources */ = {isa = PBXBuildFile; fileRef = 4EB2190F17B4F30C00B901C9 /* SingletonsChainAssembly.m */; };
		4EB2191217B4F30D00B901C9 /* SingletonsChainAssembly.m in Sources */ = {isa = PBXBuildFile; fileRef = 4EB2190F17B4F30C00B901C9 /* SingletonsChainAssembly.m */; };
		4EB2191417B4F6EB00B901C9 /* SingletonsChainAssembly.xml in Resources */ = {isa = PBXBuildFile; fileRef = 4EB2191317B4F6EB00B901C9 /* SingletonsChainAssembly.xml */; };
		4EB2191517B4F6EB00B901C9 /* SingletonsChainAssembly.xml in Resources */ = {isa = PBXBuildFile; fileRef = 4EB2191317B4F6EB00B901C9 /* SingletonsChainAssembly.xml */; };
		4EB2191617B4F6EB00B901C9 /* SingletonsChainAssembly.xml in Resources */ = {isa = PBXBuildFile; fileRef = 4EB2191317B4F6EB00B901C9 /* SingletonsChainAssembly.xml */; };
		52D870D7DE6E4FB09D059A5C /* libPods-ios.a in Frameworks */ = {isa = PBXBuildFile; fileRef = F8B50DFBF255467DA9F7C30F /* libPods-ios.a */; };
		BA79803EFC77C1B3302F2A2D /* TyphoonPatcherTests.m in Sources */ = {isa = PBXBuildFile; fileRef = BA79816306D33CA0DD1DE118 /* TyphoonPatcherTests.m */; };
		BA7983795CF47CB07A5810B0 /* TyphoonPatcherTests.m in Sources */ = {isa = PBXBuildFile; fileRef = BA79816306D33CA0DD1DE118 /* TyphoonPatcherTests.m */; };
		BA7989308BE79C6CC6B97898 /* TyphoonPatcherTests.m in Sources */ = {isa = PBXBuildFile; fileRef = BA79816306D33CA0DD1DE118 /* TyphoonPatcherTests.m */; };
		CD65DA1387F74352A0088704 /* libPods-iOS Tests (Cocoapods).a in Frameworks */ = {isa = PBXBuildFile; fileRef = B90D396911F743468FF96BB5 /* libPods-iOS Tests (Cocoapods).a */; };
		D174EF8C2C6845E69666DC4F /* libPods-osx.a in Frameworks */ = {isa = PBXBuildFile; fileRef = 1AC491FA50E048988BFB5756 /* libPods-osx.a */; };
/* End PBXBuildFile section */

/* Begin PBXContainerItemProxy section */
		4B9685A817D275CA00E69723 /* PBXContainerItemProxy */ = {
			isa = PBXContainerItemProxy;
			containerPortal = 4B841461179B0E1B00916BF5 /* Project object */;
			proxyType = 1;
			remoteGlobalIDString = 4B9685A117D26E8200E69723;
			remoteInfo = "pod update";
		};
		4B9685AA17D275CD00E69723 /* PBXContainerItemProxy */ = {
			isa = PBXContainerItemProxy;
			containerPortal = 4B841461179B0E1B00916BF5 /* Project object */;
			proxyType = 1;
			remoteGlobalIDString = 4B9685A117D26E8200E69723;
			remoteInfo = "pod update";
		};
		4B9685AC17D275D000E69723 /* PBXContainerItemProxy */ = {
			isa = PBXContainerItemProxy;
			containerPortal = 4B841461179B0E1B00916BF5 /* Project object */;
			proxyType = 1;
			remoteGlobalIDString = 4B9685A117D26E8200E69723;
			remoteInfo = "pod update";
		};
/* End PBXContainerItemProxy section */

/* Begin PBXFileReference section */
		159D62E0E7314B4D9C0B9CC1 /* Pods-iOS Tests (Cocoapods).xcconfig */ = {isa = PBXFileReference; includeInIndex = 1; lastKnownFileType = text.xcconfig; name = "Pods-iOS Tests (Cocoapods).xcconfig"; path = "Pods/Pods-iOS Tests (Cocoapods).xcconfig"; sourceTree = SOURCE_ROOT; };
		1AC491FA50E048988BFB5756 /* libPods-osx.a */ = {isa = PBXFileReference; explicitFileType = archive.ar; includeInIndex = 0; path = "libPods-osx.a"; sourceTree = BUILT_PRODUCTS_DIR; };
		272E8645AA624C0897EA4CF6 /* Pods-osx.xcconfig */ = {isa = PBXFileReference; includeInIndex = 1; lastKnownFileType = text.xcconfig; name = "Pods-osx.xcconfig"; path = "Pods/Pods-osx.xcconfig"; sourceTree = SOURCE_ROOT; };
		46877CF917D70B5900910D6A /* TyphoonParameterInjectedAsCollectionTests.m */ = {isa = PBXFileReference; fileEncoding = 4; lastKnownFileType = sourcecode.c.objc; path = TyphoonParameterInjectedAsCollectionTests.m; sourceTree = "<group>"; };
		4B06338A17D29240009CDBD6 /* TyphoonAssemblySelectorAdviserTests.m */ = {isa = PBXFileReference; fileEncoding = 4; lastKnownFileType = sourcecode.c.objc; path = TyphoonAssemblySelectorAdviserTests.m; sourceTree = "<group>"; };
		4B06339F17D29402009CDBD6 /* InjectionAwareAssembly.h */ = {isa = PBXFileReference; fileEncoding = 4; lastKnownFileType = sourcecode.c.h; path = InjectionAwareAssembly.h; sourceTree = "<group>"; };
		4B0633A017D29402009CDBD6 /* InjectionAwareAssembly.m */ = {isa = PBXFileReference; fileEncoding = 4; lastKnownFileType = sourcecode.c.objc; path = InjectionAwareAssembly.m; sourceTree = "<group>"; };
		4B0633A117D29402009CDBD6 /* InjectionAwareObject.h */ = {isa = PBXFileReference; fileEncoding = 4; lastKnownFileType = sourcecode.c.h; path = InjectionAwareObject.h; sourceTree = "<group>"; };
		4B0633A217D29402009CDBD6 /* InjectionAwareObject.m */ = {isa = PBXFileReference; fileEncoding = 4; lastKnownFileType = sourcecode.c.objc; path = InjectionAwareObject.m; sourceTree = "<group>"; };
		4B0633A317D29402009CDBD6 /* TyphoonInjectionAwareTests.m */ = {isa = PBXFileReference; fileEncoding = 4; lastKnownFileType = sourcecode.c.objc; path = TyphoonInjectionAwareTests.m; sourceTree = "<group>"; };
		4B84146C179B0E3900916BF5 /* iOS Tests (Cocoapods).octest */ = {isa = PBXFileReference; explicitFileType = wrapper.cfbundle; includeInIndex = 0; path = "iOS Tests (Cocoapods).octest"; sourceTree = BUILT_PRODUCTS_DIR; };
		4B84146F179B0E3900916BF5 /* SenTestingKit.framework */ = {isa = PBXFileReference; lastKnownFileType = wrapper.framework; name = SenTestingKit.framework; path = Library/Frameworks/SenTestingKit.framework; sourceTree = DEVELOPER_DIR; };
		4B841471179B0E3900916BF5 /* UIKit.framework */ = {isa = PBXFileReference; lastKnownFileType = wrapper.framework; name = UIKit.framework; path = Library/Frameworks/UIKit.framework; sourceTree = DEVELOPER_DIR; };
		4B841473179B0E3900916BF5 /* Foundation.framework */ = {isa = PBXFileReference; lastKnownFileType = wrapper.framework; name = Foundation.framework; path = Library/Frameworks/Foundation.framework; sourceTree = DEVELOPER_DIR; };
		4B841487179B0E5200916BF5 /* OS X Tests (Cocoapods).octest */ = {isa = PBXFileReference; explicitFileType = wrapper.cfbundle; includeInIndex = 0; path = "OS X Tests (Cocoapods).octest"; sourceTree = BUILT_PRODUCTS_DIR; };
		4B841489179B0E5200916BF5 /* Cocoa.framework */ = {isa = PBXFileReference; lastKnownFileType = wrapper.framework; name = Cocoa.framework; path = System/Library/Frameworks/Cocoa.framework; sourceTree = SDKROOT; };
		4B84148C179B0E5200916BF5 /* AppKit.framework */ = {isa = PBXFileReference; lastKnownFileType = wrapper.framework; name = AppKit.framework; path = System/Library/Frameworks/AppKit.framework; sourceTree = SDKROOT; };
		4B84148D179B0E5200916BF5 /* CoreData.framework */ = {isa = PBXFileReference; lastKnownFileType = wrapper.framework; name = CoreData.framework; path = System/Library/Frameworks/CoreData.framework; sourceTree = SDKROOT; };
		4B84148E179B0E5200916BF5 /* Foundation.framework */ = {isa = PBXFileReference; lastKnownFileType = wrapper.framework; name = Foundation.framework; path = System/Library/Frameworks/Foundation.framework; sourceTree = SDKROOT; };
		4B84149E179B0EA600916BF5 /* ClassWithCollectionProperties.h */ = {isa = PBXFileReference; fileEncoding = 4; lastKnownFileType = sourcecode.c.h; path = ClassWithCollectionProperties.h; sourceTree = "<group>"; };
		4B84149F179B0EA600916BF5 /* ClassWithCollectionProperties.m */ = {isa = PBXFileReference; fileEncoding = 4; lastKnownFileType = sourcecode.c.objc; path = ClassWithCollectionProperties.m; sourceTree = "<group>"; };
		4B8414A1179B0EA600916BF5 /* TyphoonPropertyInjectedAsCollectionTests.m */ = {isa = PBXFileReference; fileEncoding = 4; lastKnownFileType = sourcecode.c.objc; path = TyphoonPropertyInjectedAsCollectionTests.m; sourceTree = "<group>"; };
		4B8414A2179B0EA600916BF5 /* TyphoonDefinitionTests.m */ = {isa = PBXFileReference; fileEncoding = 4; lastKnownFileType = sourcecode.c.objc; path = TyphoonDefinitionTests.m; sourceTree = "<group>"; };
		4B8414A5179B0EA600916BF5 /* CircularDependenciesAssembly.h */ = {isa = PBXFileReference; fileEncoding = 4; lastKnownFileType = sourcecode.c.h; path = CircularDependenciesAssembly.h; sourceTree = "<group>"; };
		4B8414A6179B0EA600916BF5 /* CircularDependenciesAssembly.m */ = {isa = PBXFileReference; fileEncoding = 4; lastKnownFileType = sourcecode.c.objc; path = CircularDependenciesAssembly.m; sourceTree = "<group>"; };
		4B8414A7179B0EA600916BF5 /* ExceptionTestAssembly.h */ = {isa = PBXFileReference; fileEncoding = 4; lastKnownFileType = sourcecode.c.h; path = ExceptionTestAssembly.h; sourceTree = "<group>"; };
		4B8414A8179B0EA600916BF5 /* ExceptionTestAssembly.m */ = {isa = PBXFileReference; fileEncoding = 4; lastKnownFileType = sourcecode.c.objc; path = ExceptionTestAssembly.m; sourceTree = "<group>"; };
		4B8414A9179B0EA600916BF5 /* MiddleAgesAssembly.h */ = {isa = PBXFileReference; fileEncoding = 4; lastKnownFileType = sourcecode.c.h; path = MiddleAgesAssembly.h; sourceTree = "<group>"; };
		4B8414AA179B0EA600916BF5 /* MiddleAgesAssembly.m */ = {isa = PBXFileReference; fileEncoding = 4; lastKnownFileType = sourcecode.c.objc; path = MiddleAgesAssembly.m; sourceTree = "<group>"; };
		4B8414AB179B0EA600916BF5 /* TyphoonBlockComponentFactoryTests.m */ = {isa = PBXFileReference; fileEncoding = 4; lastKnownFileType = sourcecode.c.objc; path = TyphoonBlockComponentFactoryTests.m; sourceTree = "<group>"; };
		4B8414AE179B0EA600916BF5 /* TyphoonPropertyPlaceholderConfigurerTests.m */ = {isa = PBXFileReference; fileEncoding = 4; lastKnownFileType = sourcecode.c.objc; path = TyphoonPropertyPlaceholderConfigurerTests.m; sourceTree = "<group>"; };
		4B8414B0179B0EA600916BF5 /* TyphoonSharedComponentFactoryTests.h */ = {isa = PBXFileReference; fileEncoding = 4; lastKnownFileType = sourcecode.c.h; path = TyphoonSharedComponentFactoryTests.h; sourceTree = "<group>"; };
		4B8414B1179B0EA600916BF5 /* TyphoonSharedComponentFactoryTests.m */ = {isa = PBXFileReference; fileEncoding = 4; lastKnownFileType = sourcecode.c.objc; path = TyphoonSharedComponentFactoryTests.m; sourceTree = "<group>"; };
		4B8414B2179B0EA600916BF5 /* TyphoonComponentFactory+InstanceBuilderTests.m */ = {isa = PBXFileReference; fileEncoding = 4; lastKnownFileType = sourcecode.c.objc; path = "TyphoonComponentFactory+InstanceBuilderTests.m"; sourceTree = "<group>"; };
		4B8414B3179B0EA600916BF5 /* TyphoonComponentFactoryTests.m */ = {isa = PBXFileReference; fileEncoding = 4; lastKnownFileType = sourcecode.c.objc; path = TyphoonComponentFactoryTests.m; sourceTree = "<group>"; };
		4B8414B5179B0EA600916BF5 /* RXMLElement+XmlComponentFactoryTests.m */ = {isa = PBXFileReference; fileEncoding = 4; lastKnownFileType = sourcecode.c.objc; path = "RXMLElement+XmlComponentFactoryTests.m"; sourceTree = "<group>"; };
		4B8414B6179B0EA600916BF5 /* TyphoonXmlComponentFactoryTests.m */ = {isa = PBXFileReference; fileEncoding = 4; lastKnownFileType = sourcecode.c.objc; path = TyphoonXmlComponentFactoryTests.m; sourceTree = "<group>"; };
		4B8414B7179B0EA600916BF5 /* Harlot.h */ = {isa = PBXFileReference; fileEncoding = 4; lastKnownFileType = sourcecode.c.h; path = Harlot.h; sourceTree = "<group>"; };
		4B8414BA179B0EA600916BF5 /* AutoWiringKnight.h */ = {isa = PBXFileReference; fileEncoding = 4; lastKnownFileType = sourcecode.c.h; path = AutoWiringKnight.h; sourceTree = "<group>"; };
		4B8414BB179B0EA600916BF5 /* AutoWiringKnight.m */ = {isa = PBXFileReference; fileEncoding = 4; lastKnownFileType = sourcecode.c.objc; path = AutoWiringKnight.m; sourceTree = "<group>"; };
		4B8414BC179B0EA600916BF5 /* AutoWiringSubClassedKnight.h */ = {isa = PBXFileReference; fileEncoding = 4; lastKnownFileType = sourcecode.c.h; path = AutoWiringSubClassedKnight.h; sourceTree = "<group>"; };
		4B8414BD179B0EA600916BF5 /* AutoWiringSubClassedKnight.m */ = {isa = PBXFileReference; fileEncoding = 4; lastKnownFileType = sourcecode.c.objc; path = AutoWiringSubClassedKnight.m; sourceTree = "<group>"; };
		4B8414BE179B0EA600916BF5 /* CampaignQuest.h */ = {isa = PBXFileReference; fileEncoding = 4; lastKnownFileType = sourcecode.c.h; path = CampaignQuest.h; sourceTree = "<group>"; };
		4B8414BF179B0EA600916BF5 /* CampaignQuest.m */ = {isa = PBXFileReference; fileEncoding = 4; lastKnownFileType = sourcecode.c.objc; path = CampaignQuest.m; sourceTree = "<group>"; };
		4B8414C0179B0EA600916BF5 /* CavalryMan.h */ = {isa = PBXFileReference; fileEncoding = 4; lastKnownFileType = sourcecode.c.h; path = CavalryMan.h; sourceTree = "<group>"; };
		4B8414C1179B0EA600916BF5 /* CavalryMan.m */ = {isa = PBXFileReference; fileEncoding = 4; lastKnownFileType = sourcecode.c.objc; path = CavalryMan.m; sourceTree = "<group>"; };
		4B8414C2179B0EA600916BF5 /* Champion.h */ = {isa = PBXFileReference; fileEncoding = 4; lastKnownFileType = sourcecode.c.h; path = Champion.h; sourceTree = "<group>"; };
		4B8414C3179B0EA600916BF5 /* Champion.m */ = {isa = PBXFileReference; fileEncoding = 4; lastKnownFileType = sourcecode.c.objc; path = Champion.m; sourceTree = "<group>"; };
		4B8414C5179B0EA600916BF5 /* ClassADependsOnB.h */ = {isa = PBXFileReference; fileEncoding = 4; lastKnownFileType = sourcecode.c.h; path = ClassADependsOnB.h; sourceTree = "<group>"; };
		4B8414C6179B0EA600916BF5 /* ClassADependsOnB.m */ = {isa = PBXFileReference; fileEncoding = 4; lastKnownFileType = sourcecode.c.objc; path = ClassADependsOnB.m; sourceTree = "<group>"; };
		4B8414C7179B0EA600916BF5 /* ClassBDependsOnA.h */ = {isa = PBXFileReference; fileEncoding = 4; lastKnownFileType = sourcecode.c.h; path = ClassBDependsOnA.h; sourceTree = "<group>"; };
		4B8414C8179B0EA600916BF5 /* ClassBDependsOnA.m */ = {isa = PBXFileReference; fileEncoding = 4; lastKnownFileType = sourcecode.c.objc; path = ClassBDependsOnA.m; sourceTree = "<group>"; };
		4B8414C9179B0EA600916BF5 /* ClassCDependsOnDAndE.h */ = {isa = PBXFileReference; fileEncoding = 4; lastKnownFileType = sourcecode.c.h; path = ClassCDependsOnDAndE.h; sourceTree = "<group>"; };
		4B8414CA179B0EA600916BF5 /* ClassCDependsOnDAndE.m */ = {isa = PBXFileReference; fileEncoding = 4; lastKnownFileType = sourcecode.c.objc; path = ClassCDependsOnDAndE.m; sourceTree = "<group>"; };
		4B8414CB179B0EA600916BF5 /* ClassDDependsOnC.h */ = {isa = PBXFileReference; fileEncoding = 4; lastKnownFileType = sourcecode.c.h; path = ClassDDependsOnC.h; sourceTree = "<group>"; };
		4B8414CC179B0EA600916BF5 /* ClassDDependsOnC.m */ = {isa = PBXFileReference; fileEncoding = 4; lastKnownFileType = sourcecode.c.objc; path = ClassDDependsOnC.m; sourceTree = "<group>"; };
		4B8414CD179B0EA600916BF5 /* ClassEDependsOnC.h */ = {isa = PBXFileReference; fileEncoding = 4; lastKnownFileType = sourcecode.c.h; path = ClassEDependsOnC.h; sourceTree = "<group>"; };
		4B8414CE179B0EA600916BF5 /* ClassEDependsOnC.m */ = {isa = PBXFileReference; fileEncoding = 4; lastKnownFileType = sourcecode.c.objc; path = ClassEDependsOnC.m; sourceTree = "<group>"; };
		4B8414D0179B0EA600916BF5 /* Sword.h */ = {isa = PBXFileReference; fileEncoding = 4; lastKnownFileType = sourcecode.c.h; path = Sword.h; sourceTree = "<group>"; };
		4B8414D1179B0EA600916BF5 /* Sword.m */ = {isa = PBXFileReference; fileEncoding = 4; lastKnownFileType = sourcecode.c.objc; path = Sword.m; sourceTree = "<group>"; };
		4B8414D2179B0EA600916BF5 /* SwordFactory.h */ = {isa = PBXFileReference; fileEncoding = 4; lastKnownFileType = sourcecode.c.h; path = SwordFactory.h; sourceTree = "<group>"; };
		4B8414D3179B0EA600916BF5 /* SwordFactory.m */ = {isa = PBXFileReference; fileEncoding = 4; lastKnownFileType = sourcecode.c.objc; path = SwordFactory.m; sourceTree = "<group>"; };
		4B8414D4179B0EA600916BF5 /* Knight.h */ = {isa = PBXFileReference; fileEncoding = 4; lastKnownFileType = sourcecode.c.h; path = Knight.h; sourceTree = "<group>"; };
		4B8414D5179B0EA600916BF5 /* Knight.m */ = {isa = PBXFileReference; fileEncoding = 4; lastKnownFileType = sourcecode.c.objc; path = Knight.m; sourceTree = "<group>"; };
		4B8414D6179B0EA600916BF5 /* Quest.h */ = {isa = PBXFileReference; fileEncoding = 4; lastKnownFileType = sourcecode.c.h; path = Quest.h; sourceTree = "<group>"; };
		4B8414D8179B0EA600916BF5 /* AssemblyWithInvalidClassName.xml */ = {isa = PBXFileReference; fileEncoding = 4; lastKnownFileType = text.xml; path = AssemblyWithInvalidClassName.xml; sourceTree = "<group>"; };
		4B8414D9179B0EA600916BF5 /* CircularDependenciesAssembly.xml */ = {isa = PBXFileReference; fileEncoding = 4; lastKnownFileType = text.xml; path = CircularDependenciesAssembly.xml; sourceTree = "<group>"; };
		4B8414DA179B0EA600916BF5 /* ExceptionTestAssembly.xml */ = {isa = PBXFileReference; fileEncoding = 4; lastKnownFileType = text.xml; path = ExceptionTestAssembly.xml; sourceTree = "<group>"; };
		4B8414DB179B0EA600916BF5 /* LazyInitCasesAssembly.xml */ = {isa = PBXFileReference; fileEncoding = 4; lastKnownFileType = text.xml; path = LazyInitCasesAssembly.xml; sourceTree = "<group>"; };
		4B8414DC179B0EA600916BF5 /* MiddleAgesAssembly.xml */ = {isa = PBXFileReference; fileEncoding = 4; lastKnownFileType = text.xml; path = MiddleAgesAssembly.xml; sourceTree = "<group>"; };
		4B8414DD179B0EA600916BF5 /* PropertyPlaceholderAssembly.xml */ = {isa = PBXFileReference; fileEncoding = 4; lastKnownFileType = text.xml; path = PropertyPlaceholderAssembly.xml; sourceTree = "<group>"; };
		4B8414DE179B0EA600916BF5 /* SomeProperties.properties */ = {isa = PBXFileReference; fileEncoding = 4; lastKnownFileType = text; path = SomeProperties.properties; sourceTree = "<group>"; };
		4B8414DF179B0EA600916BF5 /* Tests-Info.plist */ = {isa = PBXFileReference; fileEncoding = 4; lastKnownFileType = text.plist.xml; path = "Tests-Info.plist"; sourceTree = "<group>"; };
		4B8414E0179B0EA600916BF5 /* Tests-Prefix.pch */ = {isa = PBXFileReference; fileEncoding = 4; lastKnownFileType = sourcecode.c.h; path = "Tests-Prefix.pch"; sourceTree = "<group>"; };
		4B8414E2179B0EA600916BF5 /* TyphoonPassthroughTypeConverterTests.m */ = {isa = PBXFileReference; fileEncoding = 4; lastKnownFileType = sourcecode.c.objc; path = TyphoonPassthroughTypeConverterTests.m; sourceTree = "<group>"; };
		4B8414E3179B0EA600916BF5 /* TyphoonPrimitiveTypeConverterTests.m */ = {isa = PBXFileReference; fileEncoding = 4; lastKnownFileType = sourcecode.c.objc; path = TyphoonPrimitiveTypeConverterTests.m; sourceTree = "<group>"; };
		4B8414E4179B0EA600916BF5 /* TyphoonTypeConverterRegistryTests.m */ = {isa = PBXFileReference; fileEncoding = 4; lastKnownFileType = sourcecode.c.objc; path = TyphoonTypeConverterRegistryTests.m; sourceTree = "<group>"; };
		4B8414E5179B0EA600916BF5 /* TyphoonTypeDescriptorTests.m */ = {isa = PBXFileReference; fileEncoding = 4; lastKnownFileType = sourcecode.c.objc; path = TyphoonTypeDescriptorTests.m; sourceTree = "<group>"; };
		4B8414E8179B0EA600916BF5 /* TyphoonBundleResourceTests.m */ = {isa = PBXFileReference; fileEncoding = 4; lastKnownFileType = sourcecode.c.objc; path = TyphoonBundleResourceTests.m; sourceTree = "<group>"; };
		4BC648F317A20AD2007F0463 /* iOS Tests (Static Library).octest */ = {isa = PBXFileReference; explicitFileType = wrapper.cfbundle; includeInIndex = 0; path = "iOS Tests (Static Library).octest"; sourceTree = BUILT_PRODUCTS_DIR; };
		4BCA951817A2F04200EA69D1 /* libTyphoon-iOS.a */ = {isa = PBXFileReference; lastKnownFileType = archive.ar; name = "libTyphoon-iOS.a"; path = "../build/Release-iphoneos/libTyphoon-iOS.a"; sourceTree = "<group>"; };
		4BE1AA4D17A5876E00FE2DA1 /* UnsatisfiableClassFDependsOnGInInitializer.h */ = {isa = PBXFileReference; fileEncoding = 4; lastKnownFileType = sourcecode.c.h; path = UnsatisfiableClassFDependsOnGInInitializer.h; sourceTree = "<group>"; };
		4BE1AA4E17A5876E00FE2DA1 /* UnsatisfiableClassFDependsOnGInInitializer.m */ = {isa = PBXFileReference; fileEncoding = 4; lastKnownFileType = sourcecode.c.objc; path = UnsatisfiableClassFDependsOnGInInitializer.m; sourceTree = "<group>"; };
		4BE1AA5217A5885300FE2DA1 /* UnsatisfiableClassGDependsOnFInInitializer.h */ = {isa = PBXFileReference; fileEncoding = 4; lastKnownFileType = sourcecode.c.h; path = UnsatisfiableClassGDependsOnFInInitializer.h; sourceTree = "<group>"; };
		4BE1AA5317A5885300FE2DA1 /* UnsatisfiableClassGDependsOnFInInitializer.m */ = {isa = PBXFileReference; fileEncoding = 4; lastKnownFileType = sourcecode.c.objc; path = UnsatisfiableClassGDependsOnFInInitializer.m; sourceTree = "<group>"; };
		4E08794517B6762E004B86C9 /* NotSingletonA.h */ = {isa = PBXFileReference; fileEncoding = 4; lastKnownFileType = sourcecode.c.h; path = NotSingletonA.h; sourceTree = "<group>"; };
		4E08794617B6762E004B86C9 /* NotSingletonA.m */ = {isa = PBXFileReference; fileEncoding = 4; lastKnownFileType = sourcecode.c.objc; path = NotSingletonA.m; sourceTree = "<group>"; };
		4E47A45617D8E1C700F967CA /* PrototypeInitInjected.h */ = {isa = PBXFileReference; fileEncoding = 4; lastKnownFileType = sourcecode.c.h; path = PrototypeInitInjected.h; sourceTree = "<group>"; };
		4E47A45717D8E1C700F967CA /* PrototypeInitInjected.m */ = {isa = PBXFileReference; fileEncoding = 4; lastKnownFileType = sourcecode.c.objc; path = PrototypeInitInjected.m; sourceTree = "<group>"; };
		4E47A45B17D8E1DC00F967CA /* PrototypePropertyInjected.h */ = {isa = PBXFileReference; fileEncoding = 4; lastKnownFileType = sourcecode.c.h; path = PrototypePropertyInjected.h; sourceTree = "<group>"; };
		4E47A45C17D8E1DC00F967CA /* PrototypePropertyInjected.m */ = {isa = PBXFileReference; fileEncoding = 4; lastKnownFileType = sourcecode.c.objc; path = PrototypePropertyInjected.m; sourceTree = "<group>"; };
		4EB218FC17B4F2C500B901C9 /* SingletonA.h */ = {isa = PBXFileReference; fileEncoding = 4; lastKnownFileType = sourcecode.c.h; path = SingletonA.h; sourceTree = "<group>"; };
		4EB218FD17B4F2C500B901C9 /* SingletonA.m */ = {isa = PBXFileReference; fileEncoding = 4; lastKnownFileType = sourcecode.c.objc; path = SingletonA.m; sourceTree = "<group>"; };
		4EB218FE17B4F2C500B901C9 /* SingletonB.h */ = {isa = PBXFileReference; fileEncoding = 4; lastKnownFileType = sourcecode.c.h; path = SingletonB.h; sourceTree = "<group>"; };
		4EB218FF17B4F2C500B901C9 /* SingletonB.m */ = {isa = PBXFileReference; fileEncoding = 4; lastKnownFileType = sourcecode.c.objc; path = SingletonB.m; sourceTree = "<group>"; };
		4EB2190E17B4F30C00B901C9 /* SingletonsChainAssembly.h */ = {isa = PBXFileReference; fileEncoding = 4; lastKnownFileType = sourcecode.c.h; name = SingletonsChainAssembly.h; path = ../../Model/SingletonsChain/SingletonsChainAssembly.h; sourceTree = "<group>"; };
		4EB2190F17B4F30C00B901C9 /* SingletonsChainAssembly.m */ = {isa = PBXFileReference; fileEncoding = 4; lastKnownFileType = sourcecode.c.objc; name = SingletonsChainAssembly.m; path = ../../Model/SingletonsChain/SingletonsChainAssembly.m; sourceTree = "<group>"; };
		4EB2191317B4F6EB00B901C9 /* SingletonsChainAssembly.xml */ = {isa = PBXFileReference; fileEncoding = 4; lastKnownFileType = text.xml; path = SingletonsChainAssembly.xml; sourceTree = "<group>"; };
		B1C044F0F19E4B448A36BEFB /* Pods-ios.xcconfig */ = {isa = PBXFileReference; includeInIndex = 1; lastKnownFileType = text.xcconfig; name = "Pods-ios.xcconfig"; path = "Pods/Pods-ios.xcconfig"; sourceTree = SOURCE_ROOT; };
		B90D396911F743468FF96BB5 /* libPods-iOS Tests (Cocoapods).a */ = {isa = PBXFileReference; explicitFileType = archive.ar; includeInIndex = 0; path = "libPods-iOS Tests (Cocoapods).a"; sourceTree = BUILT_PRODUCTS_DIR; };
		BA79816306D33CA0DD1DE118 /* TyphoonPatcherTests.m */ = {isa = PBXFileReference; fileEncoding = 4; lastKnownFileType = sourcecode.c.objc; path = TyphoonPatcherTests.m; sourceTree = "<group>"; };
		F8B50DFBF255467DA9F7C30F /* libPods-ios.a */ = {isa = PBXFileReference; explicitFileType = archive.ar; includeInIndex = 0; path = "libPods-ios.a"; sourceTree = BUILT_PRODUCTS_DIR; };
/* End PBXFileReference section */

/* Begin PBXFrameworksBuildPhase section */
		4B841468179B0E3900916BF5 /* Frameworks */ = {
			isa = PBXFrameworksBuildPhase;
			buildActionMask = 2147483647;
			files = (
				4B841470179B0E3900916BF5 /* SenTestingKit.framework in Frameworks */,
				4B841472179B0E3900916BF5 /* UIKit.framework in Frameworks */,
				4B841474179B0E3900916BF5 /* Foundation.framework in Frameworks */,
				CD65DA1387F74352A0088704 /* libPods-iOS Tests (Cocoapods).a in Frameworks */,
			);
			runOnlyForDeploymentPostprocessing = 0;
		};
		4B841483179B0E5200916BF5 /* Frameworks */ = {
			isa = PBXFrameworksBuildPhase;
			buildActionMask = 2147483647;
			files = (
				4B841488179B0E5200916BF5 /* SenTestingKit.framework in Frameworks */,
				4B84148A179B0E5200916BF5 /* Cocoa.framework in Frameworks */,
				D174EF8C2C6845E69666DC4F /* libPods-osx.a in Frameworks */,
			);
			runOnlyForDeploymentPostprocessing = 0;
		};
		4BC648E117A20AD2007F0463 /* Frameworks */ = {
			isa = PBXFrameworksBuildPhase;
			buildActionMask = 2147483647;
			files = (
				4BCA951917A2F04200EA69D1 /* libTyphoon-iOS.a in Frameworks */,
				4BC648E217A20AD2007F0463 /* SenTestingKit.framework in Frameworks */,
				4BC648E317A20AD2007F0463 /* UIKit.framework in Frameworks */,
				4BC648E417A20AD2007F0463 /* Foundation.framework in Frameworks */,
				52D870D7DE6E4FB09D059A5C /* libPods-ios.a in Frameworks */,
			);
			runOnlyForDeploymentPostprocessing = 0;
		};
/* End PBXFrameworksBuildPhase section */

/* Begin PBXGroup section */
		46877CF717D70B5900910D6A /* Initializer */ = {
			isa = PBXGroup;
			children = (
				46877CF817D70B5900910D6A /* Collection */,
			);
			path = Initializer;
			sourceTree = "<group>";
		};
		46877CF817D70B5900910D6A /* Collection */ = {
			isa = PBXGroup;
			children = (
				46877CF917D70B5900910D6A /* TyphoonParameterInjectedAsCollectionTests.m */,
			);
			path = Collection;
			sourceTree = "<group>";
		};
		4B06339E17D29402009CDBD6 /* Injection Aware */ = {
			isa = PBXGroup;
			children = (
				4B06339F17D29402009CDBD6 /* InjectionAwareAssembly.h */,
				4B0633A017D29402009CDBD6 /* InjectionAwareAssembly.m */,
				4B0633A117D29402009CDBD6 /* InjectionAwareObject.h */,
				4B0633A217D29402009CDBD6 /* InjectionAwareObject.m */,
				4B0633A317D29402009CDBD6 /* TyphoonInjectionAwareTests.m */,
			);
			path = "Injection Aware";
			sourceTree = "<group>";
		};
		4B841460179B0E1B00916BF5 = {
			isa = PBXGroup;
			children = (
				4B84149C179B0EA600916BF5 /* Component */,
				4B8414A3179B0EA600916BF5 /* Factory */,
				4B8414B7179B0EA600916BF5 /* Harlot.h */,
				4B8414B8179B0EA600916BF5 /* Model */,
				4B8414D7179B0EA600916BF5 /* Resources */,
				4B8414DF179B0EA600916BF5 /* Tests-Info.plist */,
				4B8414E0179B0EA600916BF5 /* Tests-Prefix.pch */,
				4B8414E1179B0EA600916BF5 /* TypeConversion */,
				4B8414E6179B0EA600916BF5 /* Utils */,
				4B84146E179B0E3900916BF5 /* Frameworks */,
				4B84146D179B0E3900916BF5 /* Products */,
				159D62E0E7314B4D9C0B9CC1 /* Pods-iOS Tests (Cocoapods).xcconfig */,
				B1C044F0F19E4B448A36BEFB /* Pods-ios.xcconfig */,
				272E8645AA624C0897EA4CF6 /* Pods-osx.xcconfig */,
			);
			sourceTree = "<group>";
		};
		4B84146D179B0E3900916BF5 /* Products */ = {
			isa = PBXGroup;
			children = (
				4B84146C179B0E3900916BF5 /* iOS Tests (Cocoapods).octest */,
				4B841487179B0E5200916BF5 /* OS X Tests (Cocoapods).octest */,
				4BC648F317A20AD2007F0463 /* iOS Tests (Static Library).octest */,
			);
			name = Products;
			sourceTree = "<group>";
		};
		4B84146E179B0E3900916BF5 /* Frameworks */ = {
			isa = PBXGroup;
			children = (
				4B84146F179B0E3900916BF5 /* SenTestingKit.framework */,
				4B841471179B0E3900916BF5 /* UIKit.framework */,
				4B841473179B0E3900916BF5 /* Foundation.framework */,
				4B841489179B0E5200916BF5 /* Cocoa.framework */,
				4B84148B179B0E5200916BF5 /* Other Frameworks */,
				4BCA951817A2F04200EA69D1 /* libTyphoon-iOS.a */,
				B90D396911F743468FF96BB5 /* libPods-iOS Tests (Cocoapods).a */,
				F8B50DFBF255467DA9F7C30F /* libPods-ios.a */,
				1AC491FA50E048988BFB5756 /* libPods-osx.a */,
			);
			name = Frameworks;
			sourceTree = "<group>";
		};
		4B84148B179B0E5200916BF5 /* Other Frameworks */ = {
			isa = PBXGroup;
			children = (
				4B84148C179B0E5200916BF5 /* AppKit.framework */,
				4B84148D179B0E5200916BF5 /* CoreData.framework */,
				4B84148E179B0E5200916BF5 /* Foundation.framework */,
			);
			name = "Other Frameworks";
			sourceTree = "<group>";
		};
		4B84149C179B0EA600916BF5 /* Component */ = {
			isa = PBXGroup;
			children = (
				46877CF717D70B5900910D6A /* Initializer */,
				4B06339E17D29402009CDBD6 /* Injection Aware */,
				4B84149D179B0EA600916BF5 /* Properties */,
				4B8414A2179B0EA600916BF5 /* TyphoonDefinitionTests.m */,
			);
			path = Component;
			sourceTree = "<group>";
		};
		4B84149D179B0EA600916BF5 /* Properties */ = {
			isa = PBXGroup;
			children = (
				4B84149E179B0EA600916BF5 /* ClassWithCollectionProperties.h */,
				4B84149F179B0EA600916BF5 /* ClassWithCollectionProperties.m */,
				4B8414A0179B0EA600916BF5 /* Collection */,
			);
			path = Properties;
			sourceTree = "<group>";
		};
		4B8414A0179B0EA600916BF5 /* Collection */ = {
			isa = PBXGroup;
			children = (
				4B8414A1179B0EA600916BF5 /* TyphoonPropertyInjectedAsCollectionTests.m */,
			);
			path = Collection;
			sourceTree = "<group>";
		};
		4B8414A3179B0EA600916BF5 /* Factory */ = {
			isa = PBXGroup;
			children = (
				4B8414A4179B0EA600916BF5 /* Block */,
				4B8414AC179B0EA600916BF5 /* Mutator */,
				4B8414AF179B0EA600916BF5 /* Shared */,
				4B8414B2179B0EA600916BF5 /* TyphoonComponentFactory+InstanceBuilderTests.m */,
				4B8414B3179B0EA600916BF5 /* TyphoonComponentFactoryTests.m */,
				4B8414B4179B0EA600916BF5 /* Xml */,
			);
			path = Factory;
			sourceTree = "<group>";
		};
		4B8414A4179B0EA600916BF5 /* Block */ = {
			isa = PBXGroup;
			children = (
				4EB2190E17B4F30C00B901C9 /* SingletonsChainAssembly.h */,
				4EB2190F17B4F30C00B901C9 /* SingletonsChainAssembly.m */,
				4B8414A5179B0EA600916BF5 /* CircularDependenciesAssembly.h */,
				4B8414A6179B0EA600916BF5 /* CircularDependenciesAssembly.m */,
				4B8414A7179B0EA600916BF5 /* ExceptionTestAssembly.h */,
				4B8414A8179B0EA600916BF5 /* ExceptionTestAssembly.m */,
				4B8414A9179B0EA600916BF5 /* MiddleAgesAssembly.h */,
				4B8414AA179B0EA600916BF5 /* MiddleAgesAssembly.m */,
				4B06338A17D29240009CDBD6 /* TyphoonAssemblySelectorAdviserTests.m */,
				4B8414AB179B0EA600916BF5 /* TyphoonBlockComponentFactoryTests.m */,
			);
			path = Block;
			sourceTree = "<group>";
		};
		4B8414AC179B0EA600916BF5 /* Mutator */ = {
			isa = PBXGroup;
			children = (
				4B8414AD179B0EA600916BF5 /* PropertyConfigurer */,
				BA798AA0E8A0E473C85773E0 /* Patcher */,
			);
			path = Mutator;
			sourceTree = "<group>";
		};
		4B8414AD179B0EA600916BF5 /* PropertyConfigurer */ = {
			isa = PBXGroup;
			children = (
				4B8414AE179B0EA600916BF5 /* TyphoonPropertyPlaceholderConfigurerTests.m */,
			);
			path = PropertyConfigurer;
			sourceTree = "<group>";
		};
		4B8414AF179B0EA600916BF5 /* Shared */ = {
			isa = PBXGroup;
			children = (
				4B8414B0179B0EA600916BF5 /* TyphoonSharedComponentFactoryTests.h */,
				4B8414B1179B0EA600916BF5 /* TyphoonSharedComponentFactoryTests.m */,
			);
			path = Shared;
			sourceTree = "<group>";
		};
		4B8414B4179B0EA600916BF5 /* Xml */ = {
			isa = PBXGroup;
			children = (
				4B8414B5179B0EA600916BF5 /* RXMLElement+XmlComponentFactoryTests.m */,
				4B8414B6179B0EA600916BF5 /* TyphoonXmlComponentFactoryTests.m */,
			);
			path = Xml;
			sourceTree = "<group>";
		};
		4B8414B8179B0EA600916BF5 /* Model */ = {
			isa = PBXGroup;
			children = (
				4EB218F917B4F2C500B901C9 /* SingletonsChain */,
				4B8414B9179B0EA600916BF5 /* AutoWiring */,
				4B8414BE179B0EA600916BF5 /* CampaignQuest.h */,
				4B8414BF179B0EA600916BF5 /* CampaignQuest.m */,
				4B8414C0179B0EA600916BF5 /* CavalryMan.h */,
				4B8414C1179B0EA600916BF5 /* CavalryMan.m */,
				4B8414C2179B0EA600916BF5 /* Champion.h */,
				4B8414C3179B0EA600916BF5 /* Champion.m */,
				4B8414C4179B0EA600916BF5 /* CircularDependencies */,
				4B8414CF179B0EA600916BF5 /* Factory */,
				4B8414D4179B0EA600916BF5 /* Knight.h */,
				4B8414D5179B0EA600916BF5 /* Knight.m */,
				4B8414D6179B0EA600916BF5 /* Quest.h */,
			);
			path = Model;
			sourceTree = "<group>";
		};
		4B8414B9179B0EA600916BF5 /* AutoWiring */ = {
			isa = PBXGroup;
			children = (
				4B8414BA179B0EA600916BF5 /* AutoWiringKnight.h */,
				4B8414BB179B0EA600916BF5 /* AutoWiringKnight.m */,
				4B8414BC179B0EA600916BF5 /* AutoWiringSubClassedKnight.h */,
				4B8414BD179B0EA600916BF5 /* AutoWiringSubClassedKnight.m */,
			);
			path = AutoWiring;
			sourceTree = "<group>";
		};
		4B8414C4179B0EA600916BF5 /* CircularDependencies */ = {
			isa = PBXGroup;
			children = (
				4B8414C5179B0EA600916BF5 /* ClassADependsOnB.h */,
				4B8414C6179B0EA600916BF5 /* ClassADependsOnB.m */,
				4B8414C7179B0EA600916BF5 /* ClassBDependsOnA.h */,
				4B8414C8179B0EA600916BF5 /* ClassBDependsOnA.m */,
				4B8414C9179B0EA600916BF5 /* ClassCDependsOnDAndE.h */,
				4B8414CA179B0EA600916BF5 /* ClassCDependsOnDAndE.m */,
				4B8414CB179B0EA600916BF5 /* ClassDDependsOnC.h */,
				4B8414CC179B0EA600916BF5 /* ClassDDependsOnC.m */,
				4B8414CD179B0EA600916BF5 /* ClassEDependsOnC.h */,
				4B8414CE179B0EA600916BF5 /* ClassEDependsOnC.m */,
				4BE1AA4D17A5876E00FE2DA1 /* UnsatisfiableClassFDependsOnGInInitializer.h */,
				4BE1AA4E17A5876E00FE2DA1 /* UnsatisfiableClassFDependsOnGInInitializer.m */,
				4BE1AA5217A5885300FE2DA1 /* UnsatisfiableClassGDependsOnFInInitializer.h */,
				4BE1AA5317A5885300FE2DA1 /* UnsatisfiableClassGDependsOnFInInitializer.m */,
				4E47A45617D8E1C700F967CA /* PrototypeInitInjected.h */,
				4E47A45717D8E1C700F967CA /* PrototypeInitInjected.m */,
				4E47A45B17D8E1DC00F967CA /* PrototypePropertyInjected.h */,
				4E47A45C17D8E1DC00F967CA /* PrototypePropertyInjected.m */,
			);
			path = CircularDependencies;
			sourceTree = "<group>";
		};
		4B8414CF179B0EA600916BF5 /* Factory */ = {
			isa = PBXGroup;
			children = (
				4B8414D0179B0EA600916BF5 /* Sword.h */,
				4B8414D1179B0EA600916BF5 /* Sword.m */,
				4B8414D2179B0EA600916BF5 /* SwordFactory.h */,
				4B8414D3179B0EA600916BF5 /* SwordFactory.m */,
			);
			path = Factory;
			sourceTree = "<group>";
		};
		4B8414D7179B0EA600916BF5 /* Resources */ = {
			isa = PBXGroup;
			children = (
				4B8414D8179B0EA600916BF5 /* AssemblyWithInvalidClassName.xml */,
				4B8414D9179B0EA600916BF5 /* CircularDependenciesAssembly.xml */,
				4EB2191317B4F6EB00B901C9 /* SingletonsChainAssembly.xml */,
				4B8414DA179B0EA600916BF5 /* ExceptionTestAssembly.xml */,
				4B8414DB179B0EA600916BF5 /* LazyInitCasesAssembly.xml */,
				4B8414DC179B0EA600916BF5 /* MiddleAgesAssembly.xml */,
				4B8414DD179B0EA600916BF5 /* PropertyPlaceholderAssembly.xml */,
				4B8414DE179B0EA600916BF5 /* SomeProperties.properties */,
			);
			path = Resources;
			sourceTree = "<group>";
		};
		4B8414E1179B0EA600916BF5 /* TypeConversion */ = {
			isa = PBXGroup;
			children = (
				4B8414E2179B0EA600916BF5 /* TyphoonPassthroughTypeConverterTests.m */,
				4B8414E3179B0EA600916BF5 /* TyphoonPrimitiveTypeConverterTests.m */,
				4B8414E4179B0EA600916BF5 /* TyphoonTypeConverterRegistryTests.m */,
				4B8414E5179B0EA600916BF5 /* TyphoonTypeDescriptorTests.m */,
			);
			path = TypeConversion;
			sourceTree = "<group>";
		};
		4B8414E6179B0EA600916BF5 /* Utils */ = {
			isa = PBXGroup;
			children = (
				4B8414E7179B0EA600916BF5 /* Resource */,
			);
			path = Utils;
			sourceTree = "<group>";
		};
		4B8414E7179B0EA600916BF5 /* Resource */ = {
			isa = PBXGroup;
			children = (
				4B8414E8179B0EA600916BF5 /* TyphoonBundleResourceTests.m */,
			);
			path = Resource;
			sourceTree = "<group>";
		};
		4EB218F917B4F2C500B901C9 /* SingletonsChain */ = {
			isa = PBXGroup;
			children = (
				4EB218FC17B4F2C500B901C9 /* SingletonA.h */,
				4EB218FD17B4F2C500B901C9 /* SingletonA.m */,
				4EB218FE17B4F2C500B901C9 /* SingletonB.h */,
				4EB218FF17B4F2C500B901C9 /* SingletonB.m */,
				4E08794517B6762E004B86C9 /* NotSingletonA.h */,
				4E08794617B6762E004B86C9 /* NotSingletonA.m */,
			);
			path = SingletonsChain;
			sourceTree = "<group>";
		};
		BA798AA0E8A0E473C85773E0 /* Patcher */ = {
			isa = PBXGroup;
			children = (
				BA79816306D33CA0DD1DE118 /* TyphoonPatcherTests.m */,
			);
			path = Patcher;
			sourceTree = "<group>";
		};
/* End PBXGroup section */

/* Begin PBXNativeTarget section */
		4B84146B179B0E3900916BF5 /* iOS Tests (Cocoapods) */ = {
			isa = PBXNativeTarget;
			buildConfigurationList = 4B84147F179B0E3900916BF5 /* Build configuration list for PBXNativeTarget "iOS Tests (Cocoapods)" */;
			buildPhases = (
				1AD1AC06E2E44EF392FF7D3C /* Check Pods Manifest.lock */,
				4B841467179B0E3900916BF5 /* Sources */,
				4B841468179B0E3900916BF5 /* Frameworks */,
				4B841469179B0E3900916BF5 /* Resources */,
				4B84146A179B0E3900916BF5 /* ShellScript */,
				507E953EE20E4B3BB6580726 /* Copy Pods Resources */,
			);
			buildRules = (
			);
			dependencies = (
				4B9685A917D275CA00E69723 /* PBXTargetDependency */,
			);
			name = "iOS Tests (Cocoapods)";
			productName = "iOS Tests";
			productReference = 4B84146C179B0E3900916BF5 /* iOS Tests (Cocoapods).octest */;
			productType = "com.apple.product-type.bundle";
		};
		4B841486179B0E5200916BF5 /* OS X Tests (Cocoapods) */ = {
			isa = PBXNativeTarget;
			buildConfigurationList = 4B841499179B0E5200916BF5 /* Build configuration list for PBXNativeTarget "OS X Tests (Cocoapods)" */;
			buildPhases = (
				9C867ED534C64DE6A611443E /* Check Pods Manifest.lock */,
				4B841482179B0E5200916BF5 /* Sources */,
				4B841483179B0E5200916BF5 /* Frameworks */,
				4B841484179B0E5200916BF5 /* Resources */,
				4B841485179B0E5200916BF5 /* ShellScript */,
				B70E614B18A1463E885266C6 /* Copy Pods Resources */,
			);
			buildRules = (
			);
			dependencies = (
				4B9685AB17D275CD00E69723 /* PBXTargetDependency */,
			);
			name = "OS X Tests (Cocoapods)";
			productName = "OS X Tests";
			productReference = 4B841487179B0E5200916BF5 /* OS X Tests (Cocoapods).octest */;
			productType = "com.apple.product-type.bundle";
		};
		4BC648BF17A20AD2007F0463 /* iOS Tests (Static Library) */ = {
			isa = PBXNativeTarget;
			buildConfigurationList = 4BC648F017A20AD2007F0463 /* Build configuration list for PBXNativeTarget "iOS Tests (Static Library)" */;
			buildPhases = (
				4BC648C017A20AD2007F0463 /* Check Pods Manifest.lock */,
				4BC648C117A20AD2007F0463 /* Sources */,
				4BC648E117A20AD2007F0463 /* Frameworks */,
				4BC648E617A20AD2007F0463 /* Resources */,
				4BC648EE17A20AD2007F0463 /* ShellScript */,
				4BC648EF17A20AD2007F0463 /* Copy Pods Resources */,
			);
			buildRules = (
			);
			dependencies = (
				4B9685AD17D275D000E69723 /* PBXTargetDependency */,
			);
			name = "iOS Tests (Static Library)";
			productName = "iOS Tests";
			productReference = 4BC648F317A20AD2007F0463 /* iOS Tests (Static Library).octest */;
			productType = "com.apple.product-type.bundle";
		};
/* End PBXNativeTarget section */

/* Begin PBXProject section */
		4B841461179B0E1B00916BF5 /* Project object */ = {
			isa = PBXProject;
			attributes = {
				LastUpgradeCheck = 0460;
				TargetAttributes = {
					4B9685A117D26E8200E69723 = {
						TestTargetID = 4B84146B179B0E3900916BF5 /* iOS Tests (Cocoapods) */;
					};
				};
			};
			buildConfigurationList = 4B841464179B0E1B00916BF5 /* Build configuration list for PBXProject "Tests" */;
			compatibilityVersion = "Xcode 3.2";
			developmentRegion = English;
			hasScannedForEncodings = 0;
			knownRegions = (
				en,
			);
			mainGroup = 4B841460179B0E1B00916BF5;
			productRefGroup = 4B84146D179B0E3900916BF5 /* Products */;
			projectDirPath = "";
			projectRoot = "";
			targets = (
				4B9685A117D26E8200E69723 /* pod update */,
				4B84146B179B0E3900916BF5 /* iOS Tests (Cocoapods) */,
				4B841486179B0E5200916BF5 /* OS X Tests (Cocoapods) */,
				4BC648BF17A20AD2007F0463 /* iOS Tests (Static Library) */,
			);
		};
/* End PBXProject section */

/* Begin PBXResourcesBuildPhase section */
		4B841469179B0E3900916BF5 /* Resources */ = {
			isa = PBXResourcesBuildPhase;
			buildActionMask = 2147483647;
			files = (
				4B84151D179B0EA600916BF5 /* AssemblyWithInvalidClassName.xml in Resources */,
				4B84151F179B0EA600916BF5 /* CircularDependenciesAssembly.xml in Resources */,
				4B841521179B0EA600916BF5 /* ExceptionTestAssembly.xml in Resources */,
				4B841523179B0EA600916BF5 /* LazyInitCasesAssembly.xml in Resources */,
				4B841525179B0EA600916BF5 /* MiddleAgesAssembly.xml in Resources */,
				4B841527179B0EA600916BF5 /* PropertyPlaceholderAssembly.xml in Resources */,
				4B841529179B0EA600916BF5 /* SomeProperties.properties in Resources */,
				4EB2191417B4F6EB00B901C9 /* SingletonsChainAssembly.xml in Resources */,
			);
			runOnlyForDeploymentPostprocessing = 0;
		};
		4B841484179B0E5200916BF5 /* Resources */ = {
			isa = PBXResourcesBuildPhase;
			buildActionMask = 2147483647;
			files = (
				4B84151E179B0EA600916BF5 /* AssemblyWithInvalidClassName.xml in Resources */,
				4B841520179B0EA600916BF5 /* CircularDependenciesAssembly.xml in Resources */,
				4B841522179B0EA600916BF5 /* ExceptionTestAssembly.xml in Resources */,
				4B841524179B0EA600916BF5 /* LazyInitCasesAssembly.xml in Resources */,
				4B841526179B0EA600916BF5 /* MiddleAgesAssembly.xml in Resources */,
				4B841528179B0EA600916BF5 /* PropertyPlaceholderAssembly.xml in Resources */,
				4B84152A179B0EA600916BF5 /* SomeProperties.properties in Resources */,
				4EB2191517B4F6EB00B901C9 /* SingletonsChainAssembly.xml in Resources */,
			);
			runOnlyForDeploymentPostprocessing = 0;
		};
		4BC648E617A20AD2007F0463 /* Resources */ = {
			isa = PBXResourcesBuildPhase;
			buildActionMask = 2147483647;
			files = (
				4BC648E717A20AD2007F0463 /* AssemblyWithInvalidClassName.xml in Resources */,
				4BC648E817A20AD2007F0463 /* CircularDependenciesAssembly.xml in Resources */,
				4BC648E917A20AD2007F0463 /* ExceptionTestAssembly.xml in Resources */,
				4BC648EA17A20AD2007F0463 /* LazyInitCasesAssembly.xml in Resources */,
				4BC648EB17A20AD2007F0463 /* MiddleAgesAssembly.xml in Resources */,
				4BC648EC17A20AD2007F0463 /* PropertyPlaceholderAssembly.xml in Resources */,
				4BC648ED17A20AD2007F0463 /* SomeProperties.properties in Resources */,
				4EB2191617B4F6EB00B901C9 /* SingletonsChainAssembly.xml in Resources */,
			);
			runOnlyForDeploymentPostprocessing = 0;
		};
/* End PBXResourcesBuildPhase section */

/* Begin PBXShellScriptBuildPhase section */
		1AD1AC06E2E44EF392FF7D3C /* Check Pods Manifest.lock */ = {
			isa = PBXShellScriptBuildPhase;
			buildActionMask = 2147483647;
			files = (
			);
			inputPaths = (
			);
			name = "Check Pods Manifest.lock";
			outputPaths = (
			);
			runOnlyForDeploymentPostprocessing = 0;
			shellPath = /bin/sh;
			shellScript = "diff \"${PODS_ROOT}/../Podfile.lock\" \"${PODS_ROOT}/Manifest.lock\" > /dev/null\nif [[ $? != 0 ]] ; then\n    cat << EOM\nerror: The sandbox is not in sync with the Podfile.lock. Run 'pod install' or update your CocoaPods installation.\nEOM\n    exit 1\nfi\n";
			showEnvVarsInLog = 0;
		};
		4B84146A179B0E3900916BF5 /* ShellScript */ = {
			isa = PBXShellScriptBuildPhase;
			buildActionMask = 2147483647;
			files = (
			);
			inputPaths = (
			);
			outputPaths = (
			);
			runOnlyForDeploymentPostprocessing = 0;
			shellPath = /bin/sh;
			shellScript = "# Run the unit tests in this test bundle.\n\"${SYSTEM_DEVELOPER_DIR}/Tools/RunUnitTests\"\n";
		};
		4B841485179B0E5200916BF5 /* ShellScript */ = {
			isa = PBXShellScriptBuildPhase;
			buildActionMask = 2147483647;
			files = (
			);
			inputPaths = (
			);
			outputPaths = (
			);
			runOnlyForDeploymentPostprocessing = 0;
			shellPath = /bin/sh;
			shellScript = "# Run the unit tests in this test bundle.\n\"${SYSTEM_DEVELOPER_DIR}/Tools/RunUnitTests\"\n";
		};
		4B9685A717D26E8D00E69723 /* pod update */ = {
			isa = PBXShellScriptBuildPhase;
			buildActionMask = 2147483647;
			files = (
			);
			inputPaths = (
			);
			name = "pod update";
			outputPaths = (
			);
			runOnlyForDeploymentPostprocessing = 0;
			shellPath = /bin/sh;
			shellScript = "REPO_ROOT=\"${PROJECT_DIR}/..\"\n\"${REPO_ROOT}/Scripts/pod-update.sh\"";
		};
		4BC648C017A20AD2007F0463 /* Check Pods Manifest.lock */ = {
			isa = PBXShellScriptBuildPhase;
			buildActionMask = 2147483647;
			files = (
			);
			inputPaths = (
			);
			name = "Check Pods Manifest.lock";
			outputPaths = (
			);
			runOnlyForDeploymentPostprocessing = 0;
			shellPath = /bin/sh;
			shellScript = "diff \"${PODS_ROOT}/../Podfile.lock\" \"${PODS_ROOT}/Manifest.lock\" > /dev/null\nif [[ $? != 0 ]] ; then\n    cat << EOM\nerror: The sandbox is not in sync with the Podfile.lock. Run 'pod install' or update your CocoaPods installation.\nEOM\n    exit 1\nfi\n";
			showEnvVarsInLog = 0;
		};
		4BC648EE17A20AD2007F0463 /* ShellScript */ = {
			isa = PBXShellScriptBuildPhase;
			buildActionMask = 2147483647;
			files = (
			);
			inputPaths = (
			);
			outputPaths = (
			);
			runOnlyForDeploymentPostprocessing = 0;
			shellPath = /bin/sh;
			shellScript = "# Run the unit tests in this test bundle.\n\"${SYSTEM_DEVELOPER_DIR}/Tools/RunUnitTests\"\n";
		};
		4BC648EF17A20AD2007F0463 /* Copy Pods Resources */ = {
			isa = PBXShellScriptBuildPhase;
			buildActionMask = 2147483647;
			files = (
			);
			inputPaths = (
			);
			name = "Copy Pods Resources";
			outputPaths = (
			);
			runOnlyForDeploymentPostprocessing = 0;
			shellPath = /bin/sh;
			shellScript = "\"${SRCROOT}/Pods/Pods-ios-resources.sh\"\n";
			showEnvVarsInLog = 0;
		};
		507E953EE20E4B3BB6580726 /* Copy Pods Resources */ = {
			isa = PBXShellScriptBuildPhase;
			buildActionMask = 2147483647;
			files = (
			);
			inputPaths = (
			);
			name = "Copy Pods Resources";
			outputPaths = (
			);
			runOnlyForDeploymentPostprocessing = 0;
			shellPath = /bin/sh;
			shellScript = "\"${SRCROOT}/Pods/Pods-iOS Tests (Cocoapods)-resources.sh\"\n";
			showEnvVarsInLog = 0;
		};
		9C867ED534C64DE6A611443E /* Check Pods Manifest.lock */ = {
			isa = PBXShellScriptBuildPhase;
			buildActionMask = 2147483647;
			files = (
			);
			inputPaths = (
			);
			name = "Check Pods Manifest.lock";
			outputPaths = (
			);
			runOnlyForDeploymentPostprocessing = 0;
			shellPath = /bin/sh;
			shellScript = "diff \"${PODS_ROOT}/../Podfile.lock\" \"${PODS_ROOT}/Manifest.lock\" > /dev/null\nif [[ $? != 0 ]] ; then\n    cat << EOM\nerror: The sandbox is not in sync with the Podfile.lock. Run 'pod install' or update your CocoaPods installation.\nEOM\n    exit 1\nfi\n";
			showEnvVarsInLog = 0;
		};
		B70E614B18A1463E885266C6 /* Copy Pods Resources */ = {
			isa = PBXShellScriptBuildPhase;
			buildActionMask = 2147483647;
			files = (
			);
			inputPaths = (
			);
			name = "Copy Pods Resources";
			outputPaths = (
			);
			runOnlyForDeploymentPostprocessing = 0;
			shellPath = /bin/sh;
			shellScript = "\"${SRCROOT}/Pods/Pods-osx-resources.sh\"\n";
			showEnvVarsInLog = 0;
		};
/* End PBXShellScriptBuildPhase section */

/* Begin PBXSourcesBuildPhase section */
		4B841467179B0E3900916BF5 /* Sources */ = {
			isa = PBXSourcesBuildPhase;
			buildActionMask = 2147483647;
			files = (
				4B8414E9179B0EA600916BF5 /* ClassWithCollectionProperties.m in Sources */,
				4B8414EB179B0EA600916BF5 /* TyphoonPropertyInjectedAsCollectionTests.m in Sources */,
				4B8414ED179B0EA600916BF5 /* TyphoonDefinitionTests.m in Sources */,
				4B8414EF179B0EA600916BF5 /* CircularDependenciesAssembly.m in Sources */,
				4B8414F1179B0EA600916BF5 /* ExceptionTestAssembly.m in Sources */,
				4B8414F3179B0EA600916BF5 /* MiddleAgesAssembly.m in Sources */,
				4B8414F5179B0EA600916BF5 /* TyphoonBlockComponentFactoryTests.m in Sources */,
				4B8414F7179B0EA600916BF5 /* TyphoonPropertyPlaceholderConfigurerTests.m in Sources */,
				4B8414F9179B0EA600916BF5 /* TyphoonSharedComponentFactoryTests.m in Sources */,
				4B8414FB179B0EA600916BF5 /* TyphoonComponentFactory+InstanceBuilderTests.m in Sources */,
				4B8414FD179B0EA600916BF5 /* TyphoonComponentFactoryTests.m in Sources */,
				4B8414FF179B0EA600916BF5 /* RXMLElement+XmlComponentFactoryTests.m in Sources */,
				4B841501179B0EA600916BF5 /* TyphoonXmlComponentFactoryTests.m in Sources */,
				4B841503179B0EA600916BF5 /* AutoWiringKnight.m in Sources */,
				4B841505179B0EA600916BF5 /* AutoWiringSubClassedKnight.m in Sources */,
				4B841507179B0EA600916BF5 /* CampaignQuest.m in Sources */,
				4B841509179B0EA600916BF5 /* CavalryMan.m in Sources */,
				4B84150B179B0EA600916BF5 /* Champion.m in Sources */,
				4B84150D179B0EA600916BF5 /* ClassADependsOnB.m in Sources */,
				4B84150F179B0EA600916BF5 /* ClassBDependsOnA.m in Sources */,
				4B841511179B0EA600916BF5 /* ClassCDependsOnDAndE.m in Sources */,
				4B841513179B0EA600916BF5 /* ClassDDependsOnC.m in Sources */,
				4B06338B17D29240009CDBD6 /* TyphoonAssemblySelectorAdviserTests.m in Sources */,
				4B841515179B0EA600916BF5 /* ClassEDependsOnC.m in Sources */,
				4B0633A417D29402009CDBD6 /* InjectionAwareAssembly.m in Sources */,
				4B841517179B0EA600916BF5 /* Sword.m in Sources */,
				4B841519179B0EA600916BF5 /* SwordFactory.m in Sources */,
				4B84151B179B0EA600916BF5 /* Knight.m in Sources */,
				4B84152D179B0EA600916BF5 /* TyphoonPassthroughTypeConverterTests.m in Sources */,
				4B84152F179B0EA600916BF5 /* TyphoonPrimitiveTypeConverterTests.m in Sources */,
				4B841531179B0EA600916BF5 /* TyphoonTypeConverterRegistryTests.m in Sources */,
				4B841533179B0EA600916BF5 /* TyphoonTypeDescriptorTests.m in Sources */,
				4B0633AA17D29402009CDBD6 /* TyphoonInjectionAwareTests.m in Sources */,
				4B841535179B0EA600916BF5 /* TyphoonBundleResourceTests.m in Sources */,
				4BE1AA4F17A5876E00FE2DA1 /* UnsatisfiableClassFDependsOnGInInitializer.m in Sources */,
				4BE1AA5417A5885300FE2DA1 /* UnsatisfiableClassGDependsOnFInInitializer.m in Sources */,
				4B0633A717D29402009CDBD6 /* InjectionAwareObject.m in Sources */,
				4EB2190517B4F2C500B901C9 /* SingletonA.m in Sources */,
				4EB2190817B4F2C500B901C9 /* SingletonB.m in Sources */,
				4EB2191017B4F30D00B901C9 /* SingletonsChainAssembly.m in Sources */,
				4E08794717B6762E004B86C9 /* NotSingletonA.m in Sources */,
				BA79803EFC77C1B3302F2A2D /* TyphoonPatcherTests.m in Sources */,
				46877CFA17D70B5900910D6A /* TyphoonParameterInjectedAsCollectionTests.m in Sources */,
				4E47A45817D8E1C700F967CA /* PrototypeInitInjected.m in Sources */,
				4E47A45D17D8E1DC00F967CA /* PrototypePropertyInjected.m in Sources */,
			);
			runOnlyForDeploymentPostprocessing = 0;
		};
		4B841482179B0E5200916BF5 /* Sources */ = {
			isa = PBXSourcesBuildPhase;
			buildActionMask = 2147483647;
			files = (
				4B8414EA179B0EA600916BF5 /* ClassWithCollectionProperties.m in Sources */,
				4B8414EC179B0EA600916BF5 /* TyphoonPropertyInjectedAsCollectionTests.m in Sources */,
				4B8414EE179B0EA600916BF5 /* TyphoonDefinitionTests.m in Sources */,
				4B8414F0179B0EA600916BF5 /* CircularDependenciesAssembly.m in Sources */,
				4B8414F2179B0EA600916BF5 /* ExceptionTestAssembly.m in Sources */,
				4B8414F4179B0EA600916BF5 /* MiddleAgesAssembly.m in Sources */,
				4B8414F6179B0EA600916BF5 /* TyphoonBlockComponentFactoryTests.m in Sources */,
				4B8414F8179B0EA600916BF5 /* TyphoonPropertyPlaceholderConfigurerTests.m in Sources */,
				4B8414FA179B0EA600916BF5 /* TyphoonSharedComponentFactoryTests.m in Sources */,
				4B8414FC179B0EA600916BF5 /* TyphoonComponentFactory+InstanceBuilderTests.m in Sources */,
				4B8414FE179B0EA600916BF5 /* TyphoonComponentFactoryTests.m in Sources */,
				4B841500179B0EA600916BF5 /* RXMLElement+XmlComponentFactoryTests.m in Sources */,
				4B841502179B0EA600916BF5 /* TyphoonXmlComponentFactoryTests.m in Sources */,
				4B841504179B0EA600916BF5 /* AutoWiringKnight.m in Sources */,
				4B841506179B0EA600916BF5 /* AutoWiringSubClassedKnight.m in Sources */,
				4B841508179B0EA600916BF5 /* CampaignQuest.m in Sources */,
				4B84150A179B0EA600916BF5 /* CavalryMan.m in Sources */,
				4B84150C179B0EA600916BF5 /* Champion.m in Sources */,
				4B84150E179B0EA600916BF5 /* ClassADependsOnB.m in Sources */,
				4B841510179B0EA600916BF5 /* ClassBDependsOnA.m in Sources */,
				4B841512179B0EA600916BF5 /* ClassCDependsOnDAndE.m in Sources */,
				4B841514179B0EA600916BF5 /* ClassDDependsOnC.m in Sources */,
				4B06338C17D29240009CDBD6 /* TyphoonAssemblySelectorAdviserTests.m in Sources */,
				4B841516179B0EA600916BF5 /* ClassEDependsOnC.m in Sources */,
				4B0633A517D29402009CDBD6 /* InjectionAwareAssembly.m in Sources */,
				4B841518179B0EA600916BF5 /* Sword.m in Sources */,
				4B84151A179B0EA600916BF5 /* SwordFactory.m in Sources */,
				4B84151C179B0EA600916BF5 /* Knight.m in Sources */,
				4B84152E179B0EA600916BF5 /* TyphoonPassthroughTypeConverterTests.m in Sources */,
				4B841530179B0EA600916BF5 /* TyphoonPrimitiveTypeConverterTests.m in Sources */,
				4B841532179B0EA600916BF5 /* TyphoonTypeConverterRegistryTests.m in Sources */,
				4B841534179B0EA600916BF5 /* TyphoonTypeDescriptorTests.m in Sources */,
				4B0633AB17D29402009CDBD6 /* TyphoonInjectionAwareTests.m in Sources */,
				4B841536179B0EA600916BF5 /* TyphoonBundleResourceTests.m in Sources */,
				4BE1AA5017A5876E00FE2DA1 /* UnsatisfiableClassFDependsOnGInInitializer.m in Sources */,
				4BE1AA5517A5885300FE2DA1 /* UnsatisfiableClassGDependsOnFInInitializer.m in Sources */,
				4B0633A817D29402009CDBD6 /* InjectionAwareObject.m in Sources */,
				4EB2190617B4F2C500B901C9 /* SingletonA.m in Sources */,
				4EB2190917B4F2C500B901C9 /* SingletonB.m in Sources */,
				4EB2191117B4F30D00B901C9 /* SingletonsChainAssembly.m in Sources */,
				4E08794817B6762E004B86C9 /* NotSingletonA.m in Sources */,
				BA7989308BE79C6CC6B97898 /* TyphoonPatcherTests.m in Sources */,
				46877CFB17D70B5900910D6A /* TyphoonParameterInjectedAsCollectionTests.m in Sources */,
				4E47A45917D8E1C700F967CA /* PrototypeInitInjected.m in Sources */,
				4E47A45E17D8E1DC00F967CA /* PrototypePropertyInjected.m in Sources */,
			);
			runOnlyForDeploymentPostprocessing = 0;
		};
		4BC648C117A20AD2007F0463 /* Sources */ = {
			isa = PBXSourcesBuildPhase;
			buildActionMask = 2147483647;
			files = (
				4BC648C217A20AD2007F0463 /* ClassWithCollectionProperties.m in Sources */,
				4BC648C317A20AD2007F0463 /* TyphoonPropertyInjectedAsCollectionTests.m in Sources */,
				4BC648C417A20AD2007F0463 /* TyphoonDefinitionTests.m in Sources */,
				4BC648C517A20AD2007F0463 /* CircularDependenciesAssembly.m in Sources */,
				4BC648C617A20AD2007F0463 /* ExceptionTestAssembly.m in Sources */,
				4BC648C717A20AD2007F0463 /* MiddleAgesAssembly.m in Sources */,
				4BC648C817A20AD2007F0463 /* TyphoonBlockComponentFactoryTests.m in Sources */,
				4BC648C917A20AD2007F0463 /* TyphoonPropertyPlaceholderConfigurerTests.m in Sources */,
				4BC648CA17A20AD2007F0463 /* TyphoonSharedComponentFactoryTests.m in Sources */,
				4BC648CB17A20AD2007F0463 /* TyphoonComponentFactory+InstanceBuilderTests.m in Sources */,
				4BC648CC17A20AD2007F0463 /* TyphoonComponentFactoryTests.m in Sources */,
				4BC648CD17A20AD2007F0463 /* RXMLElement+XmlComponentFactoryTests.m in Sources */,
				4BC648CE17A20AD2007F0463 /* TyphoonXmlComponentFactoryTests.m in Sources */,
				4BC648CF17A20AD2007F0463 /* AutoWiringKnight.m in Sources */,
				4BC648D017A20AD2007F0463 /* AutoWiringSubClassedKnight.m in Sources */,
				4BC648D117A20AD2007F0463 /* CampaignQuest.m in Sources */,
				4BC648D217A20AD2007F0463 /* CavalryMan.m in Sources */,
				4BC648D317A20AD2007F0463 /* Champion.m in Sources */,
				4BC648D417A20AD2007F0463 /* ClassADependsOnB.m in Sources */,
				4BC648D517A20AD2007F0463 /* ClassBDependsOnA.m in Sources */,
				4BC648D617A20AD2007F0463 /* ClassCDependsOnDAndE.m in Sources */,
				4BC648D717A20AD2007F0463 /* ClassDDependsOnC.m in Sources */,
				4B06338D17D29240009CDBD6 /* TyphoonAssemblySelectorAdviserTests.m in Sources */,
				4BC648D817A20AD2007F0463 /* ClassEDependsOnC.m in Sources */,
				4B0633A617D29402009CDBD6 /* InjectionAwareAssembly.m in Sources */,
				4BC648D917A20AD2007F0463 /* Sword.m in Sources */,
				4BC648DA17A20AD2007F0463 /* SwordFactory.m in Sources */,
				4BC648DB17A20AD2007F0463 /* Knight.m in Sources */,
				4BC648DC17A20AD2007F0463 /* TyphoonPassthroughTypeConverterTests.m in Sources */,
				4BC648DD17A20AD2007F0463 /* TyphoonPrimitiveTypeConverterTests.m in Sources */,
				4BC648DE17A20AD2007F0463 /* TyphoonTypeConverterRegistryTests.m in Sources */,
				4BC648DF17A20AD2007F0463 /* TyphoonTypeDescriptorTests.m in Sources */,
				4B0633AC17D29402009CDBD6 /* TyphoonInjectionAwareTests.m in Sources */,
				4BC648E017A20AD2007F0463 /* TyphoonBundleResourceTests.m in Sources */,
				4BE1AA5117A5876E00FE2DA1 /* UnsatisfiableClassFDependsOnGInInitializer.m in Sources */,
				4BE1AA5617A5885300FE2DA1 /* UnsatisfiableClassGDependsOnFInInitializer.m in Sources */,
				4B0633A917D29402009CDBD6 /* InjectionAwareObject.m in Sources */,
				4EB2190717B4F2C500B901C9 /* SingletonA.m in Sources */,
				4EB2190A17B4F2C500B901C9 /* SingletonB.m in Sources */,
				4EB2191217B4F30D00B901C9 /* SingletonsChainAssembly.m in Sources */,
				4E08794917B6762E004B86C9 /* NotSingletonA.m in Sources */,
				BA7983795CF47CB07A5810B0 /* TyphoonPatcherTests.m in Sources */,
				46877CFC17D70B5900910D6A /* TyphoonParameterInjectedAsCollectionTests.m in Sources */,
				4E47A45A17D8E1C700F967CA /* PrototypeInitInjected.m in Sources */,
				4E47A45F17D8E1DC00F967CA /* PrototypePropertyInjected.m in Sources */,
			);
			runOnlyForDeploymentPostprocessing = 0;
		};
/* End PBXSourcesBuildPhase section */

/* Begin PBXTargetDependency section */
		4B9685A917D275CA00E69723 /* PBXTargetDependency */ = {
			isa = PBXTargetDependency;
			target = 4B9685A117D26E8200E69723 /* pod update */;
			targetProxy = 4B9685A817D275CA00E69723 /* PBXContainerItemProxy */;
		};
		4B9685AB17D275CD00E69723 /* PBXTargetDependency */ = {
			isa = PBXTargetDependency;
			target = 4B9685A117D26E8200E69723 /* pod update */;
			targetProxy = 4B9685AA17D275CD00E69723 /* PBXContainerItemProxy */;
		};
		4B9685AD17D275D000E69723 /* PBXTargetDependency */ = {
			isa = PBXTargetDependency;
			target = 4B9685A117D26E8200E69723 /* pod update */;
			targetProxy = 4B9685AC17D275D000E69723 /* PBXContainerItemProxy */;
		};
/* End PBXTargetDependency section */

/* Begin XCBuildConfiguration section */
		4B841465179B0E1B00916BF5 /* Debug */ = {
			isa = XCBuildConfiguration;
			buildSettings = {
				GCC_GENERATE_TEST_COVERAGE_FILES = YES;
				GCC_INSTRUMENT_PROGRAM_FLOW_ARCS = YES;
			};
			name = Debug;
		};
		4B841466179B0E1B00916BF5 /* Release */ = {
			isa = XCBuildConfiguration;
			buildSettings = {
				GCC_GENERATE_TEST_COVERAGE_FILES = YES;
				GCC_INSTRUMENT_PROGRAM_FLOW_ARCS = YES;
			};
			name = Release;
		};
		4B841480179B0E3900916BF5 /* Debug */ = {
			isa = XCBuildConfiguration;
			baseConfigurationReference = 159D62E0E7314B4D9C0B9CC1 /* Pods-iOS Tests (Cocoapods).xcconfig */;
			buildSettings = {
				ALWAYS_SEARCH_USER_PATHS = NO;
				CLANG_CXX_LANGUAGE_STANDARD = "gnu++0x";
				CLANG_CXX_LIBRARY = "libc++";
				CLANG_ENABLE_OBJC_ARC = YES;
				CLANG_WARN_CONSTANT_CONVERSION = YES;
				CLANG_WARN_EMPTY_BODY = YES;
				CLANG_WARN_ENUM_CONVERSION = YES;
				CLANG_WARN_INT_CONVERSION = YES;
				CLANG_WARN__DUPLICATE_METHOD_MATCH = YES;
				COPY_PHASE_STRIP = NO;
				FRAMEWORK_SEARCH_PATHS = (
					"\"$(SDKROOT)/Developer/Library/Frameworks\"",
					"\"$(DEVELOPER_LIBRARY_DIR)/Frameworks\"",
				);
				GCC_C_LANGUAGE_STANDARD = gnu99;
				GCC_DYNAMIC_NO_PIC = NO;
				GCC_GENERATE_TEST_COVERAGE_FILES = YES;
				GCC_INSTRUMENT_PROGRAM_FLOW_ARCS = YES;
				GCC_OPTIMIZATION_LEVEL = 0;
				GCC_PRECOMPILE_PREFIX_HEADER = YES;
				GCC_PREFIX_HEADER = "Tests-Prefix.pch";
				GCC_PREPROCESSOR_DEFINITIONS = (
					"DEBUG=1",
					"$(inherited)",
				);
				GCC_SYMBOLS_PRIVATE_EXTERN = NO;
				GCC_WARN_ABOUT_RETURN_TYPE = YES;
				GCC_WARN_UNINITIALIZED_AUTOS = YES;
				GCC_WARN_UNUSED_VARIABLE = YES;
				INFOPLIST_FILE = "Tests-Info.plist";
				IPHONEOS_DEPLOYMENT_TARGET = 6.1;
				ONLY_ACTIVE_ARCH = NO;
				PRODUCT_NAME = "$(TARGET_NAME)";
				SDKROOT = iphoneos;
				VALID_ARCHS = "armv7 armv7s i386 x86_4";
				WRAPPER_EXTENSION = octest;
			};
			name = Debug;
		};
		4B841481179B0E3900916BF5 /* Release */ = {
			isa = XCBuildConfiguration;
			baseConfigurationReference = 159D62E0E7314B4D9C0B9CC1 /* Pods-iOS Tests (Cocoapods).xcconfig */;
			buildSettings = {
				ALWAYS_SEARCH_USER_PATHS = NO;
				CLANG_CXX_LANGUAGE_STANDARD = "gnu++0x";
				CLANG_CXX_LIBRARY = "libc++";
				CLANG_ENABLE_OBJC_ARC = YES;
				CLANG_WARN_CONSTANT_CONVERSION = YES;
				CLANG_WARN_EMPTY_BODY = YES;
				CLANG_WARN_ENUM_CONVERSION = YES;
				CLANG_WARN_INT_CONVERSION = YES;
				CLANG_WARN__DUPLICATE_METHOD_MATCH = YES;
				COPY_PHASE_STRIP = YES;
				FRAMEWORK_SEARCH_PATHS = (
					"\"$(SDKROOT)/Developer/Library/Frameworks\"",
					"\"$(DEVELOPER_LIBRARY_DIR)/Frameworks\"",
				);
				GCC_C_LANGUAGE_STANDARD = gnu99;
				GCC_GENERATE_TEST_COVERAGE_FILES = YES;
				GCC_INSTRUMENT_PROGRAM_FLOW_ARCS = YES;
				GCC_PRECOMPILE_PREFIX_HEADER = YES;
				GCC_PREFIX_HEADER = "Tests-Prefix.pch";
				GCC_WARN_ABOUT_RETURN_TYPE = YES;
				GCC_WARN_UNINITIALIZED_AUTOS = YES;
				GCC_WARN_UNUSED_VARIABLE = YES;
				INFOPLIST_FILE = "Tests-Info.plist";
				IPHONEOS_DEPLOYMENT_TARGET = 6.1;
				PRODUCT_NAME = "$(TARGET_NAME)";
				SDKROOT = iphoneos;
				VALIDATE_PRODUCT = YES;
				VALID_ARCHS = "armv7 armv7s i386 x86_4";
				WRAPPER_EXTENSION = octest;
			};
			name = Release;
		};
		4B84149A179B0E5200916BF5 /* Debug */ = {
			isa = XCBuildConfiguration;
			baseConfigurationReference = 272E8645AA624C0897EA4CF6 /* Pods-osx.xcconfig */;
			buildSettings = {
				ALWAYS_SEARCH_USER_PATHS = NO;
				ARCHS = "$(ARCHS_STANDARD_64_BIT)";
				CLANG_CXX_LANGUAGE_STANDARD = "gnu++0x";
				CLANG_CXX_LIBRARY = "libc++";
				CLANG_ENABLE_OBJC_ARC = YES;
				CLANG_WARN_CONSTANT_CONVERSION = YES;
				CLANG_WARN_EMPTY_BODY = YES;
				CLANG_WARN_ENUM_CONVERSION = YES;
				CLANG_WARN_INT_CONVERSION = YES;
				CLANG_WARN__DUPLICATE_METHOD_MATCH = YES;
				COMBINE_HIDPI_IMAGES = YES;
				COPY_PHASE_STRIP = NO;
				FRAMEWORK_SEARCH_PATHS = "\"$(DEVELOPER_LIBRARY_DIR)/Frameworks\"";
				GCC_C_LANGUAGE_STANDARD = gnu99;
				GCC_DYNAMIC_NO_PIC = NO;
				GCC_ENABLE_OBJC_EXCEPTIONS = YES;
				GCC_GENERATE_TEST_COVERAGE_FILES = YES;
				GCC_INSTRUMENT_PROGRAM_FLOW_ARCS = YES;
				GCC_OPTIMIZATION_LEVEL = 0;
				GCC_PRECOMPILE_PREFIX_HEADER = YES;
				GCC_PREFIX_HEADER = "Tests-Prefix.pch";
				GCC_PREPROCESSOR_DEFINITIONS = (
					"DEBUG=1",
					"$(inherited)",
				);
				GCC_SYMBOLS_PRIVATE_EXTERN = NO;
				GCC_WARN_64_TO_32_BIT_CONVERSION = YES;
				GCC_WARN_ABOUT_RETURN_TYPE = YES;
				GCC_WARN_UNINITIALIZED_AUTOS = YES;
				GCC_WARN_UNUSED_VARIABLE = YES;
				INFOPLIST_FILE = "Tests-Info.plist";
				MACOSX_DEPLOYMENT_TARGET = 10.8;
				ONLY_ACTIVE_ARCH = YES;
				PRODUCT_NAME = "$(TARGET_NAME)";
				SDKROOT = macosx;
				WRAPPER_EXTENSION = octest;
			};
			name = Debug;
		};
		4B84149B179B0E5200916BF5 /* Release */ = {
			isa = XCBuildConfiguration;
			baseConfigurationReference = 272E8645AA624C0897EA4CF6 /* Pods-osx.xcconfig */;
			buildSettings = {
				ALWAYS_SEARCH_USER_PATHS = NO;
				ARCHS = "$(ARCHS_STANDARD_64_BIT)";
				CLANG_CXX_LANGUAGE_STANDARD = "gnu++0x";
				CLANG_CXX_LIBRARY = "libc++";
				CLANG_ENABLE_OBJC_ARC = YES;
				CLANG_WARN_CONSTANT_CONVERSION = YES;
				CLANG_WARN_EMPTY_BODY = YES;
				CLANG_WARN_ENUM_CONVERSION = YES;
				CLANG_WARN_INT_CONVERSION = YES;
				CLANG_WARN__DUPLICATE_METHOD_MATCH = YES;
				COMBINE_HIDPI_IMAGES = YES;
				COPY_PHASE_STRIP = YES;
				DEBUG_INFORMATION_FORMAT = "dwarf-with-dsym";
				FRAMEWORK_SEARCH_PATHS = "\"$(DEVELOPER_LIBRARY_DIR)/Frameworks\"";
				GCC_C_LANGUAGE_STANDARD = gnu99;
				GCC_ENABLE_OBJC_EXCEPTIONS = YES;
				GCC_GENERATE_TEST_COVERAGE_FILES = YES;
				GCC_INSTRUMENT_PROGRAM_FLOW_ARCS = YES;
				GCC_PRECOMPILE_PREFIX_HEADER = YES;
				GCC_PREFIX_HEADER = "Tests-Prefix.pch";
				GCC_WARN_64_TO_32_BIT_CONVERSION = YES;
				GCC_WARN_ABOUT_RETURN_TYPE = YES;
				GCC_WARN_UNINITIALIZED_AUTOS = YES;
				GCC_WARN_UNUSED_VARIABLE = YES;
				INFOPLIST_FILE = "Tests-Info.plist";
				MACOSX_DEPLOYMENT_TARGET = 10.8;
				PRODUCT_NAME = "$(TARGET_NAME)";
				SDKROOT = macosx;
				WRAPPER_EXTENSION = octest;
			};
			name = Release;
		};
		4B9685A517D26E8300E69723 /* Debug */ = {
			isa = XCBuildConfiguration;
			buildSettings = {
				PRODUCT_NAME = "$(TARGET_NAME)";
			};
			name = Debug;
		};
		4B9685A617D26E8300E69723 /* Release */ = {
			isa = XCBuildConfiguration;
			buildSettings = {
				PRODUCT_NAME = "$(TARGET_NAME)";
			};
			name = Release;
		};
		4BC648F117A20AD2007F0463 /* Debug */ = {
			isa = XCBuildConfiguration;
			baseConfigurationReference = B1C044F0F19E4B448A36BEFB /* Pods-ios.xcconfig */;
			buildSettings = {
				CLANG_CXX_LANGUAGE_STANDARD = "gnu++0x";
				CLANG_CXX_LIBRARY = "libc++";
				CLANG_ENABLE_OBJC_ARC = YES;
				CLANG_WARN_CONSTANT_CONVERSION = YES;
				CLANG_WARN_EMPTY_BODY = YES;
				CLANG_WARN_ENUM_CONVERSION = YES;
				CLANG_WARN_INT_CONVERSION = YES;
				CLANG_WARN__DUPLICATE_METHOD_MATCH = YES;
				COPY_PHASE_STRIP = NO;
				FRAMEWORK_SEARCH_PATHS = (
					"\"$(SDKROOT)/Developer/Library/Frameworks\"",
					"\"$(DEVELOPER_LIBRARY_DIR)/Frameworks\"",
				);
				GCC_C_LANGUAGE_STANDARD = gnu99;
				GCC_DYNAMIC_NO_PIC = NO;
				GCC_GENERATE_TEST_COVERAGE_FILES = YES;
				GCC_INSTRUMENT_PROGRAM_FLOW_ARCS = YES;
				GCC_OPTIMIZATION_LEVEL = 0;
				GCC_PRECOMPILE_PREFIX_HEADER = YES;
				GCC_PREFIX_HEADER = "Tests-Prefix.pch";
				GCC_PREPROCESSOR_DEFINITIONS = (
					"DEBUG=1",
					"$(inherited)",
				);
				GCC_SYMBOLS_PRIVATE_EXTERN = NO;
				GCC_WARN_ABOUT_RETURN_TYPE = YES;
				GCC_WARN_UNINITIALIZED_AUTOS = YES;
				GCC_WARN_UNUSED_VARIABLE = YES;
				HEADER_SEARCH_PATHS = (
					"\"${PODS_ROOT}/Headers\"",
					"\"${PODS_ROOT}/Headers/OCHamcrest\"",
					"\"${PODS_ROOT}/Headers/OCMockito\"",
					"\"${PODS_ROOT}/Headers/Typhoon\"",
					"${SDKROOT}/usr/include/libxml2",
					"$(inherited)",
				);
				INFOPLIST_FILE = "Tests-Info.plist";
				IPHONEOS_DEPLOYMENT_TARGET = 6.1;
				ONLY_ACTIVE_ARCH = NO;
				OTHER_LDFLAGS = (
					"-ObjC",
					"-lxml2",
					"$(inherited)",
				);
				PRODUCT_NAME = "$(TARGET_NAME)";
				SDKROOT = iphoneos;
				USER_HEADER_SEARCH_PATHS = "\"${PROJECT_DIR}/Tests/Pods\"/**";
				VALID_ARCHS = "armv7 armv7s i386 x86_4";
				WRAPPER_EXTENSION = octest;
			};
			name = Debug;
		};
		4BC648F217A20AD2007F0463 /* Release */ = {
			isa = XCBuildConfiguration;
			baseConfigurationReference = B1C044F0F19E4B448A36BEFB /* Pods-ios.xcconfig */;
			buildSettings = {
				CLANG_CXX_LANGUAGE_STANDARD = "gnu++0x";
				CLANG_CXX_LIBRARY = "libc++";
				CLANG_ENABLE_OBJC_ARC = YES;
				CLANG_WARN_CONSTANT_CONVERSION = YES;
				CLANG_WARN_EMPTY_BODY = YES;
				CLANG_WARN_ENUM_CONVERSION = YES;
				CLANG_WARN_INT_CONVERSION = YES;
				CLANG_WARN__DUPLICATE_METHOD_MATCH = YES;
				COPY_PHASE_STRIP = YES;
				FRAMEWORK_SEARCH_PATHS = (
					"\"$(SDKROOT)/Developer/Library/Frameworks\"",
					"\"$(DEVELOPER_LIBRARY_DIR)/Frameworks\"",
				);
				GCC_C_LANGUAGE_STANDARD = gnu99;
				GCC_GENERATE_TEST_COVERAGE_FILES = YES;
				GCC_INSTRUMENT_PROGRAM_FLOW_ARCS = YES;
				GCC_PRECOMPILE_PREFIX_HEADER = YES;
				GCC_PREFIX_HEADER = "Tests-Prefix.pch";
				GCC_WARN_ABOUT_RETURN_TYPE = YES;
				GCC_WARN_UNINITIALIZED_AUTOS = YES;
				GCC_WARN_UNUSED_VARIABLE = YES;
				HEADER_SEARCH_PATHS = (
					"\"${PODS_ROOT}/Headers\"",
					"\"${PODS_ROOT}/Headers/OCHamcrest\"",
					"\"${PODS_ROOT}/Headers/OCMockito\"",
					"\"${PODS_ROOT}/Headers/Typhoon\"",
					"${SDKROOT}/usr/include/libxml2",
					"$(inherited)",
				);
				INFOPLIST_FILE = "Tests-Info.plist";
				IPHONEOS_DEPLOYMENT_TARGET = 6.1;
				OTHER_LDFLAGS = (
					"-ObjC",
					"-lxml2",
					"$(inherited)",
				);
				PRODUCT_NAME = "$(TARGET_NAME)";
				SDKROOT = iphoneos;
				USER_HEADER_SEARCH_PATHS = "\"${PROJECT_DIR}/Tests/Pods\"/**";
				VALIDATE_PRODUCT = YES;
				VALID_ARCHS = "armv7 armv7s i386 x86_4";
				WRAPPER_EXTENSION = octest;
			};
			name = Release;
		};
/* End XCBuildConfiguration section */

/* Begin XCConfigurationList section */
		4B841464179B0E1B00916BF5 /* Build configuration list for PBXProject "Tests" */ = {
			isa = XCConfigurationList;
			buildConfigurations = (
				4B841465179B0E1B00916BF5 /* Debug */,
				4B841466179B0E1B00916BF5 /* Release */,
			);
			defaultConfigurationIsVisible = 0;
			defaultConfigurationName = Release;
		};
		4B84147F179B0E3900916BF5 /* Build configuration list for PBXNativeTarget "iOS Tests (Cocoapods)" */ = {
			isa = XCConfigurationList;
			buildConfigurations = (
				4B841480179B0E3900916BF5 /* Debug */,
				4B841481179B0E3900916BF5 /* Release */,
			);
			defaultConfigurationIsVisible = 0;
			defaultConfigurationName = Release;
		};
		4B841499179B0E5200916BF5 /* Build configuration list for PBXNativeTarget "OS X Tests (Cocoapods)" */ = {
			isa = XCConfigurationList;
			buildConfigurations = (
				4B84149A179B0E5200916BF5 /* Debug */,
				4B84149B179B0E5200916BF5 /* Release */,
			);
			defaultConfigurationIsVisible = 0;
			defaultConfigurationName = Release;
		};
		4B9685A417D26E8300E69723 /* Build configuration list for PBXAggregateTarget "pod update" */ = {
			isa = XCConfigurationList;
			buildConfigurations = (
				4B9685A517D26E8300E69723 /* Debug */,
				4B9685A617D26E8300E69723 /* Release */,
			);
			defaultConfigurationIsVisible = 0;
			defaultConfigurationName = Release;
		};
		4BC648F017A20AD2007F0463 /* Build configuration list for PBXNativeTarget "iOS Tests (Static Library)" */ = {
			isa = XCConfigurationList;
			buildConfigurations = (
				4BC648F117A20AD2007F0463 /* Debug */,
				4BC648F217A20AD2007F0463 /* Release */,
			);
			defaultConfigurationIsVisible = 0;
			defaultConfigurationName = Release;
		};
/* End XCConfigurationList section */
	};
	rootObject = 4B841461179B0E1B00916BF5 /* Project object */;
}
